// !$*UTF8*$!
{
	archiveVersion = 1;
	classes = {
	};
	objectVersion = 46;
	objects = {

/* Begin PBXBuildFile section */
		D6DEB8E32042958B0070F1A4 /* main.m in Sources */ = {isa = PBXBuildFile; fileRef = D6DEB8E22042958B0070F1A4 /* main.m */; };
		D6DEB8E62042958B0070F1A4 /* AppDelegate.m in Sources */ = {isa = PBXBuildFile; fileRef = D6DEB8E52042958B0070F1A4 /* AppDelegate.m */; };
		D6DEB8EC2042958B0070F1A4 /* Main.storyboard in Resources */ = {isa = PBXBuildFile; fileRef = D6DEB8EA2042958B0070F1A4 /* Main.storyboard */; };
		D6DEB8EE2042958B0070F1A4 /* Assets.xcassets in Resources */ = {isa = PBXBuildFile; fileRef = D6DEB8ED2042958B0070F1A4 /* Assets.xcassets */; };
		D6DEB8F12042958B0070F1A4 /* LaunchScreen.storyboard in Resources */ = {isa = PBXBuildFile; fileRef = D6DEB8EF2042958B0070F1A4 /* LaunchScreen.storyboard */; };
		D6DEB9172042F6E50070F1A4 /* XZViewController.m in Sources */ = {isa = PBXBuildFile; fileRef = D6DEB9162042F6E50070F1A4 /* XZViewController.m */; };
		D6DEB91A2042F7370070F1A4 /* XZPointParticleEffect.m in Sources */ = {isa = PBXBuildFile; fileRef = D6DEB9192042F7370070F1A4 /* XZPointParticleEffect.m */; };
		D6DEB91D2042F7540070F1A4 /* XZVertexAttribArrayBuffer.m in Sources */ = {isa = PBXBuildFile; fileRef = D6DEB91C2042F7540070F1A4 /* XZVertexAttribArrayBuffer.m */; };
		D6DEB91F2042F7700070F1A4 /* XZPointParticleShader.vsh in Resources */ = {isa = PBXBuildFile; fileRef = D6DEB91E2042F7700070F1A4 /* XZPointParticleShader.vsh */; };
		D6DEB9212042F77E0070F1A4 /* XZPointParticleShader.fsh in Resources */ = {isa = PBXBuildFile; fileRef = D6DEB9202042F77E0070F1A4 /* XZPointParticleShader.fsh */; };
		D6DEB923204433210070F1A4 /* ball.png in Resources */ = {isa = PBXBuildFile; fileRef = D6DEB922204433210070F1A4 /* ball.png */; };
/* End PBXBuildFile section */

/* Begin PBXFileReference section */
		D6DEB8DE2042958B0070F1A4 /* OpenGLES_粒子系统.app */ = {isa = PBXFileReference; explicitFileType = wrapper.application; includeInIndex = 0; path = "OpenGLES_粒子系统.app"; sourceTree = BUILT_PRODUCTS_DIR; };
		D6DEB8E22042958B0070F1A4 /* main.m */ = {isa = PBXFileReference; lastKnownFileType = sourcecode.c.objc; path = main.m; sourceTree = "<group>"; };
		D6DEB8E42042958B0070F1A4 /* AppDelegate.h */ = {isa = PBXFileReference; lastKnownFileType = sourcecode.c.h; path = AppDelegate.h; sourceTree = "<group>"; };
		D6DEB8E52042958B0070F1A4 /* AppDelegate.m */ = {isa = PBXFileReference; lastKnownFileType = sourcecode.c.objc; path = AppDelegate.m; sourceTree = "<group>"; };
		D6DEB8EB2042958B0070F1A4 /* Base */ = {isa = PBXFileReference; lastKnownFileType = file.storyboard; name = Base; path = Base.lproj/Main.storyboard; sourceTree = "<group>"; };
		D6DEB8ED2042958B0070F1A4 /* Assets.xcassets */ = {isa = PBXFileReference; lastKnownFileType = folder.assetcatalog; path = Assets.xcassets; sourceTree = "<group>"; };
		D6DEB8F02042958B0070F1A4 /* Base */ = {isa = PBXFileReference; lastKnownFileType = file.storyboard; name = Base; path = Base.lproj/LaunchScreen.storyboard; sourceTree = "<group>"; };
		D6DEB8F22042958B0070F1A4 /* Info.plist */ = {isa = PBXFileReference; lastKnownFileType = text.plist.xml; path = Info.plist; sourceTree = "<group>"; };
		D6DEB9152042F6E50070F1A4 /* XZViewController.h */ = {isa = PBXFileReference; fileEncoding = 4; lastKnownFileType = sourcecode.c.h; path = XZViewController.h; sourceTree = "<group>"; };
		D6DEB9162042F6E50070F1A4 /* XZViewController.m */ = {isa = PBXFileReference; fileEncoding = 4; lastKnownFileType = sourcecode.c.objc; path = XZViewController.m; sourceTree = "<group>"; };
		D6DEB9182042F7370070F1A4 /* XZPointParticleEffect.h */ = {isa = PBXFileReference; fileEncoding = 4; lastKnownFileType = sourcecode.c.h; path = XZPointParticleEffect.h; sourceTree = "<group>"; };
		D6DEB9192042F7370070F1A4 /* XZPointParticleEffect.m */ = {isa = PBXFileReference; fileEncoding = 4; lastKnownFileType = sourcecode.c.objc; path = XZPointParticleEffect.m; sourceTree = "<group>"; };
		D6DEB91B2042F7540070F1A4 /* XZVertexAttribArrayBuffer.h */ = {isa = PBXFileReference; fileEncoding = 4; lastKnownFileType = sourcecode.c.h; path = XZVertexAttribArrayBuffer.h; sourceTree = "<group>"; };
		D6DEB91C2042F7540070F1A4 /* XZVertexAttribArrayBuffer.m */ = {isa = PBXFileReference; fileEncoding = 4; lastKnownFileType = sourcecode.c.objc; path = XZVertexAttribArrayBuffer.m; sourceTree = "<group>"; };
		D6DEB91E2042F7700070F1A4 /* XZPointParticleShader.vsh */ = {isa = PBXFileReference; fileEncoding = 4; lastKnownFileType = sourcecode.glsl; path = XZPointParticleShader.vsh; sourceTree = "<group>"; };
		D6DEB9202042F77E0070F1A4 /* XZPointParticleShader.fsh */ = {isa = PBXFileReference; fileEncoding = 4; lastKnownFileType = sourcecode.glsl; path = XZPointParticleShader.fsh; sourceTree = "<group>"; };
		D6DEB922204433210070F1A4 /* ball.png */ = {isa = PBXFileReference; lastKnownFileType = image.png; path = ball.png; sourceTree = "<group>"; };
/* End PBXFileReference section */

/* Begin PBXFrameworksBuildPhase section */
		D6DEB8DB2042958B0070F1A4 /* Frameworks */ = {
			isa = PBXFrameworksBuildPhase;
			buildActionMask = 2147483647;
			files = (
			);
			runOnlyForDeploymentPostprocessing = 0;
		};
/* End PBXFrameworksBuildPhase section */

/* Begin PBXGroup section */
		D6DEB8D52042958B0070F1A4 = {
			isa = PBXGroup;
			children = (
				D6DEB8E02042958B0070F1A4 /* OpenGLES_粒子系统 */,
				D6DEB8DF2042958B0070F1A4 /* Products */,
			);
			sourceTree = "<group>";
		};
		D6DEB8DF2042958B0070F1A4 /* Products */ = {
			isa = PBXGroup;
			children = (
				D6DEB8DE2042958B0070F1A4 /* OpenGLES_粒子系统.app */,
			);
			name = Products;
			sourceTree = "<group>";
		};
		D6DEB8E02042958B0070F1A4 /* OpenGLES_粒子系统 */ = {
			isa = PBXGroup;
			children = (
				D6DEB8E42042958B0070F1A4 /* AppDelegate.h */,
				D6DEB8E52042958B0070F1A4 /* AppDelegate.m */,
				D6DEB9152042F6E50070F1A4 /* XZViewController.h */,
				D6DEB9162042F6E50070F1A4 /* XZViewController.m */,
				D6DEB924204433260070F1A4 /* res */,
				D6DEB9142042F6B60070F1A4 /* Kit */,
				D6DEB8EA2042958B0070F1A4 /* Main.storyboard */,
				D6DEB8ED2042958B0070F1A4 /* Assets.xcassets */,
				D6DEB8EF2042958B0070F1A4 /* LaunchScreen.storyboard */,
				D6DEB8F22042958B0070F1A4 /* Info.plist */,
				D6DEB8E12042958B0070F1A4 /* Supporting Files */,
			);
			path = "OpenGLES_粒子系统";
			sourceTree = "<group>";
		};
		D6DEB8E12042958B0070F1A4 /* Supporting Files */ = {
			isa = PBXGroup;
			children = (
				D6DEB8E22042958B0070F1A4 /* main.m */,
			);
			name = "Supporting Files";
			sourceTree = "<group>";
		};
		D6DEB9142042F6B60070F1A4 /* Kit */ = {
			isa = PBXGroup;
			children = (
				D6DEB9182042F7370070F1A4 /* XZPointParticleEffect.h */,
				D6DEB9192042F7370070F1A4 /* XZPointParticleEffect.m */,
				D6DEB91B2042F7540070F1A4 /* XZVertexAttribArrayBuffer.h */,
				D6DEB91C2042F7540070F1A4 /* XZVertexAttribArrayBuffer.m */,
				D6DEB91E2042F7700070F1A4 /* XZPointParticleShader.vsh */,
				D6DEB9202042F77E0070F1A4 /* XZPointParticleShader.fsh */,
			);
			name = Kit;
			sourceTree = "<group>";
		};
		D6DEB924204433260070F1A4 /* res */ = {
			isa = PBXGroup;
			children = (
				D6DEB922204433210070F1A4 /* ball.png */,
			);
			name = res;
			sourceTree = "<group>";
		};
/* End PBXGroup section */

/* Begin PBXNativeTarget section */
		D6DEB8DD2042958B0070F1A4 /* OpenGLES_粒子系统 */ = {
			isa = PBXNativeTarget;
			buildConfigurationList = D6DEB90B2042958B0070F1A4 /* Build configuration list for PBXNativeTarget "OpenGLES_粒子系统" */;
			buildPhases = (
				D6DEB8DA2042958B0070F1A4 /* Sources */,
				D6DEB8DB2042958B0070F1A4 /* Frameworks */,
				D6DEB8DC2042958B0070F1A4 /* Resources */,
			);
			buildRules = (
			);
			dependencies = (
			);
			name = "OpenGLES_粒子系统";
			productName = "01 粒子系统";
			productReference = D6DEB8DE2042958B0070F1A4 /* OpenGLES_粒子系统.app */;
			productType = "com.apple.product-type.application";
		};
/* End PBXNativeTarget section */

/* Begin PBXProject section */
		D6DEB8D62042958B0070F1A4 /* Project object */ = {
			isa = PBXProject;
			attributes = {
				LastUpgradeCheck = 0830;
				ORGANIZATIONNAME = xyj;
				TargetAttributes = {
					D6DEB8DD2042958B0070F1A4 = {
						CreatedOnToolsVersion = 8.3.2;
						DevelopmentTeam = H6FNQWD7A9;
						ProvisioningStyle = Automatic;
					};
				};
			};
			buildConfigurationList = D6DEB8D92042958B0070F1A4 /* Build configuration list for PBXProject "OpenGLES_粒子系统" */;
			compatibilityVersion = "Xcode 3.2";
			developmentRegion = English;
			hasScannedForEncodings = 0;
			knownRegions = (
				English,
				en,
				Base,
			);
			mainGroup = D6DEB8D52042958B0070F1A4;
			productRefGroup = D6DEB8DF2042958B0070F1A4 /* Products */;
			projectDirPath = "";
			projectRoot = "";
			targets = (
				D6DEB8DD2042958B0070F1A4 /* OpenGLES_粒子系统 */,
			);
		};
/* End PBXProject section */

/* Begin PBXResourcesBuildPhase section */
		D6DEB8DC2042958B0070F1A4 /* Resources */ = {
			isa = PBXResourcesBuildPhase;
			buildActionMask = 2147483647;
			files = (
				D6DEB8F12042958B0070F1A4 /* LaunchScreen.storyboard in Resources */,
				D6DEB8EE2042958B0070F1A4 /* Assets.xcassets in Resources */,
				D6DEB923204433210070F1A4 /* ball.png in Resources */,
				D6DEB8EC2042958B0070F1A4 /* Main.storyboard in Resources */,
				D6DEB9212042F77E0070F1A4 /* XZPointParticleShader.fsh in Resources */,
				D6DEB91F2042F7700070F1A4 /* XZPointParticleShader.vsh in Resources */,
			);
			runOnlyForDeploymentPostprocessing = 0;
		};
/* End PBXResourcesBuildPhase section */

/* Begin PBXSourcesBuildPhase section */
		D6DEB8DA2042958B0070F1A4 /* Sources */ = {
			isa = PBXSourcesBuildPhase;
			buildActionMask = 2147483647;
			files = (
				D6DEB91D2042F7540070F1A4 /* XZVertexAttribArrayBuffer.m in Sources */,
				D6DEB8E62042958B0070F1A4 /* AppDelegate.m in Sources */,
				D6DEB8E32042958B0070F1A4 /* main.m in Sources */,
				D6DEB9172042F6E50070F1A4 /* XZViewController.m in Sources */,
				D6DEB91A2042F7370070F1A4 /* XZPointParticleEffect.m in Sources */,
			);
			runOnlyForDeploymentPostprocessing = 0;
		};
/* End PBXSourcesBuildPhase section */

/* Begin PBXVariantGroup section */
		D6DEB8EA2042958B0070F1A4 /* Main.storyboard */ = {
			isa = PBXVariantGroup;
			children = (
				D6DEB8EB2042958B0070F1A4 /* Base */,
			);
			name = Main.storyboard;
			sourceTree = "<group>";
		};
		D6DEB8EF2042958B0070F1A4 /* LaunchScreen.storyboard */ = {
			isa = PBXVariantGroup;
			children = (
				D6DEB8F02042958B0070F1A4 /* Base */,
			);
			name = LaunchScreen.storyboard;
			sourceTree = "<group>";
		};
/* End PBXVariantGroup section */

/* Begin XCBuildConfiguration section */
		D6DEB9092042958B0070F1A4 /* Debug */ = {
			isa = XCBuildConfiguration;
			buildSettings = {
				ALWAYS_SEARCH_USER_PATHS = NO;
				CLANG_ANALYZER_NONNULL = YES;
				CLANG_ANALYZER_NUMBER_OBJECT_CONVERSION = YES_AGGRESSIVE;
				CLANG_CXX_LANGUAGE_STANDARD = "gnu++0x";
				CLANG_CXX_LIBRARY = "libc++";
				CLANG_ENABLE_MODULES = YES;
				CLANG_ENABLE_OBJC_ARC = YES;
				CLANG_WARN_BOOL_CONVERSION = YES;
				CLANG_WARN_CONSTANT_CONVERSION = YES;
				CLANG_WARN_DIRECT_OBJC_ISA_USAGE = YES_ERROR;
				CLANG_WARN_DOCUMENTATION_COMMENTS = YES;
				CLANG_WARN_EMPTY_BODY = YES;
				CLANG_WARN_ENUM_CONVERSION = YES;
				CLANG_WARN_INFINITE_RECURSION = YES;
				CLANG_WARN_INT_CONVERSION = YES;
				CLANG_WARN_OBJC_ROOT_CLASS = YES_ERROR;
				CLANG_WARN_SUSPICIOUS_MOVE = YES;
				CLANG_WARN_UNREACHABLE_CODE = YES;
				CLANG_WARN__DUPLICATE_METHOD_MATCH = YES;
				"CODE_SIGN_IDENTITY[sdk=iphoneos*]" = "iPhone Developer";
				COPY_PHASE_STRIP = NO;
				DEBUG_INFORMATION_FORMAT = dwarf;
				ENABLE_STRICT_OBJC_MSGSEND = YES;
				ENABLE_TESTABILITY = YES;
				GCC_C_LANGUAGE_STANDARD = gnu99;
				GCC_DYNAMIC_NO_PIC = NO;
				GCC_NO_COMMON_BLOCKS = YES;
				GCC_OPTIMIZATION_LEVEL = 0;
				GCC_PREPROCESSOR_DEFINITIONS = (
					"DEBUG=1",
					"$(inherited)",
				);
				GCC_WARN_64_TO_32_BIT_CONVERSION = YES;
				GCC_WARN_ABOUT_RETURN_TYPE = YES_ERROR;
				GCC_WARN_UNDECLARED_SELECTOR = YES;
				GCC_WARN_UNINITIALIZED_AUTOS = YES_AGGRESSIVE;
				GCC_WARN_UNUSED_FUNCTION = YES;
				GCC_WARN_UNUSED_VARIABLE = YES;
				IPHONEOS_DEPLOYMENT_TARGET = 10.3;
				MTL_ENABLE_DEBUG_INFO = YES;
				ONLY_ACTIVE_ARCH = YES;
				SDKROOT = iphoneos;
				TARGETED_DEVICE_FAMILY = "1,2";
			};
			name = Debug;
		};
		D6DEB90A2042958B0070F1A4 /* Release */ = {
			isa = XCBuildConfiguration;
			buildSettings = {
				ALWAYS_SEARCH_USER_PATHS = NO;
				CLANG_ANALYZER_NONNULL = YES;
				CLANG_ANALYZER_NUMBER_OBJECT_CONVERSION = YES_AGGRESSIVE;
				CLANG_CXX_LANGUAGE_STANDARD = "gnu++0x";
				CLANG_CXX_LIBRARY = "libc++";
				CLANG_ENABLE_MODULES = YES;
				CLANG_ENABLE_OBJC_ARC = YES;
				CLANG_WARN_BOOL_CONVERSION = YES;
				CLANG_WARN_CONSTANT_CONVERSION = YES;
				CLANG_WARN_DIRECT_OBJC_ISA_USAGE = YES_ERROR;
				CLANG_WARN_DOCUMENTATION_COMMENTS = YES;
				CLANG_WARN_EMPTY_BODY = YES;
				CLANG_WARN_ENUM_CONVERSION = YES;
				CLANG_WARN_INFINITE_RECURSION = YES;
				CLANG_WARN_INT_CONVERSION = YES;
				CLANG_WARN_OBJC_ROOT_CLASS = YES_ERROR;
				CLANG_WARN_SUSPICIOUS_MOVE = YES;
				CLANG_WARN_UNREACHABLE_CODE = YES;
				CLANG_WARN__DUPLICATE_METHOD_MATCH = YES;
				"CODE_SIGN_IDENTITY[sdk=iphoneos*]" = "iPhone Developer";
				COPY_PHASE_STRIP = NO;
				DEBUG_INFORMATION_FORMAT = "dwarf-with-dsym";
				ENABLE_NS_ASSERTIONS = NO;
				ENABLE_STRICT_OBJC_MSGSEND = YES;
				GCC_C_LANGUAGE_STANDARD = gnu99;
				GCC_NO_COMMON_BLOCKS = YES;
				GCC_WARN_64_TO_32_BIT_CONVERSION = YES;
				GCC_WARN_ABOUT_RETURN_TYPE = YES_ERROR;
				GCC_WARN_UNDECLARED_SELECTOR = YES;
				GCC_WARN_UNINITIALIZED_AUTOS = YES_AGGRESSIVE;
				GCC_WARN_UNUSED_FUNCTION = YES;
				GCC_WARN_UNUSED_VARIABLE = YES;
				IPHONEOS_DEPLOYMENT_TARGET = 10.3;
				MTL_ENABLE_DEBUG_INFO = NO;
				SDKROOT = iphoneos;
				TARGETED_DEVICE_FAMILY = "1,2";
				VALIDATE_PRODUCT = YES;
			};
			name = Release;
		};
		D6DEB90C2042958B0070F1A4 /* Debug */ = {
			isa = XCBuildConfiguration;
			buildSettings = {
				ASSETCATALOG_COMPILER_APPICON_NAME = AppIcon;
				DEVELOPMENT_TEAM = H6FNQWD7A9;
				INFOPLIST_FILE = "OpenGLES_粒子系统/Info.plist";
				LD_RUNPATH_SEARCH_PATHS = "$(inherited) @executable_path/Frameworks";
				PRODUCT_BUNDLE_IDENTIFIER = com.xyj.xxx;
				PRODUCT_NAME = "$(TARGET_NAME)";
			};
			name = Debug;
		};
		D6DEB90D2042958B0070F1A4 /* Release */ = {
			isa = XCBuildConfiguration;
			buildSettings = {
				ASSETCATALOG_COMPILER_APPICON_NAME = AppIcon;
				DEVELOPMENT_TEAM = H6FNQWD7A9;
				INFOPLIST_FILE = "OpenGLES_粒子系统/Info.plist";
				LD_RUNPATH_SEARCH_PATHS = "$(inherited) @executable_path/Frameworks";
				PRODUCT_BUNDLE_IDENTIFIER = com.xyj.xxx;
				PRODUCT_NAME = "$(TARGET_NAME)";
			};
			name = Release;
		};
/* End XCBuildConfiguration section */

/* Begin XCConfigurationList section */
		D6DEB8D92042958B0070F1A4 /* Build configuration list for PBXProject "OpenGLES_粒子系统" */ = {
			isa = XCConfigurationList;
			buildConfigurations = (
				D6DEB9092042958B0070F1A4 /* Debug */,
				D6DEB90A2042958B0070F1A4 /* Release */,
			);
			defaultConfigurationIsVisible = 0;
			defaultConfigurationName = Release;
		};
		D6DEB90B2042958B0070F1A4 /* Build configuration list for PBXNativeTarget "OpenGLES_粒子系统" */ = {
			isa = XCConfigurationList;
			buildConfigurations = (
				D6DEB90C2042958B0070F1A4 /* Debug */,
				D6DEB90D2042958B0070F1A4 /* Release */,
			);
			defaultConfigurationIsVisible = 0;
			defaultConfigurationName = Release;
		};
/* End XCConfigurationList section */
	};
	rootObject = D6DEB8D62042958B0070F1A4 /* Project object */;
}
