// !$*UTF8*$!
{
	archiveVersion = 1;
	classes = {
	};
	objectVersion = 50;
	objects = {

/* Begin PBXBuildFile section */
		2DBE58F620DBD63D00CE65AD /* AppDelegate.m in Sources */ = {isa = PBXBuildFile; fileRef = 2DBE58F520DBD63D00CE65AD /* AppDelegate.m */; };
		2DBE58F920DBD63D00CE65AD /* ViewController.m in Sources */ = {isa = PBXBuildFile; fileRef = 2DBE58F820DBD63D00CE65AD /* ViewController.m */; };
		2DBE58FC20DBD63D00CE65AD /* Main.storyboard in Resources */ = {isa = PBXBuildFile; fileRef = 2DBE58FA20DBD63D00CE65AD /* Main.storyboard */; };
		2DBE58FE20DBD63E00CE65AD /* Assets.xcassets in Resources */ = {isa = PBXBuildFile; fileRef = 2DBE58FD20DBD63E00CE65AD /* Assets.xcassets */; };
		2DBE590120DBD63E00CE65AD /* LaunchScreen.storyboard in Resources */ = {isa = PBXBuildFile; fileRef = 2DBE58FF20DBD63E00CE65AD /* LaunchScreen.storyboard */; };
		2DBE590420DBD63E00CE65AD /* main.m in Sources */ = {isa = PBXBuildFile; fileRef = 2DBE590320DBD63E00CE65AD /* main.m */; };
		2DBE590C20DBD96200CE65AD /* XZTimer.m in Sources */ = {isa = PBXBuildFile; fileRef = 2DBE590B20DBD96200CE65AD /* XZTimer.m */; };
/* End PBXBuildFile section */

/* Begin PBXFileReference section */
		2DBE58F120DBD63D00CE65AD /* GCDTimer.app */ = {isa = PBXFileReference; explicitFileType = wrapper.application; includeInIndex = 0; path = GCDTimer.app; sourceTree = BUILT_PRODUCTS_DIR; };
		2DBE58F420DBD63D00CE65AD /* AppDelegate.h */ = {isa = PBXFileReference; lastKnownFileType = sourcecode.c.h; path = AppDelegate.h; sourceTree = "<group>"; };
		2DBE58F520DBD63D00CE65AD /* AppDelegate.m */ = {isa = PBXFileReference; lastKnownFileType = sourcecode.c.objc; path = AppDelegate.m; sourceTree = "<group>"; };
		2DBE58F720DBD63D00CE65AD /* ViewController.h */ = {isa = PBXFileReference; lastKnownFileType = sourcecode.c.h; path = ViewController.h; sourceTree = "<group>"; };
		2DBE58F820DBD63D00CE65AD /* ViewController.m */ = {isa = PBXFileReference; lastKnownFileType = sourcecode.c.objc; path = ViewController.m; sourceTree = "<group>"; };
		2DBE58FB20DBD63D00CE65AD /* Base */ = {isa = PBXFileReference; lastKnownFileType = file.storyboard; name = Base; path = Base.lproj/Main.storyboard; sourceTree = "<group>"; };
		2DBE58FD20DBD63E00CE65AD /* Assets.xcassets */ = {isa = PBXFileReference; lastKnownFileType = folder.assetcatalog; path = Assets.xcassets; sourceTree = "<group>"; };
		2DBE590020DBD63E00CE65AD /* Base */ = {isa = PBXFileReference; lastKnownFileType = file.storyboard; name = Base; path = Base.lproj/LaunchScreen.storyboard; sourceTree = "<group>"; };
		2DBE590220DBD63E00CE65AD /* Info.plist */ = {isa = PBXFileReference; lastKnownFileType = text.plist.xml; path = Info.plist; sourceTree = "<group>"; };
		2DBE590320DBD63E00CE65AD /* main.m */ = {isa = PBXFileReference; lastKnownFileType = sourcecode.c.objc; path = main.m; sourceTree = "<group>"; };
		2DBE590A20DBD96200CE65AD /* XZTimer.h */ = {isa = PBXFileReference; lastKnownFileType = sourcecode.c.h; path = XZTimer.h; sourceTree = "<group>"; };
		2DBE590B20DBD96200CE65AD /* XZTimer.m */ = {isa = PBXFileReference; lastKnownFileType = sourcecode.c.objc; path = XZTimer.m; sourceTree = "<group>"; };
/* End PBXFileReference section */

/* Begin PBXFrameworksBuildPhase section */
		2DBE58EE20DBD63D00CE65AD /* Frameworks */ = {
			isa = PBXFrameworksBuildPhase;
			buildActionMask = 2147483647;
			files = (
			);
			runOnlyForDeploymentPostprocessing = 0;
		};
/* End PBXFrameworksBuildPhase section */

/* Begin PBXGroup section */
		2DBE58E820DBD63D00CE65AD = {
			isa = PBXGroup;
			children = (
				2DBE58F320DBD63D00CE65AD /* GCDTimer */,
				2DBE58F220DBD63D00CE65AD /* Products */,
			);
			sourceTree = "<group>";
		};
		2DBE58F220DBD63D00CE65AD /* Products */ = {
			isa = PBXGroup;
			children = (
				2DBE58F120DBD63D00CE65AD /* GCDTimer.app */,
			);
			name = Products;
			sourceTree = "<group>";
		};
		2DBE58F320DBD63D00CE65AD /* GCDTimer */ = {
			isa = PBXGroup;
			children = (
				2DBE58F420DBD63D00CE65AD /* AppDelegate.h */,
				2DBE58F520DBD63D00CE65AD /* AppDelegate.m */,
				2DBE58F720DBD63D00CE65AD /* ViewController.h */,
				2DBE58F820DBD63D00CE65AD /* ViewController.m */,
				2DBE58FA20DBD63D00CE65AD /* Main.storyboard */,
				2DBE58FD20DBD63E00CE65AD /* Assets.xcassets */,
				2DBE58FF20DBD63E00CE65AD /* LaunchScreen.storyboard */,
				2DBE590220DBD63E00CE65AD /* Info.plist */,
				2DBE590320DBD63E00CE65AD /* main.m */,
				2DBE590A20DBD96200CE65AD /* XZTimer.h */,
				2DBE590B20DBD96200CE65AD /* XZTimer.m */,
			);
			path = GCDTimer;
			sourceTree = "<group>";
		};
/* End PBXGroup section */

/* Begin PBXNativeTarget section */
		2DBE58F020DBD63D00CE65AD /* GCDTimer */ = {
			isa = PBXNativeTarget;
			buildConfigurationList = 2DBE590720DBD63E00CE65AD /* Build configuration list for PBXNativeTarget "GCDTimer" */;
			buildPhases = (
				2DBE58ED20DBD63D00CE65AD /* Sources */,
				2DBE58EE20DBD63D00CE65AD /* Frameworks */,
				2DBE58EF20DBD63D00CE65AD /* Resources */,
			);
			buildRules = (
			);
			dependencies = (
			);
			name = GCDTimer;
			productName = "Interview02-GCD定时器";
			productReference = 2DBE58F120DBD63D00CE65AD /* GCDTimer.app */;
			productType = "com.apple.product-type.application";
		};
/* End PBXNativeTarget section */

/* Begin PBXProject section */
		2DBE58E920DBD63D00CE65AD /* Project object */ = {
			isa = PBXProject;
			attributes = {
				LastUpgradeCheck = 0930;
				ORGANIZATIONNAME = xyj;
				TargetAttributes = {
					2DBE58F020DBD63D00CE65AD = {
						CreatedOnToolsVersion = 9.3.1;
					};
				};
			};
			buildConfigurationList = 2DBE58EC20DBD63D00CE65AD /* Build configuration list for PBXProject "GCDTimer" */;
			compatibilityVersion = "Xcode 9.3";
			developmentRegion = en;
			hasScannedForEncodings = 0;
			knownRegions = (
				en,
				Base,
			);
			mainGroup = 2DBE58E820DBD63D00CE65AD;
			productRefGroup = 2DBE58F220DBD63D00CE65AD /* Products */;
			projectDirPath = "";
			projectRoot = "";
			targets = (
				2DBE58F020DBD63D00CE65AD /* GCDTimer */,
			);
		};
/* End PBXProject section */

/* Begin PBXResourcesBuildPhase section */
		2DBE58EF20DBD63D00CE65AD /* Resources */ = {
			isa = PBXResourcesBuildPhase;
			buildActionMask = 2147483647;
			files = (
				2DBE590120DBD63E00CE65AD /* LaunchScreen.storyboard in Resources */,
				2DBE58FE20DBD63E00CE65AD /* Assets.xcassets in Resources */,
				2DBE58FC20DBD63D00CE65AD /* Main.storyboard in Resources */,
			);
			runOnlyForDeploymentPostprocessing = 0;
		};
/* End PBXResourcesBuildPhase section */

/* Begin PBXSourcesBuildPhase section */
		2DBE58ED20DBD63D00CE65AD /* Sources */ = {
			isa = PBXSourcesBuildPhase;
			buildActionMask = 2147483647;
			files = (
				2DBE590C20DBD96200CE65AD /* XZTimer.m in Sources */,
				2DBE58F920DBD63D00CE65AD /* ViewController.m in Sources */,
				2DBE590420DBD63E00CE65AD /* main.m in Sources */,
				2DBE58F620DBD63D00CE65AD /* AppDelegate.m in Sources */,
			);
			runOnlyForDeploymentPostprocessing = 0;
		};
/* End PBXSourcesBuildPhase section */

/* Begin PBXVariantGroup section */
		2DBE58FA20DBD63D00CE65AD /* Main.storyboard */ = {
			isa = PBXVariantGroup;
			children = (
				2DBE58FB20DBD63D00CE65AD /* Base */,
			);
			name = Main.storyboard;
			sourceTree = "<group>";
		};
		2DBE58FF20DBD63E00CE65AD /* LaunchScreen.storyboard */ = {
			isa = PBXVariantGroup;
			children = (
				2DBE590020DBD63E00CE65AD /* Base */,
			);
			name = LaunchScreen.storyboard;
			sourceTree = "<group>";
		};
/* End PBXVariantGroup section */

/* Begin XCBuildConfiguration section */
		2DBE590520DBD63E00CE65AD /* Debug */ = {
			isa = XCBuildConfiguration;
			buildSettings = {
				ALWAYS_SEARCH_USER_PATHS = NO;
				CLANG_ANALYZER_NONNULL = YES;
				CLANG_ANALYZER_NUMBER_OBJECT_CONVERSION = YES_AGGRESSIVE;
				CLANG_CXX_LANGUAGE_STANDARD = "gnu++14";
				CLANG_CXX_LIBRARY = "libc++";
				CLANG_ENABLE_MODULES = YES;
				CLANG_ENABLE_OBJC_ARC = YES;
				CLANG_ENABLE_OBJC_WEAK = YES;
				CLANG_WARN_BLOCK_CAPTURE_AUTORELEASING = YES;
				CLANG_WARN_BOOL_CONVERSION = YES;
				CLANG_WARN_COMMA = YES;
				CLANG_WARN_CONSTANT_CONVERSION = YES;
				CLANG_WARN_DEPRECATED_OBJC_IMPLEMENTATIONS = YES;
				CLANG_WARN_DIRECT_OBJC_ISA_USAGE = YES_ERROR;
				CLANG_WARN_DOCUMENTATION_COMMENTS = YES;
				CLANG_WARN_EMPTY_BODY = YES;
				CLANG_WARN_ENUM_CONVERSION = YES;
				CLANG_WARN_INFINITE_RECURSION = YES;
				CLANG_WARN_INT_CONVERSION = YES;
				CLANG_WARN_NON_LITERAL_NULL_CONVERSION = YES;
				CLANG_WARN_OBJC_IMPLICIT_RETAIN_SELF = YES;
				CLANG_WARN_OBJC_LITERAL_CONVERSION = YES;
				CLANG_WARN_OBJC_ROOT_CLASS = YES_ERROR;
				CLANG_WARN_RANGE_LOOP_ANALYSIS = YES;
				CLANG_WARN_STRICT_PROTOTYPES = YES;
				CLANG_WARN_SUSPICIOUS_MOVE = YES;
				CLANG_WARN_UNGUARDED_AVAILABILITY = YES_AGGRESSIVE;
				CLANG_WARN_UNREACHABLE_CODE = YES;
				CLANG_WARN__DUPLICATE_METHOD_MATCH = YES;
				CODE_SIGN_IDENTITY = "iPhone Developer";
				COPY_PHASE_STRIP = NO;
				DEBUG_INFORMATION_FORMAT = dwarf;
				ENABLE_STRICT_OBJC_MSGSEND = YES;
				ENABLE_TESTABILITY = YES;
				GCC_C_LANGUAGE_STANDARD = gnu11;
				GCC_DYNAMIC_NO_PIC = NO;
				GCC_NO_COMMON_BLOCKS = YES;
				GCC_OPTIMIZATION_LEVEL = 0;
				GCC_PREPROCESSOR_DEFINITIONS = (
					"DEBUG=1",
					"$(inherited)",
				);
				GCC_WARN_64_TO_32_BIT_CONVERSION = YES;
				GCC_WARN_ABOUT_RETURN_TYPE = YES_ERROR;
				GCC_WARN_UNDECLARED_SELECTOR = YES;
				GCC_WARN_UNINITIALIZED_AUTOS = YES_AGGRESSIVE;
				GCC_WARN_UNUSED_FUNCTION = YES;
				GCC_WARN_UNUSED_VARIABLE = YES;
				IPHONEOS_DEPLOYMENT_TARGET = 11.3;
				MTL_ENABLE_DEBUG_INFO = YES;
				ONLY_ACTIVE_ARCH = YES;
				SDKROOT = iphoneos;
			};
			name = Debug;
		};
		2DBE590620DBD63E00CE65AD /* Release */ = {
			isa = XCBuildConfiguration;
			buildSettings = {
				ALWAYS_SEARCH_USER_PATHS = NO;
				CLANG_ANALYZER_NONNULL = YES;
				CLANG_ANALYZER_NUMBER_OBJECT_CONVERSION = YES_AGGRESSIVE;
				CLANG_CXX_LANGUAGE_STANDARD = "gnu++14";
				CLANG_CXX_LIBRARY = "libc++";
				CLANG_ENABLE_MODULES = YES;
				CLANG_ENABLE_OBJC_ARC = YES;
				CLANG_ENABLE_OBJC_WEAK = YES;
				CLANG_WARN_BLOCK_CAPTURE_AUTORELEASING = YES;
				CLANG_WARN_BOOL_CONVERSION = YES;
				CLANG_WARN_COMMA = YES;
				CLANG_WARN_CONSTANT_CONVERSION = YES;
				CLANG_WARN_DEPRECATED_OBJC_IMPLEMENTATIONS = YES;
				CLANG_WARN_DIRECT_OBJC_ISA_USAGE = YES_ERROR;
				CLANG_WARN_DOCUMENTATION_COMMENTS = YES;
				CLANG_WARN_EMPTY_BODY = YES;
				CLANG_WARN_ENUM_CONVERSION = YES;
				CLANG_WARN_INFINITE_RECURSION = YES;
				CLANG_WARN_INT_CONVERSION = YES;
				CLANG_WARN_NON_LITERAL_NULL_CONVERSION = YES;
				CLANG_WARN_OBJC_IMPLICIT_RETAIN_SELF = YES;
				CLANG_WARN_OBJC_LITERAL_CONVERSION = YES;
				CLANG_WARN_OBJC_ROOT_CLASS = YES_ERROR;
				CLANG_WARN_RANGE_LOOP_ANALYSIS = YES;
				CLANG_WARN_STRICT_PROTOTYPES = YES;
				CLANG_WARN_SUSPICIOUS_MOVE = YES;
				CLANG_WARN_UNGUARDED_AVAILABILITY = YES_AGGRESSIVE;
				CLANG_WARN_UNREACHABLE_CODE = YES;
				CLANG_WARN__DUPLICATE_METHOD_MATCH = YES;
				CODE_SIGN_IDENTITY = "iPhone Developer";
				COPY_PHASE_STRIP = NO;
				DEBUG_INFORMATION_FORMAT = "dwarf-with-dsym";
				ENABLE_NS_ASSERTIONS = NO;
				ENABLE_STRICT_OBJC_MSGSEND = YES;
				GCC_C_LANGUAGE_STANDARD = gnu11;
				GCC_NO_COMMON_BLOCKS = YES;
				GCC_WARN_64_TO_32_BIT_CONVERSION = YES;
				GCC_WARN_ABOUT_RETURN_TYPE = YES_ERROR;
				GCC_WARN_UNDECLARED_SELECTOR = YES;
				GCC_WARN_UNINITIALIZED_AUTOS = YES_AGGRESSIVE;
				GCC_WARN_UNUSED_FUNCTION = YES;
				GCC_WARN_UNUSED_VARIABLE = YES;
				IPHONEOS_DEPLOYMENT_TARGET = 11.3;
				MTL_ENABLE_DEBUG_INFO = NO;
				SDKROOT = iphoneos;
				VALIDATE_PRODUCT = YES;
			};
			name = Release;
		};
		2DBE590820DBD63E00CE65AD /* Debug */ = {
			isa = XCBuildConfiguration;
			buildSettings = {
				ASSETCATALOG_COMPILER_APPICON_NAME = AppIcon;
				CODE_SIGN_STYLE = Automatic;
				INFOPLIST_FILE = GCDTimer/Info.plist;
				LD_RUNPATH_SEARCH_PATHS = (
					"$(inherited)",
					"@executable_path/Frameworks",
				);
				PRODUCT_BUNDLE_IDENTIFIER = com.xyj.xxx;
				PRODUCT_NAME = "$(TARGET_NAME)";
				TARGETED_DEVICE_FAMILY = "1,2";
			};
			name = Debug;
		};
		2DBE590920DBD63E00CE65AD /* Release */ = {
			isa = XCBuildConfiguration;
			buildSettings = {
				ASSETCATALOG_COMPILER_APPICON_NAME = AppIcon;
				CODE_SIGN_STYLE = Automatic;
				INFOPLIST_FILE = GCDTimer/Info.plist;
				LD_RUNPATH_SEARCH_PATHS = (
					"$(inherited)",
					"@executable_path/Frameworks",
				);
				PRODUCT_BUNDLE_IDENTIFIER = com.xyj.xxx;
				PRODUCT_NAME = "$(TARGET_NAME)";
				TARGETED_DEVICE_FAMILY = "1,2";
			};
			name = Release;
		};
/* End XCBuildConfiguration section */

/* Begin XCConfigurationList section */
		2DBE58EC20DBD63D00CE65AD /* Build configuration list for PBXProject "GCDTimer" */ = {
			isa = XCConfigurationList;
			buildConfigurations = (
				2DBE590520DBD63E00CE65AD /* Debug */,
				2DBE590620DBD63E00CE65AD /* Release */,
			);
			defaultConfigurationIsVisible = 0;
			defaultConfigurationName = Release;
		};
		2DBE590720DBD63E00CE65AD /* Build configuration list for PBXNativeTarget "GCDTimer" */ = {
			isa = XCConfigurationList;
			buildConfigurations = (
				2DBE590820DBD63E00CE65AD /* Debug */,
				2DBE590920DBD63E00CE65AD /* Release */,
			);
			defaultConfigurationIsVisible = 0;
			defaultConfigurationName = Release;
		};
/* End XCConfigurationList section */
	};
	rootObject = 2DBE58E920DBD63D00CE65AD /* Project object */;
}
