// !$*UTF8*$!
{
	archiveVersion = 1;
	classes = {
	};
	objectVersion = 46;
	objects = {

/* Begin PBXBuildFile section */
		D69617271FE54890002EE8A4 /* main.m in Sources */ = {isa = PBXBuildFile; fileRef = D69617261FE54890002EE8A4 /* main.m */; };
		D696172A1FE54890002EE8A4 /* AppDelegate.m in Sources */ = {isa = PBXBuildFile; fileRef = D69617291FE54890002EE8A4 /* AppDelegate.m */; };
		D69617301FE54890002EE8A4 /* Main.storyboard in Resources */ = {isa = PBXBuildFile; fileRef = D696172E1FE54890002EE8A4 /* Main.storyboard */; };
		D69617321FE54890002EE8A4 /* Assets.xcassets in Resources */ = {isa = PBXBuildFile; fileRef = D69617311FE54890002EE8A4 /* Assets.xcassets */; };
		D69617351FE54890002EE8A4 /* LaunchScreen.storyboard in Resources */ = {isa = PBXBuildFile; fileRef = D69617331FE54890002EE8A4 /* LaunchScreen.storyboard */; };
		D69617601FE54944002EE8A4 /* GLSLViewController.m in Sources */ = {isa = PBXBuildFile; fileRef = D696175F1FE54944002EE8A4 /* GLSLViewController.m */; };
		D69617631FE5497C002EE8A4 /* GLSLView.m in Sources */ = {isa = PBXBuildFile; fileRef = D69617621FE5497C002EE8A4 /* GLSLView.m */; };
		D69617701FE65ED9002EE8A4 /* shaderf.fsh in Resources */ = {isa = PBXBuildFile; fileRef = D696176E1FE65ED9002EE8A4 /* shaderf.fsh */; };
		D69617711FE65ED9002EE8A4 /* shaderv.vsh in Resources */ = {isa = PBXBuildFile; fileRef = D696176F1FE65ED9002EE8A4 /* shaderv.vsh */; };
/* End PBXBuildFile section */

/* Begin PBXFileReference section */
		D69617221FE54890002EE8A4 /* GLSL.app */ = {isa = PBXFileReference; explicitFileType = wrapper.application; includeInIndex = 0; path = GLSL.app; sourceTree = BUILT_PRODUCTS_DIR; };
		D69617261FE54890002EE8A4 /* main.m */ = {isa = PBXFileReference; lastKnownFileType = sourcecode.c.objc; path = main.m; sourceTree = "<group>"; };
		D69617281FE54890002EE8A4 /* AppDelegate.h */ = {isa = PBXFileReference; lastKnownFileType = sourcecode.c.h; path = AppDelegate.h; sourceTree = "<group>"; };
		D69617291FE54890002EE8A4 /* AppDelegate.m */ = {isa = PBXFileReference; lastKnownFileType = sourcecode.c.objc; path = AppDelegate.m; sourceTree = "<group>"; };
		D696172F1FE54890002EE8A4 /* Base */ = {isa = PBXFileReference; lastKnownFileType = file.storyboard; name = Base; path = Base.lproj/Main.storyboard; sourceTree = "<group>"; };
		D69617311FE54890002EE8A4 /* Assets.xcassets */ = {isa = PBXFileReference; lastKnownFileType = folder.assetcatalog; path = Assets.xcassets; sourceTree = "<group>"; };
		D69617341FE54890002EE8A4 /* Base */ = {isa = PBXFileReference; lastKnownFileType = file.storyboard; name = Base; path = Base.lproj/LaunchScreen.storyboard; sourceTree = "<group>"; };
		D69617361FE54890002EE8A4 /* Info.plist */ = {isa = PBXFileReference; lastKnownFileType = text.plist.xml; path = Info.plist; sourceTree = "<group>"; };
		D696175E1FE54944002EE8A4 /* GLSLViewController.h */ = {isa = PBXFileReference; fileEncoding = 4; lastKnownFileType = sourcecode.c.h; path = GLSLViewController.h; sourceTree = "<group>"; };
		D696175F1FE54944002EE8A4 /* GLSLViewController.m */ = {isa = PBXFileReference; fileEncoding = 4; lastKnownFileType = sourcecode.c.objc; path = GLSLViewController.m; sourceTree = "<group>"; };
		D69617611FE5497C002EE8A4 /* GLSLView.h */ = {isa = PBXFileReference; fileEncoding = 4; lastKnownFileType = sourcecode.c.h; path = GLSLView.h; sourceTree = "<group>"; };
		D69617621FE5497C002EE8A4 /* GLSLView.m */ = {isa = PBXFileReference; fileEncoding = 4; lastKnownFileType = sourcecode.c.objc; path = GLSLView.m; sourceTree = "<group>"; };
		D696176E1FE65ED9002EE8A4 /* shaderf.fsh */ = {isa = PBXFileReference; fileEncoding = 4; lastKnownFileType = sourcecode.glsl; path = shaderf.fsh; sourceTree = "<group>"; };
		D696176F1FE65ED9002EE8A4 /* shaderv.vsh */ = {isa = PBXFileReference; fileEncoding = 4; lastKnownFileType = sourcecode.glsl; path = shaderv.vsh; sourceTree = "<group>"; };
/* End PBXFileReference section */

/* Begin PBXFrameworksBuildPhase section */
		D696171F1FE54890002EE8A4 /* Frameworks */ = {
			isa = PBXFrameworksBuildPhase;
			buildActionMask = 2147483647;
			files = (
			);
			runOnlyForDeploymentPostprocessing = 0;
		};
/* End PBXFrameworksBuildPhase section */

/* Begin PBXGroup section */
		D69617191FE54890002EE8A4 = {
			isa = PBXGroup;
			children = (
				D69617241FE54890002EE8A4 /* GLSL */,
				D69617231FE54890002EE8A4 /* Products */,
			);
			sourceTree = "<group>";
		};
		D69617231FE54890002EE8A4 /* Products */ = {
			isa = PBXGroup;
			children = (
				D69617221FE54890002EE8A4 /* GLSL.app */,
			);
			name = Products;
			sourceTree = "<group>";
		};
		D69617241FE54890002EE8A4 /* GLSL */ = {
			isa = PBXGroup;
			children = (
				D69617281FE54890002EE8A4 /* AppDelegate.h */,
				D69617291FE54890002EE8A4 /* AppDelegate.m */,
				D696175E1FE54944002EE8A4 /* GLSLViewController.h */,
				D696175F1FE54944002EE8A4 /* GLSLViewController.m */,
				D69617611FE5497C002EE8A4 /* GLSLView.h */,
				D69617621FE5497C002EE8A4 /* GLSLView.m */,
				D696176E1FE65ED9002EE8A4 /* shaderf.fsh */,
				D696176F1FE65ED9002EE8A4 /* shaderv.vsh */,
				D696172E1FE54890002EE8A4 /* Main.storyboard */,
				D69617311FE54890002EE8A4 /* Assets.xcassets */,
				D69617331FE54890002EE8A4 /* LaunchScreen.storyboard */,
				D69617361FE54890002EE8A4 /* Info.plist */,
				D69617251FE54890002EE8A4 /* Supporting Files */,
			);
			path = GLSL;
			sourceTree = "<group>";
		};
		D69617251FE54890002EE8A4 /* Supporting Files */ = {
			isa = PBXGroup;
			children = (
				D69617261FE54890002EE8A4 /* main.m */,
			);
			name = "Supporting Files";
			sourceTree = "<group>";
		};
/* End PBXGroup section */

/* Begin PBXNativeTarget section */
		D69617211FE54890002EE8A4 /* GLSL */ = {
			isa = PBXNativeTarget;
			buildConfigurationList = D696174F1FE54890002EE8A4 /* Build configuration list for PBXNativeTarget "GLSL" */;
			buildPhases = (
				D696171E1FE54890002EE8A4 /* Sources */,
				D696171F1FE54890002EE8A4 /* Frameworks */,
				D69617201FE54890002EE8A4 /* Resources */,
			);
			buildRules = (
			);
			dependencies = (
			);
			name = GLSL;
			productName = "001--GLSL";
			productReference = D69617221FE54890002EE8A4 /* GLSL.app */;
			productType = "com.apple.product-type.application";
		};
/* End PBXNativeTarget section */

/* Begin PBXProject section */
		D696171A1FE54890002EE8A4 /* Project object */ = {
			isa = PBXProject;
			attributes = {
				LastUpgradeCheck = 0830;
				ORGANIZATIONNAME = xyj;
				TargetAttributes = {
					D69617211FE54890002EE8A4 = {
						CreatedOnToolsVersion = 8.3.2;
						ProvisioningStyle = Automatic;
					};
				};
			};
			buildConfigurationList = D696171D1FE54890002EE8A4 /* Build configuration list for PBXProject "GLSL" */;
			compatibilityVersion = "Xcode 3.2";
			developmentRegion = English;
			hasScannedForEncodings = 0;
			knownRegions = (
				English,
				en,
				Base,
			);
			mainGroup = D69617191FE54890002EE8A4;
			productRefGroup = D69617231FE54890002EE8A4 /* Products */;
			projectDirPath = "";
			projectRoot = "";
			targets = (
				D69617211FE54890002EE8A4 /* GLSL */,
			);
		};
/* End PBXProject section */

/* Begin PBXResourcesBuildPhase section */
		D69617201FE54890002EE8A4 /* Resources */ = {
			isa = PBXResourcesBuildPhase;
			buildActionMask = 2147483647;
			files = (
				D69617701FE65ED9002EE8A4 /* shaderf.fsh in Resources */,
				D69617351FE54890002EE8A4 /* LaunchScreen.storyboard in Resources */,
				D69617711FE65ED9002EE8A4 /* shaderv.vsh in Resources */,
				D69617321FE54890002EE8A4 /* Assets.xcassets in Resources */,
				D69617301FE54890002EE8A4 /* Main.storyboard in Resources */,
			);
			runOnlyForDeploymentPostprocessing = 0;
		};
/* End PBXResourcesBuildPhase section */

/* Begin PBXSourcesBuildPhase section */
		D696171E1FE54890002EE8A4 /* Sources */ = {
			isa = PBXSourcesBuildPhase;
			buildActionMask = 2147483647;
			files = (
				D69617631FE5497C002EE8A4 /* GLSLView.m in Sources */,
				D696172A1FE54890002EE8A4 /* AppDelegate.m in Sources */,
				D69617271FE54890002EE8A4 /* main.m in Sources */,
				D69617601FE54944002EE8A4 /* GLSLViewController.m in Sources */,
			);
			runOnlyForDeploymentPostprocessing = 0;
		};
/* End PBXSourcesBuildPhase section */

/* Begin PBXVariantGroup section */
		D696172E1FE54890002EE8A4 /* Main.storyboard */ = {
			isa = PBXVariantGroup;
			children = (
				D696172F1FE54890002EE8A4 /* Base */,
			);
			name = Main.storyboard;
			sourceTree = "<group>";
		};
		D69617331FE54890002EE8A4 /* LaunchScreen.storyboard */ = {
			isa = PBXVariantGroup;
			children = (
				D69617341FE54890002EE8A4 /* Base */,
			);
			name = LaunchScreen.storyboard;
			sourceTree = "<group>";
		};
/* End PBXVariantGroup section */

/* Begin XCBuildConfiguration section */
		D696174D1FE54890002EE8A4 /* Debug */ = {
			isa = XCBuildConfiguration;
			buildSettings = {
				ALWAYS_SEARCH_USER_PATHS = NO;
				CLANG_ANALYZER_NONNULL = YES;
				CLANG_ANALYZER_NUMBER_OBJECT_CONVERSION = YES_AGGRESSIVE;
				CLANG_CXX_LANGUAGE_STANDARD = "gnu++0x";
				CLANG_CXX_LIBRARY = "libc++";
				CLANG_ENABLE_MODULES = YES;
				CLANG_ENABLE_OBJC_ARC = YES;
				CLANG_WARN_BOOL_CONVERSION = YES;
				CLANG_WARN_CONSTANT_CONVERSION = YES;
				CLANG_WARN_DIRECT_OBJC_ISA_USAGE = YES_ERROR;
				CLANG_WARN_DOCUMENTATION_COMMENTS = YES;
				CLANG_WARN_EMPTY_BODY = YES;
				CLANG_WARN_ENUM_CONVERSION = YES;
				CLANG_WARN_INFINITE_RECURSION = YES;
				CLANG_WARN_INT_CONVERSION = YES;
				CLANG_WARN_OBJC_ROOT_CLASS = YES_ERROR;
				CLANG_WARN_SUSPICIOUS_MOVE = YES;
				CLANG_WARN_UNREACHABLE_CODE = YES;
				CLANG_WARN__DUPLICATE_METHOD_MATCH = YES;
				"CODE_SIGN_IDENTITY[sdk=iphoneos*]" = "iPhone Developer";
				COPY_PHASE_STRIP = NO;
				DEBUG_INFORMATION_FORMAT = dwarf;
				ENABLE_STRICT_OBJC_MSGSEND = YES;
				ENABLE_TESTABILITY = YES;
				GCC_C_LANGUAGE_STANDARD = gnu99;
				GCC_DYNAMIC_NO_PIC = NO;
				GCC_NO_COMMON_BLOCKS = YES;
				GCC_OPTIMIZATION_LEVEL = 0;
				GCC_PREPROCESSOR_DEFINITIONS = (
					"DEBUG=1",
					"$(inherited)",
				);
				GCC_WARN_64_TO_32_BIT_CONVERSION = YES;
				GCC_WARN_ABOUT_RETURN_TYPE = YES_ERROR;
				GCC_WARN_UNDECLARED_SELECTOR = YES;
				GCC_WARN_UNINITIALIZED_AUTOS = YES_AGGRESSIVE;
				GCC_WARN_UNUSED_FUNCTION = YES;
				GCC_WARN_UNUSED_VARIABLE = YES;
				IPHONEOS_DEPLOYMENT_TARGET = 10.3;
				MTL_ENABLE_DEBUG_INFO = YES;
				ONLY_ACTIVE_ARCH = YES;
				SDKROOT = iphoneos;
				TARGETED_DEVICE_FAMILY = "1,2";
			};
			name = Debug;
		};
		D696174E1FE54890002EE8A4 /* Release */ = {
			isa = XCBuildConfiguration;
			buildSettings = {
				ALWAYS_SEARCH_USER_PATHS = NO;
				CLANG_ANALYZER_NONNULL = YES;
				CLANG_ANALYZER_NUMBER_OBJECT_CONVERSION = YES_AGGRESSIVE;
				CLANG_CXX_LANGUAGE_STANDARD = "gnu++0x";
				CLANG_CXX_LIBRARY = "libc++";
				CLANG_ENABLE_MODULES = YES;
				CLANG_ENABLE_OBJC_ARC = YES;
				CLANG_WARN_BOOL_CONVERSION = YES;
				CLANG_WARN_CONSTANT_CONVERSION = YES;
				CLANG_WARN_DIRECT_OBJC_ISA_USAGE = YES_ERROR;
				CLANG_WARN_DOCUMENTATION_COMMENTS = YES;
				CLANG_WARN_EMPTY_BODY = YES;
				CLANG_WARN_ENUM_CONVERSION = YES;
				CLANG_WARN_INFINITE_RECURSION = YES;
				CLANG_WARN_INT_CONVERSION = YES;
				CLANG_WARN_OBJC_ROOT_CLASS = YES_ERROR;
				CLANG_WARN_SUSPICIOUS_MOVE = YES;
				CLANG_WARN_UNREACHABLE_CODE = YES;
				CLANG_WARN__DUPLICATE_METHOD_MATCH = YES;
				"CODE_SIGN_IDENTITY[sdk=iphoneos*]" = "iPhone Developer";
				COPY_PHASE_STRIP = NO;
				DEBUG_INFORMATION_FORMAT = "dwarf-with-dsym";
				ENABLE_NS_ASSERTIONS = NO;
				ENABLE_STRICT_OBJC_MSGSEND = YES;
				GCC_C_LANGUAGE_STANDARD = gnu99;
				GCC_NO_COMMON_BLOCKS = YES;
				GCC_WARN_64_TO_32_BIT_CONVERSION = YES;
				GCC_WARN_ABOUT_RETURN_TYPE = YES_ERROR;
				GCC_WARN_UNDECLARED_SELECTOR = YES;
				GCC_WARN_UNINITIALIZED_AUTOS = YES_AGGRESSIVE;
				GCC_WARN_UNUSED_FUNCTION = YES;
				GCC_WARN_UNUSED_VARIABLE = YES;
				IPHONEOS_DEPLOYMENT_TARGET = 10.3;
				MTL_ENABLE_DEBUG_INFO = NO;
				SDKROOT = iphoneos;
				TARGETED_DEVICE_FAMILY = "1,2";
				VALIDATE_PRODUCT = YES;
			};
			name = Release;
		};
		D69617501FE54890002EE8A4 /* Debug */ = {
			isa = XCBuildConfiguration;
			buildSettings = {
				ASSETCATALOG_COMPILER_APPICON_NAME = AppIcon;
				INFOPLIST_FILE = GLSL/Info.plist;
				LD_RUNPATH_SEARCH_PATHS = "$(inherited) @executable_path/Frameworks";
				PRODUCT_BUNDLE_IDENTIFIER = com.xyj.xxx;
				PRODUCT_NAME = "$(TARGET_NAME)";
			};
			name = Debug;
		};
		D69617511FE54890002EE8A4 /* Release */ = {
			isa = XCBuildConfiguration;
			buildSettings = {
				ASSETCATALOG_COMPILER_APPICON_NAME = AppIcon;
				INFOPLIST_FILE = GLSL/Info.plist;
				LD_RUNPATH_SEARCH_PATHS = "$(inherited) @executable_path/Frameworks";
				PRODUCT_BUNDLE_IDENTIFIER = com.xyj.xxx;
				PRODUCT_NAME = "$(TARGET_NAME)";
			};
			name = Release;
		};
/* End XCBuildConfiguration section */

/* Begin XCConfigurationList section */
		D696171D1FE54890002EE8A4 /* Build configuration list for PBXProject "GLSL" */ = {
			isa = XCConfigurationList;
			buildConfigurations = (
				D696174D1FE54890002EE8A4 /* Debug */,
				D696174E1FE54890002EE8A4 /* Release */,
			);
			defaultConfigurationIsVisible = 0;
			defaultConfigurationName = Release;
		};
		D696174F1FE54890002EE8A4 /* Build configuration list for PBXNativeTarget "GLSL" */ = {
			isa = XCConfigurationList;
			buildConfigurations = (
				D69617501FE54890002EE8A4 /* Debug */,
				D69617511FE54890002EE8A4 /* Release */,
			);
			defaultConfigurationIsVisible = 0;
			defaultConfigurationName = Release;
		};
/* End XCConfigurationList section */
	};
	rootObject = D696171A1FE54890002EE8A4 /* Project object */;
}
