// !$*UTF8*$!
{
	archiveVersion = 1;
	classes = {
	};
	objectVersion = 50;
	objects = {

/* Begin PBXBuildFile section */
		2DC1280720C96ED700F498D0 /* AppDelegate.m in Sources */ = {isa = PBXBuildFile; fileRef = 2DC1280620C96ED700F498D0 /* AppDelegate.m */; };
		2DC1280A20C96ED700F498D0 /* ViewController.m in Sources */ = {isa = PBXBuildFile; fileRef = 2DC1280920C96ED700F498D0 /* ViewController.m */; };
		2DC1280D20C96ED700F498D0 /* Main.storyboard in Resources */ = {isa = PBXBuildFile; fileRef = 2DC1280B20C96ED700F498D0 /* Main.storyboard */; };
		2DC1280F20C96ED700F498D0 /* Assets.xcassets in Resources */ = {isa = PBXBuildFile; fileRef = 2DC1280E20C96ED700F498D0 /* Assets.xcassets */; };
		2DC1281220C96ED700F498D0 /* LaunchScreen.storyboard in Resources */ = {isa = PBXBuildFile; fileRef = 2DC1281020C96ED700F498D0 /* LaunchScreen.storyboard */; };
		2DC1281520C96ED700F498D0 /* main.m in Sources */ = {isa = PBXBuildFile; fileRef = 2DC1281420C96ED700F498D0 /* main.m */; };
		2DC1281D20C976E800F498D0 /* XZBaseDemo.m in Sources */ = {isa = PBXBuildFile; fileRef = 2DC1281C20C976E800F498D0 /* XZBaseDemo.m */; };
		2DC1282120C977DB00F498D0 /* OSSpinLockDemo.m in Sources */ = {isa = PBXBuildFile; fileRef = 2DC1282020C977DB00F498D0 /* OSSpinLockDemo.m */; };
		2DC1282420C9791200F498D0 /* OSSpinLockDemo2.m in Sources */ = {isa = PBXBuildFile; fileRef = 2DC1282320C9791200F498D0 /* OSSpinLockDemo2.m */; };
		30219F4028531B81001918DE /* OSUnfairLockDemo.m in Sources */ = {isa = PBXBuildFile; fileRef = 30219F3F28531B81001918DE /* OSUnfairLockDemo.m */; };
		30219F4328531C2D001918DE /* MutexDemo.m in Sources */ = {isa = PBXBuildFile; fileRef = 30219F4228531C2D001918DE /* MutexDemo.m */; };
		30219F4628531DF9001918DE /* MutexDemo2.m in Sources */ = {isa = PBXBuildFile; fileRef = 30219F4428531DF9001918DE /* MutexDemo2.m */; };
		30219F4928532098001918DE /* MutexDemo3.m in Sources */ = {isa = PBXBuildFile; fileRef = 30219F4828532098001918DE /* MutexDemo3.m */; };
		30219F4C285322EC001918DE /* NSLockDemo.m in Sources */ = {isa = PBXBuildFile; fileRef = 30219F4A285322EC001918DE /* NSLockDemo.m */; };
		30219F4F28532392001918DE /* NSConditionDemo.m in Sources */ = {isa = PBXBuildFile; fileRef = 30219F4D28532392001918DE /* NSConditionDemo.m */; };
		30219F5228532424001918DE /* NSConditionLockDemo.m in Sources */ = {isa = PBXBuildFile; fileRef = 30219F5028532424001918DE /* NSConditionLockDemo.m */; };
		30219F55285324BB001918DE /* SerialQueueDemo.m in Sources */ = {isa = PBXBuildFile; fileRef = 30219F53285324BB001918DE /* SerialQueueDemo.m */; };
/* End PBXBuildFile section */

/* Begin PBXFileReference section */
		2DC1280220C96ED700F498D0 /* MultiThread-Sync.app */ = {isa = PBXFileReference; explicitFileType = wrapper.application; includeInIndex = 0; path = "MultiThread-Sync.app"; sourceTree = BUILT_PRODUCTS_DIR; };
		2DC1280520C96ED700F498D0 /* AppDelegate.h */ = {isa = PBXFileReference; lastKnownFileType = sourcecode.c.h; path = AppDelegate.h; sourceTree = "<group>"; };
		2DC1280620C96ED700F498D0 /* AppDelegate.m */ = {isa = PBXFileReference; lastKnownFileType = sourcecode.c.objc; path = AppDelegate.m; sourceTree = "<group>"; };
		2DC1280820C96ED700F498D0 /* ViewController.h */ = {isa = PBXFileReference; lastKnownFileType = sourcecode.c.h; path = ViewController.h; sourceTree = "<group>"; };
		2DC1280920C96ED700F498D0 /* ViewController.m */ = {isa = PBXFileReference; lastKnownFileType = sourcecode.c.objc; path = ViewController.m; sourceTree = "<group>"; };
		2DC1280C20C96ED700F498D0 /* Base */ = {isa = PBXFileReference; lastKnownFileType = file.storyboard; name = Base; path = Base.lproj/Main.storyboard; sourceTree = "<group>"; };
		2DC1280E20C96ED700F498D0 /* Assets.xcassets */ = {isa = PBXFileReference; lastKnownFileType = folder.assetcatalog; path = Assets.xcassets; sourceTree = "<group>"; };
		2DC1281120C96ED700F498D0 /* Base */ = {isa = PBXFileReference; lastKnownFileType = file.storyboard; name = Base; path = Base.lproj/LaunchScreen.storyboard; sourceTree = "<group>"; };
		2DC1281320C96ED700F498D0 /* Info.plist */ = {isa = PBXFileReference; lastKnownFileType = text.plist.xml; path = Info.plist; sourceTree = "<group>"; };
		2DC1281420C96ED700F498D0 /* main.m */ = {isa = PBXFileReference; lastKnownFileType = sourcecode.c.objc; path = main.m; sourceTree = "<group>"; };
		2DC1281B20C976E800F498D0 /* XZBaseDemo.h */ = {isa = PBXFileReference; lastKnownFileType = sourcecode.c.h; path = XZBaseDemo.h; sourceTree = "<group>"; };
		2DC1281C20C976E800F498D0 /* XZBaseDemo.m */ = {isa = PBXFileReference; lastKnownFileType = sourcecode.c.objc; path = XZBaseDemo.m; sourceTree = "<group>"; };
		2DC1281F20C977DB00F498D0 /* OSSpinLockDemo.h */ = {isa = PBXFileReference; lastKnownFileType = sourcecode.c.h; path = OSSpinLockDemo.h; sourceTree = "<group>"; };
		2DC1282020C977DB00F498D0 /* OSSpinLockDemo.m */ = {isa = PBXFileReference; lastKnownFileType = sourcecode.c.objc; path = OSSpinLockDemo.m; sourceTree = "<group>"; };
		2DC1282220C9791200F498D0 /* OSSpinLockDemo2.h */ = {isa = PBXFileReference; lastKnownFileType = sourcecode.c.h; path = OSSpinLockDemo2.h; sourceTree = "<group>"; };
		2DC1282320C9791200F498D0 /* OSSpinLockDemo2.m */ = {isa = PBXFileReference; lastKnownFileType = sourcecode.c.objc; path = OSSpinLockDemo2.m; sourceTree = "<group>"; };
		30219F3E28531B81001918DE /* OSUnfairLockDemo.h */ = {isa = PBXFileReference; fileEncoding = 4; lastKnownFileType = sourcecode.c.h; path = OSUnfairLockDemo.h; sourceTree = "<group>"; };
		30219F3F28531B81001918DE /* OSUnfairLockDemo.m */ = {isa = PBXFileReference; fileEncoding = 4; lastKnownFileType = sourcecode.c.objc; path = OSUnfairLockDemo.m; sourceTree = "<group>"; };
		30219F4128531C2D001918DE /* MutexDemo.h */ = {isa = PBXFileReference; fileEncoding = 4; lastKnownFileType = sourcecode.c.h; path = MutexDemo.h; sourceTree = "<group>"; };
		30219F4228531C2D001918DE /* MutexDemo.m */ = {isa = PBXFileReference; fileEncoding = 4; lastKnownFileType = sourcecode.c.objc; path = MutexDemo.m; sourceTree = "<group>"; };
		30219F4428531DF9001918DE /* MutexDemo2.m */ = {isa = PBXFileReference; fileEncoding = 4; lastKnownFileType = sourcecode.c.objc; path = MutexDemo2.m; sourceTree = "<group>"; };
		30219F4528531DF9001918DE /* MutexDemo2.h */ = {isa = PBXFileReference; fileEncoding = 4; lastKnownFileType = sourcecode.c.h; path = MutexDemo2.h; sourceTree = "<group>"; };
		30219F4728532098001918DE /* MutexDemo3.h */ = {isa = PBXFileReference; fileEncoding = 4; lastKnownFileType = sourcecode.c.h; path = MutexDemo3.h; sourceTree = "<group>"; };
		30219F4828532098001918DE /* MutexDemo3.m */ = {isa = PBXFileReference; fileEncoding = 4; lastKnownFileType = sourcecode.c.objc; path = MutexDemo3.m; sourceTree = "<group>"; };
		30219F4A285322EC001918DE /* NSLockDemo.m */ = {isa = PBXFileReference; fileEncoding = 4; lastKnownFileType = sourcecode.c.objc; path = NSLockDemo.m; sourceTree = "<group>"; };
		30219F4B285322EC001918DE /* NSLockDemo.h */ = {isa = PBXFileReference; fileEncoding = 4; lastKnownFileType = sourcecode.c.h; path = NSLockDemo.h; sourceTree = "<group>"; };
		30219F4D28532392001918DE /* NSConditionDemo.m */ = {isa = PBXFileReference; fileEncoding = 4; lastKnownFileType = sourcecode.c.objc; path = NSConditionDemo.m; sourceTree = "<group>"; };
		30219F4E28532392001918DE /* NSConditionDemo.h */ = {isa = PBXFileReference; fileEncoding = 4; lastKnownFileType = sourcecode.c.h; path = NSConditionDemo.h; sourceTree = "<group>"; };
		30219F5028532424001918DE /* NSConditionLockDemo.m */ = {isa = PBXFileReference; fileEncoding = 4; lastKnownFileType = sourcecode.c.objc; path = NSConditionLockDemo.m; sourceTree = "<group>"; };
		30219F5128532424001918DE /* NSConditionLockDemo.h */ = {isa = PBXFileReference; fileEncoding = 4; lastKnownFileType = sourcecode.c.h; path = NSConditionLockDemo.h; sourceTree = "<group>"; };
		30219F53285324BB001918DE /* SerialQueueDemo.m */ = {isa = PBXFileReference; fileEncoding = 4; lastKnownFileType = sourcecode.c.objc; path = SerialQueueDemo.m; sourceTree = "<group>"; };
		30219F54285324BB001918DE /* SerialQueueDemo.h */ = {isa = PBXFileReference; fileEncoding = 4; lastKnownFileType = sourcecode.c.h; path = SerialQueueDemo.h; sourceTree = "<group>"; };
/* End PBXFileReference section */

/* Begin PBXFrameworksBuildPhase section */
		2DC127FF20C96ED700F498D0 /* Frameworks */ = {
			isa = PBXFrameworksBuildPhase;
			buildActionMask = 2147483647;
			files = (
			);
			runOnlyForDeploymentPostprocessing = 0;
		};
/* End PBXFrameworksBuildPhase section */

/* Begin PBXGroup section */
		2DC127F920C96ED700F498D0 = {
			isa = PBXGroup;
			children = (
				2DC1280420C96ED700F498D0 /* MultiThread-Sync */,
				2DC1280320C96ED700F498D0 /* Products */,
			);
			sourceTree = "<group>";
		};
		2DC1280320C96ED700F498D0 /* Products */ = {
			isa = PBXGroup;
			children = (
				2DC1280220C96ED700F498D0 /* MultiThread-Sync.app */,
			);
			name = Products;
			sourceTree = "<group>";
		};
		2DC1280420C96ED700F498D0 /* MultiThread-Sync */ = {
			isa = PBXGroup;
			children = (
				2DC1280520C96ED700F498D0 /* AppDelegate.h */,
				2DC1280620C96ED700F498D0 /* AppDelegate.m */,
				2DC1280820C96ED700F498D0 /* ViewController.h */,
				2DC1280920C96ED700F498D0 /* ViewController.m */,
				2DC1280B20C96ED700F498D0 /* Main.storyboard */,
				2DC1280E20C96ED700F498D0 /* Assets.xcassets */,
				2DC1281020C96ED700F498D0 /* LaunchScreen.storyboard */,
				2DC1281320C96ED700F498D0 /* Info.plist */,
				2DC1281420C96ED700F498D0 /* main.m */,
				2DC1281E20C977B800F498D0 /* Locks */,
			);
			path = "MultiThread-Sync";
			sourceTree = "<group>";
		};
		2DC1281E20C977B800F498D0 /* Locks */ = {
			isa = PBXGroup;
			children = (
				2DC1281B20C976E800F498D0 /* XZBaseDemo.h */,
				2DC1281C20C976E800F498D0 /* XZBaseDemo.m */,
				2DC1281F20C977DB00F498D0 /* OSSpinLockDemo.h */,
				2DC1282020C977DB00F498D0 /* OSSpinLockDemo.m */,
				2DC1282220C9791200F498D0 /* OSSpinLockDemo2.h */,
				2DC1282320C9791200F498D0 /* OSSpinLockDemo2.m */,
				30219F3E28531B81001918DE /* OSUnfairLockDemo.h */,
				30219F3F28531B81001918DE /* OSUnfairLockDemo.m */,
				30219F4128531C2D001918DE /* MutexDemo.h */,
				30219F4228531C2D001918DE /* MutexDemo.m */,
				30219F4528531DF9001918DE /* MutexDemo2.h */,
				30219F4428531DF9001918DE /* MutexDemo2.m */,
				30219F4728532098001918DE /* MutexDemo3.h */,
				30219F4828532098001918DE /* MutexDemo3.m */,
				30219F4B285322EC001918DE /* NSLockDemo.h */,
				30219F4A285322EC001918DE /* NSLockDemo.m */,
				30219F4E28532392001918DE /* NSConditionDemo.h */,
				30219F4D28532392001918DE /* NSConditionDemo.m */,
				30219F5128532424001918DE /* NSConditionLockDemo.h */,
				30219F5028532424001918DE /* NSConditionLockDemo.m */,
				30219F54285324BB001918DE /* SerialQueueDemo.h */,
				30219F53285324BB001918DE /* SerialQueueDemo.m */,
			);
			path = Locks;
			sourceTree = "<group>";
		};
/* End PBXGroup section */

/* Begin PBXNativeTarget section */
		2DC1280120C96ED700F498D0 /* MultiThread-Sync */ = {
			isa = PBXNativeTarget;
			buildConfigurationList = 2DC1281820C96ED700F498D0 /* Build configuration list for PBXNativeTarget "MultiThread-Sync" */;
			buildPhases = (
				2DC127FE20C96ED700F498D0 /* Sources */,
				2DC127FF20C96ED700F498D0 /* Frameworks */,
				2DC1280020C96ED700F498D0 /* Resources */,
			);
			buildRules = (
			);
			dependencies = (
			);
			name = "MultiThread-Sync";
			productName = "Interview04-线程同步";
			productReference = 2DC1280220C96ED700F498D0 /* MultiThread-Sync.app */;
			productType = "com.apple.product-type.application";
		};
/* End PBXNativeTarget section */

/* Begin PBXProject section */
		2DC127FA20C96ED700F498D0 /* Project object */ = {
			isa = PBXProject;
			attributes = {
				LastUpgradeCheck = 0930;
				ORGANIZATIONNAME = xyj;
				TargetAttributes = {
					2DC1280120C96ED700F498D0 = {
						CreatedOnToolsVersion = 9.3.1;
					};
				};
			};
			buildConfigurationList = 2DC127FD20C96ED700F498D0 /* Build configuration list for PBXProject "MultiThread-Sync" */;
			compatibilityVersion = "Xcode 9.3";
			developmentRegion = en;
			hasScannedForEncodings = 0;
			knownRegions = (
				en,
				Base,
			);
			mainGroup = 2DC127F920C96ED700F498D0;
			productRefGroup = 2DC1280320C96ED700F498D0 /* Products */;
			projectDirPath = "";
			projectRoot = "";
			targets = (
				2DC1280120C96ED700F498D0 /* MultiThread-Sync */,
			);
		};
/* End PBXProject section */

/* Begin PBXResourcesBuildPhase section */
		2DC1280020C96ED700F498D0 /* Resources */ = {
			isa = PBXResourcesBuildPhase;
			buildActionMask = 2147483647;
			files = (
				2DC1281220C96ED700F498D0 /* LaunchScreen.storyboard in Resources */,
				2DC1280F20C96ED700F498D0 /* Assets.xcassets in Resources */,
				2DC1280D20C96ED700F498D0 /* Main.storyboard in Resources */,
			);
			runOnlyForDeploymentPostprocessing = 0;
		};
/* End PBXResourcesBuildPhase section */

/* Begin PBXSourcesBuildPhase section */
		2DC127FE20C96ED700F498D0 /* Sources */ = {
			isa = PBXSourcesBuildPhase;
			buildActionMask = 2147483647;
			files = (
				30219F55285324BB001918DE /* SerialQueueDemo.m in Sources */,
				30219F4928532098001918DE /* MutexDemo3.m in Sources */,
				30219F5228532424001918DE /* NSConditionLockDemo.m in Sources */,
				30219F4028531B81001918DE /* OSUnfairLockDemo.m in Sources */,
				2DC1280A20C96ED700F498D0 /* ViewController.m in Sources */,
				2DC1282120C977DB00F498D0 /* OSSpinLockDemo.m in Sources */,
				30219F4628531DF9001918DE /* MutexDemo2.m in Sources */,
				30219F4F28532392001918DE /* NSConditionDemo.m in Sources */,
				2DC1282420C9791200F498D0 /* OSSpinLockDemo2.m in Sources */,
				2DC1281520C96ED700F498D0 /* main.m in Sources */,
				2DC1281D20C976E800F498D0 /* XZBaseDemo.m in Sources */,
				30219F4328531C2D001918DE /* MutexDemo.m in Sources */,
				2DC1280720C96ED700F498D0 /* AppDelegate.m in Sources */,
				30219F4C285322EC001918DE /* NSLockDemo.m in Sources */,
			);
			runOnlyForDeploymentPostprocessing = 0;
		};
/* End PBXSourcesBuildPhase section */

/* Begin PBXVariantGroup section */
		2DC1280B20C96ED700F498D0 /* Main.storyboard */ = {
			isa = PBXVariantGroup;
			children = (
				2DC1280C20C96ED700F498D0 /* Base */,
			);
			name = Main.storyboard;
			sourceTree = "<group>";
		};
		2DC1281020C96ED700F498D0 /* LaunchScreen.storyboard */ = {
			isa = PBXVariantGroup;
			children = (
				2DC1281120C96ED700F498D0 /* Base */,
			);
			name = LaunchScreen.storyboard;
			sourceTree = "<group>";
		};
/* End PBXVariantGroup section */

/* Begin XCBuildConfiguration section */
		2DC1281620C96ED700F498D0 /* Debug */ = {
			isa = XCBuildConfiguration;
			buildSettings = {
				ALWAYS_SEARCH_USER_PATHS = NO;
				CLANG_ANALYZER_NONNULL = YES;
				CLANG_ANALYZER_NUMBER_OBJECT_CONVERSION = YES_AGGRESSIVE;
				CLANG_CXX_LANGUAGE_STANDARD = "gnu++14";
				CLANG_CXX_LIBRARY = "libc++";
				CLANG_ENABLE_MODULES = YES;
				CLANG_ENABLE_OBJC_ARC = YES;
				CLANG_ENABLE_OBJC_WEAK = YES;
				CLANG_WARN_BLOCK_CAPTURE_AUTORELEASING = YES;
				CLANG_WARN_BOOL_CONVERSION = YES;
				CLANG_WARN_COMMA = YES;
				CLANG_WARN_CONSTANT_CONVERSION = YES;
				CLANG_WARN_DEPRECATED_OBJC_IMPLEMENTATIONS = YES;
				CLANG_WARN_DIRECT_OBJC_ISA_USAGE = YES_ERROR;
				CLANG_WARN_DOCUMENTATION_COMMENTS = YES;
				CLANG_WARN_EMPTY_BODY = YES;
				CLANG_WARN_ENUM_CONVERSION = YES;
				CLANG_WARN_INFINITE_RECURSION = YES;
				CLANG_WARN_INT_CONVERSION = YES;
				CLANG_WARN_NON_LITERAL_NULL_CONVERSION = YES;
				CLANG_WARN_OBJC_IMPLICIT_RETAIN_SELF = YES;
				CLANG_WARN_OBJC_LITERAL_CONVERSION = YES;
				CLANG_WARN_OBJC_ROOT_CLASS = YES_ERROR;
				CLANG_WARN_RANGE_LOOP_ANALYSIS = YES;
				CLANG_WARN_STRICT_PROTOTYPES = YES;
				CLANG_WARN_SUSPICIOUS_MOVE = YES;
				CLANG_WARN_UNGUARDED_AVAILABILITY = YES_AGGRESSIVE;
				CLANG_WARN_UNREACHABLE_CODE = YES;
				CLANG_WARN__DUPLICATE_METHOD_MATCH = YES;
				CODE_SIGN_IDENTITY = "iPhone Developer";
				COPY_PHASE_STRIP = NO;
				DEBUG_INFORMATION_FORMAT = dwarf;
				ENABLE_STRICT_OBJC_MSGSEND = YES;
				ENABLE_TESTABILITY = YES;
				GCC_C_LANGUAGE_STANDARD = gnu11;
				GCC_DYNAMIC_NO_PIC = NO;
				GCC_NO_COMMON_BLOCKS = YES;
				GCC_OPTIMIZATION_LEVEL = 0;
				GCC_PREPROCESSOR_DEFINITIONS = (
					"DEBUG=1",
					"$(inherited)",
				);
				GCC_WARN_64_TO_32_BIT_CONVERSION = YES;
				GCC_WARN_ABOUT_RETURN_TYPE = YES_ERROR;
				GCC_WARN_UNDECLARED_SELECTOR = YES;
				GCC_WARN_UNINITIALIZED_AUTOS = YES_AGGRESSIVE;
				GCC_WARN_UNUSED_FUNCTION = YES;
				GCC_WARN_UNUSED_VARIABLE = YES;
				IPHONEOS_DEPLOYMENT_TARGET = 11.3;
				MTL_ENABLE_DEBUG_INFO = YES;
				ONLY_ACTIVE_ARCH = YES;
				SDKROOT = iphoneos;
			};
			name = Debug;
		};
		2DC1281720C96ED700F498D0 /* Release */ = {
			isa = XCBuildConfiguration;
			buildSettings = {
				ALWAYS_SEARCH_USER_PATHS = NO;
				CLANG_ANALYZER_NONNULL = YES;
				CLANG_ANALYZER_NUMBER_OBJECT_CONVERSION = YES_AGGRESSIVE;
				CLANG_CXX_LANGUAGE_STANDARD = "gnu++14";
				CLANG_CXX_LIBRARY = "libc++";
				CLANG_ENABLE_MODULES = YES;
				CLANG_ENABLE_OBJC_ARC = YES;
				CLANG_ENABLE_OBJC_WEAK = YES;
				CLANG_WARN_BLOCK_CAPTURE_AUTORELEASING = YES;
				CLANG_WARN_BOOL_CONVERSION = YES;
				CLANG_WARN_COMMA = YES;
				CLANG_WARN_CONSTANT_CONVERSION = YES;
				CLANG_WARN_DEPRECATED_OBJC_IMPLEMENTATIONS = YES;
				CLANG_WARN_DIRECT_OBJC_ISA_USAGE = YES_ERROR;
				CLANG_WARN_DOCUMENTATION_COMMENTS = YES;
				CLANG_WARN_EMPTY_BODY = YES;
				CLANG_WARN_ENUM_CONVERSION = YES;
				CLANG_WARN_INFINITE_RECURSION = YES;
				CLANG_WARN_INT_CONVERSION = YES;
				CLANG_WARN_NON_LITERAL_NULL_CONVERSION = YES;
				CLANG_WARN_OBJC_IMPLICIT_RETAIN_SELF = YES;
				CLANG_WARN_OBJC_LITERAL_CONVERSION = YES;
				CLANG_WARN_OBJC_ROOT_CLASS = YES_ERROR;
				CLANG_WARN_RANGE_LOOP_ANALYSIS = YES;
				CLANG_WARN_STRICT_PROTOTYPES = YES;
				CLANG_WARN_SUSPICIOUS_MOVE = YES;
				CLANG_WARN_UNGUARDED_AVAILABILITY = YES_AGGRESSIVE;
				CLANG_WARN_UNREACHABLE_CODE = YES;
				CLANG_WARN__DUPLICATE_METHOD_MATCH = YES;
				CODE_SIGN_IDENTITY = "iPhone Developer";
				COPY_PHASE_STRIP = NO;
				DEBUG_INFORMATION_FORMAT = "dwarf-with-dsym";
				ENABLE_NS_ASSERTIONS = NO;
				ENABLE_STRICT_OBJC_MSGSEND = YES;
				GCC_C_LANGUAGE_STANDARD = gnu11;
				GCC_NO_COMMON_BLOCKS = YES;
				GCC_WARN_64_TO_32_BIT_CONVERSION = YES;
				GCC_WARN_ABOUT_RETURN_TYPE = YES_ERROR;
				GCC_WARN_UNDECLARED_SELECTOR = YES;
				GCC_WARN_UNINITIALIZED_AUTOS = YES_AGGRESSIVE;
				GCC_WARN_UNUSED_FUNCTION = YES;
				GCC_WARN_UNUSED_VARIABLE = YES;
				IPHONEOS_DEPLOYMENT_TARGET = 11.3;
				MTL_ENABLE_DEBUG_INFO = NO;
				SDKROOT = iphoneos;
				VALIDATE_PRODUCT = YES;
			};
			name = Release;
		};
		2DC1281920C96ED700F498D0 /* Debug */ = {
			isa = XCBuildConfiguration;
			buildSettings = {
				ASSETCATALOG_COMPILER_APPICON_NAME = AppIcon;
				CODE_SIGN_STYLE = Automatic;
				INFOPLIST_FILE = "MultiThread-Sync/Info.plist";
				LD_RUNPATH_SEARCH_PATHS = (
					"$(inherited)",
					"@executable_path/Frameworks",
				);
				PRODUCT_BUNDLE_IDENTIFIER = com.xyj.xxx;
				PRODUCT_NAME = "$(TARGET_NAME)";
				TARGETED_DEVICE_FAMILY = "1,2";
			};
			name = Debug;
		};
		2DC1281A20C96ED700F498D0 /* Release */ = {
			isa = XCBuildConfiguration;
			buildSettings = {
				ASSETCATALOG_COMPILER_APPICON_NAME = AppIcon;
				CODE_SIGN_STYLE = Automatic;
				INFOPLIST_FILE = "MultiThread-Sync/Info.plist";
				LD_RUNPATH_SEARCH_PATHS = (
					"$(inherited)",
					"@executable_path/Frameworks",
				);
				PRODUCT_BUNDLE_IDENTIFIER = com.xyj.xxx;
				PRODUCT_NAME = "$(TARGET_NAME)";
				TARGETED_DEVICE_FAMILY = "1,2";
			};
			name = Release;
		};
/* End XCBuildConfiguration section */

/* Begin XCConfigurationList section */
		2DC127FD20C96ED700F498D0 /* Build configuration list for PBXProject "MultiThread-Sync" */ = {
			isa = XCConfigurationList;
			buildConfigurations = (
				2DC1281620C96ED700F498D0 /* Debug */,
				2DC1281720C96ED700F498D0 /* Release */,
			);
			defaultConfigurationIsVisible = 0;
			defaultConfigurationName = Release;
		};
		2DC1281820C96ED700F498D0 /* Build configuration list for PBXNativeTarget "MultiThread-Sync" */ = {
			isa = XCConfigurationList;
			buildConfigurations = (
				2DC1281920C96ED700F498D0 /* Debug */,
				2DC1281A20C96ED700F498D0 /* Release */,
			);
			defaultConfigurationIsVisible = 0;
			defaultConfigurationName = Release;
		};
/* End XCConfigurationList section */
	};
	rootObject = 2DC127FA20C96ED700F498D0 /* Project object */;
}
