// !$*UTF8*$!
{
	archiveVersion = 1;
	classes = {
	};
	objectVersion = 50;
	objects = {

/* Begin PBXBuildFile section */
		D69BB5D121D0C3E0006D0DFE /* AppDelegate.m in Sources */ = {isa = PBXBuildFile; fileRef = D69BB5D021D0C3E0006D0DFE /* AppDelegate.m */; };
		D69BB5D421D0C3E0006D0DFE /* ViewController.m in Sources */ = {isa = PBXBuildFile; fileRef = D69BB5D321D0C3E0006D0DFE /* ViewController.m */; };
		D69BB5D721D0C3E0006D0DFE /* Main.storyboard in Resources */ = {isa = PBXBuildFile; fileRef = D69BB5D521D0C3E0006D0DFE /* Main.storyboard */; };
		D69BB5D921D0C3E2006D0DFE /* Assets.xcassets in Resources */ = {isa = PBXBuildFile; fileRef = D69BB5D821D0C3E2006D0DFE /* Assets.xcassets */; };
		D69BB5DC21D0C3E2006D0DFE /* LaunchScreen.storyboard in Resources */ = {isa = PBXBuildFile; fileRef = D69BB5DA21D0C3E2006D0DFE /* LaunchScreen.storyboard */; };
		D69BB5DF21D0C3E2006D0DFE /* main.m in Sources */ = {isa = PBXBuildFile; fileRef = D69BB5DE21D0C3E2006D0DFE /* main.m */; };
/* End PBXBuildFile section */

/* Begin PBXFileReference section */
		D69BB5CC21D0C3E0006D0DFE /* CoreAnimation_下雨.app */ = {isa = PBXFileReference; explicitFileType = wrapper.application; includeInIndex = 0; path = "CoreAnimation_下雨.app"; sourceTree = BUILT_PRODUCTS_DIR; };
		D69BB5CF21D0C3E0006D0DFE /* AppDelegate.h */ = {isa = PBXFileReference; lastKnownFileType = sourcecode.c.h; path = AppDelegate.h; sourceTree = "<group>"; };
		D69BB5D021D0C3E0006D0DFE /* AppDelegate.m */ = {isa = PBXFileReference; lastKnownFileType = sourcecode.c.objc; path = AppDelegate.m; sourceTree = "<group>"; };
		D69BB5D221D0C3E0006D0DFE /* ViewController.h */ = {isa = PBXFileReference; lastKnownFileType = sourcecode.c.h; path = ViewController.h; sourceTree = "<group>"; };
		D69BB5D321D0C3E0006D0DFE /* ViewController.m */ = {isa = PBXFileReference; lastKnownFileType = sourcecode.c.objc; path = ViewController.m; sourceTree = "<group>"; };
		D69BB5D621D0C3E0006D0DFE /* Base */ = {isa = PBXFileReference; lastKnownFileType = file.storyboard; name = Base; path = Base.lproj/Main.storyboard; sourceTree = "<group>"; };
		D69BB5D821D0C3E2006D0DFE /* Assets.xcassets */ = {isa = PBXFileReference; lastKnownFileType = folder.assetcatalog; path = Assets.xcassets; sourceTree = "<group>"; };
		D69BB5DB21D0C3E2006D0DFE /* Base */ = {isa = PBXFileReference; lastKnownFileType = file.storyboard; name = Base; path = Base.lproj/LaunchScreen.storyboard; sourceTree = "<group>"; };
		D69BB5DD21D0C3E2006D0DFE /* Info.plist */ = {isa = PBXFileReference; lastKnownFileType = text.plist.xml; path = Info.plist; sourceTree = "<group>"; };
		D69BB5DE21D0C3E2006D0DFE /* main.m */ = {isa = PBXFileReference; lastKnownFileType = sourcecode.c.objc; path = main.m; sourceTree = "<group>"; };
/* End PBXFileReference section */

/* Begin PBXFrameworksBuildPhase section */
		D69BB5C921D0C3E0006D0DFE /* Frameworks */ = {
			isa = PBXFrameworksBuildPhase;
			buildActionMask = 2147483647;
			files = (
			);
			runOnlyForDeploymentPostprocessing = 0;
		};
/* End PBXFrameworksBuildPhase section */

/* Begin PBXGroup section */
		D69BB5C321D0C3E0006D0DFE = {
			isa = PBXGroup;
			children = (
				D69BB5CE21D0C3E0006D0DFE /* CoreAnimation_下雨 */,
				D69BB5CD21D0C3E0006D0DFE /* Products */,
			);
			sourceTree = "<group>";
		};
		D69BB5CD21D0C3E0006D0DFE /* Products */ = {
			isa = PBXGroup;
			children = (
				D69BB5CC21D0C3E0006D0DFE /* CoreAnimation_下雨.app */,
			);
			name = Products;
			sourceTree = "<group>";
		};
		D69BB5CE21D0C3E0006D0DFE /* CoreAnimation_下雨 */ = {
			isa = PBXGroup;
			children = (
				D69BB5CF21D0C3E0006D0DFE /* AppDelegate.h */,
				D69BB5D021D0C3E0006D0DFE /* AppDelegate.m */,
				D69BB5D221D0C3E0006D0DFE /* ViewController.h */,
				D69BB5D321D0C3E0006D0DFE /* ViewController.m */,
				D69BB5D521D0C3E0006D0DFE /* Main.storyboard */,
				D69BB5D821D0C3E2006D0DFE /* Assets.xcassets */,
				D69BB5DA21D0C3E2006D0DFE /* LaunchScreen.storyboard */,
				D69BB5DD21D0C3E2006D0DFE /* Info.plist */,
				D69BB5DE21D0C3E2006D0DFE /* main.m */,
			);
			path = "CoreAnimation_下雨";
			sourceTree = "<group>";
		};
/* End PBXGroup section */

/* Begin PBXNativeTarget section */
		D69BB5CB21D0C3E0006D0DFE /* CoreAnimation_下雨 */ = {
			isa = PBXNativeTarget;
			buildConfigurationList = D69BB5F821D0C3E2006D0DFE /* Build configuration list for PBXNativeTarget "CoreAnimation_下雨" */;
			buildPhases = (
				D69BB5C821D0C3E0006D0DFE /* Sources */,
				D69BB5C921D0C3E0006D0DFE /* Frameworks */,
				D69BB5CA21D0C3E0006D0DFE /* Resources */,
			);
			buildRules = (
			);
			dependencies = (
			);
			name = "CoreAnimation_下雨";
			productName = "013--CoreAnimation";
			productReference = D69BB5CC21D0C3E0006D0DFE /* CoreAnimation_下雨.app */;
			productType = "com.apple.product-type.application";
		};
/* End PBXNativeTarget section */

/* Begin PBXProject section */
		D69BB5C421D0C3E0006D0DFE /* Project object */ = {
			isa = PBXProject;
			attributes = {
				LastUpgradeCheck = 0940;
				ORGANIZATIONNAME = xyj;
				TargetAttributes = {
					D69BB5CB21D0C3E0006D0DFE = {
						CreatedOnToolsVersion = 9.4;
					};
				};
			};
			buildConfigurationList = D69BB5C721D0C3E0006D0DFE /* Build configuration list for PBXProject "CoreAnimation_下雨" */;
			compatibilityVersion = "Xcode 9.3";
			developmentRegion = en;
			hasScannedForEncodings = 0;
			knownRegions = (
				en,
				Base,
			);
			mainGroup = D69BB5C321D0C3E0006D0DFE;
			productRefGroup = D69BB5CD21D0C3E0006D0DFE /* Products */;
			projectDirPath = "";
			projectRoot = "";
			targets = (
				D69BB5CB21D0C3E0006D0DFE /* CoreAnimation_下雨 */,
			);
		};
/* End PBXProject section */

/* Begin PBXResourcesBuildPhase section */
		D69BB5CA21D0C3E0006D0DFE /* Resources */ = {
			isa = PBXResourcesBuildPhase;
			buildActionMask = 2147483647;
			files = (
				D69BB5DC21D0C3E2006D0DFE /* LaunchScreen.storyboard in Resources */,
				D69BB5D921D0C3E2006D0DFE /* Assets.xcassets in Resources */,
				D69BB5D721D0C3E0006D0DFE /* Main.storyboard in Resources */,
			);
			runOnlyForDeploymentPostprocessing = 0;
		};
/* End PBXResourcesBuildPhase section */

/* Begin PBXSourcesBuildPhase section */
		D69BB5C821D0C3E0006D0DFE /* Sources */ = {
			isa = PBXSourcesBuildPhase;
			buildActionMask = 2147483647;
			files = (
				D69BB5D421D0C3E0006D0DFE /* ViewController.m in Sources */,
				D69BB5DF21D0C3E2006D0DFE /* main.m in Sources */,
				D69BB5D121D0C3E0006D0DFE /* AppDelegate.m in Sources */,
			);
			runOnlyForDeploymentPostprocessing = 0;
		};
/* End PBXSourcesBuildPhase section */

/* Begin PBXVariantGroup section */
		D69BB5D521D0C3E0006D0DFE /* Main.storyboard */ = {
			isa = PBXVariantGroup;
			children = (
				D69BB5D621D0C3E0006D0DFE /* Base */,
			);
			name = Main.storyboard;
			sourceTree = "<group>";
		};
		D69BB5DA21D0C3E2006D0DFE /* LaunchScreen.storyboard */ = {
			isa = PBXVariantGroup;
			children = (
				D69BB5DB21D0C3E2006D0DFE /* Base */,
			);
			name = LaunchScreen.storyboard;
			sourceTree = "<group>";
		};
/* End PBXVariantGroup section */

/* Begin XCBuildConfiguration section */
		D69BB5F621D0C3E2006D0DFE /* Debug */ = {
			isa = XCBuildConfiguration;
			buildSettings = {
				ALWAYS_SEARCH_USER_PATHS = NO;
				CLANG_ANALYZER_NONNULL = YES;
				CLANG_ANALYZER_NUMBER_OBJECT_CONVERSION = YES_AGGRESSIVE;
				CLANG_CXX_LANGUAGE_STANDARD = "gnu++14";
				CLANG_CXX_LIBRARY = "libc++";
				CLANG_ENABLE_MODULES = YES;
				CLANG_ENABLE_OBJC_ARC = YES;
				CLANG_ENABLE_OBJC_WEAK = YES;
				CLANG_WARN_BLOCK_CAPTURE_AUTORELEASING = YES;
				CLANG_WARN_BOOL_CONVERSION = YES;
				CLANG_WARN_COMMA = YES;
				CLANG_WARN_CONSTANT_CONVERSION = YES;
				CLANG_WARN_DEPRECATED_OBJC_IMPLEMENTATIONS = YES;
				CLANG_WARN_DIRECT_OBJC_ISA_USAGE = YES_ERROR;
				CLANG_WARN_DOCUMENTATION_COMMENTS = YES;
				CLANG_WARN_EMPTY_BODY = YES;
				CLANG_WARN_ENUM_CONVERSION = YES;
				CLANG_WARN_INFINITE_RECURSION = YES;
				CLANG_WARN_INT_CONVERSION = YES;
				CLANG_WARN_NON_LITERAL_NULL_CONVERSION = YES;
				CLANG_WARN_OBJC_IMPLICIT_RETAIN_SELF = YES;
				CLANG_WARN_OBJC_LITERAL_CONVERSION = YES;
				CLANG_WARN_OBJC_ROOT_CLASS = YES_ERROR;
				CLANG_WARN_RANGE_LOOP_ANALYSIS = YES;
				CLANG_WARN_STRICT_PROTOTYPES = YES;
				CLANG_WARN_SUSPICIOUS_MOVE = YES;
				CLANG_WARN_UNGUARDED_AVAILABILITY = YES_AGGRESSIVE;
				CLANG_WARN_UNREACHABLE_CODE = YES;
				CLANG_WARN__DUPLICATE_METHOD_MATCH = YES;
				CODE_SIGN_IDENTITY = "iPhone Developer";
				COPY_PHASE_STRIP = NO;
				DEBUG_INFORMATION_FORMAT = dwarf;
				ENABLE_STRICT_OBJC_MSGSEND = YES;
				ENABLE_TESTABILITY = YES;
				GCC_C_LANGUAGE_STANDARD = gnu11;
				GCC_DYNAMIC_NO_PIC = NO;
				GCC_NO_COMMON_BLOCKS = YES;
				GCC_OPTIMIZATION_LEVEL = 0;
				GCC_PREPROCESSOR_DEFINITIONS = (
					"DEBUG=1",
					"$(inherited)",
				);
				GCC_WARN_64_TO_32_BIT_CONVERSION = YES;
				GCC_WARN_ABOUT_RETURN_TYPE = YES_ERROR;
				GCC_WARN_UNDECLARED_SELECTOR = YES;
				GCC_WARN_UNINITIALIZED_AUTOS = YES_AGGRESSIVE;
				GCC_WARN_UNUSED_FUNCTION = YES;
				GCC_WARN_UNUSED_VARIABLE = YES;
				IPHONEOS_DEPLOYMENT_TARGET = 11.4;
				MTL_ENABLE_DEBUG_INFO = YES;
				ONLY_ACTIVE_ARCH = YES;
				SDKROOT = iphoneos;
			};
			name = Debug;
		};
		D69BB5F721D0C3E2006D0DFE /* Release */ = {
			isa = XCBuildConfiguration;
			buildSettings = {
				ALWAYS_SEARCH_USER_PATHS = NO;
				CLANG_ANALYZER_NONNULL = YES;
				CLANG_ANALYZER_NUMBER_OBJECT_CONVERSION = YES_AGGRESSIVE;
				CLANG_CXX_LANGUAGE_STANDARD = "gnu++14";
				CLANG_CXX_LIBRARY = "libc++";
				CLANG_ENABLE_MODULES = YES;
				CLANG_ENABLE_OBJC_ARC = YES;
				CLANG_ENABLE_OBJC_WEAK = YES;
				CLANG_WARN_BLOCK_CAPTURE_AUTORELEASING = YES;
				CLANG_WARN_BOOL_CONVERSION = YES;
				CLANG_WARN_COMMA = YES;
				CLANG_WARN_CONSTANT_CONVERSION = YES;
				CLANG_WARN_DEPRECATED_OBJC_IMPLEMENTATIONS = YES;
				CLANG_WARN_DIRECT_OBJC_ISA_USAGE = YES_ERROR;
				CLANG_WARN_DOCUMENTATION_COMMENTS = YES;
				CLANG_WARN_EMPTY_BODY = YES;
				CLANG_WARN_ENUM_CONVERSION = YES;
				CLANG_WARN_INFINITE_RECURSION = YES;
				CLANG_WARN_INT_CONVERSION = YES;
				CLANG_WARN_NON_LITERAL_NULL_CONVERSION = YES;
				CLANG_WARN_OBJC_IMPLICIT_RETAIN_SELF = YES;
				CLANG_WARN_OBJC_LITERAL_CONVERSION = YES;
				CLANG_WARN_OBJC_ROOT_CLASS = YES_ERROR;
				CLANG_WARN_RANGE_LOOP_ANALYSIS = YES;
				CLANG_WARN_STRICT_PROTOTYPES = YES;
				CLANG_WARN_SUSPICIOUS_MOVE = YES;
				CLANG_WARN_UNGUARDED_AVAILABILITY = YES_AGGRESSIVE;
				CLANG_WARN_UNREACHABLE_CODE = YES;
				CLANG_WARN__DUPLICATE_METHOD_MATCH = YES;
				CODE_SIGN_IDENTITY = "iPhone Developer";
				COPY_PHASE_STRIP = NO;
				DEBUG_INFORMATION_FORMAT = "dwarf-with-dsym";
				ENABLE_NS_ASSERTIONS = NO;
				ENABLE_STRICT_OBJC_MSGSEND = YES;
				GCC_C_LANGUAGE_STANDARD = gnu11;
				GCC_NO_COMMON_BLOCKS = YES;
				GCC_WARN_64_TO_32_BIT_CONVERSION = YES;
				GCC_WARN_ABOUT_RETURN_TYPE = YES_ERROR;
				GCC_WARN_UNDECLARED_SELECTOR = YES;
				GCC_WARN_UNINITIALIZED_AUTOS = YES_AGGRESSIVE;
				GCC_WARN_UNUSED_FUNCTION = YES;
				GCC_WARN_UNUSED_VARIABLE = YES;
				IPHONEOS_DEPLOYMENT_TARGET = 11.4;
				MTL_ENABLE_DEBUG_INFO = NO;
				SDKROOT = iphoneos;
				VALIDATE_PRODUCT = YES;
			};
			name = Release;
		};
		D69BB5F921D0C3E2006D0DFE /* Debug */ = {
			isa = XCBuildConfiguration;
			buildSettings = {
				ASSETCATALOG_COMPILER_APPICON_NAME = AppIcon;
				CODE_SIGN_STYLE = Automatic;
				DEVELOPMENT_TEAM = H6FNQWD7A9;
				INFOPLIST_FILE = "CoreAnimation_下雨/Info.plist";
				LD_RUNPATH_SEARCH_PATHS = (
					"$(inherited)",
					"@executable_path/Frameworks",
				);
				PRODUCT_BUNDLE_IDENTIFIER = com.xyj.xxx;
				PRODUCT_NAME = "$(TARGET_NAME)";
				TARGETED_DEVICE_FAMILY = "1,2";
			};
			name = Debug;
		};
		D69BB5FA21D0C3E2006D0DFE /* Release */ = {
			isa = XCBuildConfiguration;
			buildSettings = {
				ASSETCATALOG_COMPILER_APPICON_NAME = AppIcon;
				CODE_SIGN_STYLE = Automatic;
				DEVELOPMENT_TEAM = H6FNQWD7A9;
				INFOPLIST_FILE = "CoreAnimation_下雨/Info.plist";
				LD_RUNPATH_SEARCH_PATHS = (
					"$(inherited)",
					"@executable_path/Frameworks",
				);
				PRODUCT_BUNDLE_IDENTIFIER = com.xyj.xxx;
				PRODUCT_NAME = "$(TARGET_NAME)";
				TARGETED_DEVICE_FAMILY = "1,2";
			};
			name = Release;
		};
/* End XCBuildConfiguration section */

/* Begin XCConfigurationList section */
		D69BB5C721D0C3E0006D0DFE /* Build configuration list for PBXProject "CoreAnimation_下雨" */ = {
			isa = XCConfigurationList;
			buildConfigurations = (
				D69BB5F621D0C3E2006D0DFE /* Debug */,
				D69BB5F721D0C3E2006D0DFE /* Release */,
			);
			defaultConfigurationIsVisible = 0;
			defaultConfigurationName = Release;
		};
		D69BB5F821D0C3E2006D0DFE /* Build configuration list for PBXNativeTarget "CoreAnimation_下雨" */ = {
			isa = XCConfigurationList;
			buildConfigurations = (
				D69BB5F921D0C3E2006D0DFE /* Debug */,
				D69BB5FA21D0C3E2006D0DFE /* Release */,
			);
			defaultConfigurationIsVisible = 0;
			defaultConfigurationName = Release;
		};
/* End XCConfigurationList section */
	};
	rootObject = D69BB5C421D0C3E0006D0DFE /* Project object */;
}
