// !$*UTF8*$!
{
	archiveVersion = 1;
	classes = {
	};
	objectVersion = 50;
	objects = {

/* Begin PBXBuildFile section */
		2DC38FDA20D9425200A3DC90 /* AppDelegate.m in Sources */ = {isa = PBXBuildFile; fileRef = 2DC38FD920D9425200A3DC90 /* AppDelegate.m */; };
		2DC38FDD20D9425200A3DC90 /* ViewController.m in Sources */ = {isa = PBXBuildFile; fileRef = 2DC38FDC20D9425200A3DC90 /* ViewController.m */; };
		2DC38FE020D9425200A3DC90 /* Main.storyboard in Resources */ = {isa = PBXBuildFile; fileRef = 2DC38FDE20D9425200A3DC90 /* Main.storyboard */; };
		2DC38FE220D9425300A3DC90 /* Assets.xcassets in Resources */ = {isa = PBXBuildFile; fileRef = 2DC38FE120D9425300A3DC90 /* Assets.xcassets */; };
		2DC38FE520D9425300A3DC90 /* LaunchScreen.storyboard in Resources */ = {isa = PBXBuildFile; fileRef = 2DC38FE320D9425300A3DC90 /* LaunchScreen.storyboard */; };
		2DC38FE820D9425300A3DC90 /* main.m in Sources */ = {isa = PBXBuildFile; fileRef = 2DC38FE720D9425300A3DC90 /* main.m */; };
		2DC38FF020D947DE00A3DC90 /* XZProxy1.m in Sources */ = {isa = PBXBuildFile; fileRef = 2DC38FEF20D947DE00A3DC90 /* XZProxy1.m */; };
		2DC38FF320D94ABE00A3DC90 /* XZProxy.m in Sources */ = {isa = PBXBuildFile; fileRef = 2DC38FF220D94ABE00A3DC90 /* XZProxy.m */; };
/* End PBXBuildFile section */

/* Begin PBXFileReference section */
		2DC38FD520D9425200A3DC90 /* NSTimer_NSProxy.app */ = {isa = PBXFileReference; explicitFileType = wrapper.application; includeInIndex = 0; path = NSTimer_NSProxy.app; sourceTree = BUILT_PRODUCTS_DIR; };
		2DC38FD820D9425200A3DC90 /* AppDelegate.h */ = {isa = PBXFileReference; lastKnownFileType = sourcecode.c.h; path = AppDelegate.h; sourceTree = "<group>"; };
		2DC38FD920D9425200A3DC90 /* AppDelegate.m */ = {isa = PBXFileReference; lastKnownFileType = sourcecode.c.objc; path = AppDelegate.m; sourceTree = "<group>"; };
		2DC38FDB20D9425200A3DC90 /* ViewController.h */ = {isa = PBXFileReference; lastKnownFileType = sourcecode.c.h; path = ViewController.h; sourceTree = "<group>"; };
		2DC38FDC20D9425200A3DC90 /* ViewController.m */ = {isa = PBXFileReference; lastKnownFileType = sourcecode.c.objc; path = ViewController.m; sourceTree = "<group>"; };
		2DC38FDF20D9425200A3DC90 /* Base */ = {isa = PBXFileReference; lastKnownFileType = file.storyboard; name = Base; path = Base.lproj/Main.storyboard; sourceTree = "<group>"; };
		2DC38FE120D9425300A3DC90 /* Assets.xcassets */ = {isa = PBXFileReference; lastKnownFileType = folder.assetcatalog; path = Assets.xcassets; sourceTree = "<group>"; };
		2DC38FE420D9425300A3DC90 /* Base */ = {isa = PBXFileReference; lastKnownFileType = file.storyboard; name = Base; path = Base.lproj/LaunchScreen.storyboard; sourceTree = "<group>"; };
		2DC38FE620D9425300A3DC90 /* Info.plist */ = {isa = PBXFileReference; lastKnownFileType = text.plist.xml; path = Info.plist; sourceTree = "<group>"; };
		2DC38FE720D9425300A3DC90 /* main.m */ = {isa = PBXFileReference; lastKnownFileType = sourcecode.c.objc; path = main.m; sourceTree = "<group>"; };
		2DC38FEE20D947DE00A3DC90 /* XZProxy1.h */ = {isa = PBXFileReference; lastKnownFileType = sourcecode.c.h; path = XZProxy1.h; sourceTree = "<group>"; };
		2DC38FEF20D947DE00A3DC90 /* XZProxy1.m */ = {isa = PBXFileReference; lastKnownFileType = sourcecode.c.objc; path = XZProxy1.m; sourceTree = "<group>"; };
		2DC38FF120D94ABE00A3DC90 /* XZProxy.h */ = {isa = PBXFileReference; lastKnownFileType = sourcecode.c.h; path = XZProxy.h; sourceTree = "<group>"; };
		2DC38FF220D94ABE00A3DC90 /* XZProxy.m */ = {isa = PBXFileReference; lastKnownFileType = sourcecode.c.objc; path = XZProxy.m; sourceTree = "<group>"; };
/* End PBXFileReference section */

/* Begin PBXFrameworksBuildPhase section */
		2DC38FD220D9425200A3DC90 /* Frameworks */ = {
			isa = PBXFrameworksBuildPhase;
			buildActionMask = 2147483647;
			files = (
			);
			runOnlyForDeploymentPostprocessing = 0;
		};
/* End PBXFrameworksBuildPhase section */

/* Begin PBXGroup section */
		2DC38FCC20D9425200A3DC90 = {
			isa = PBXGroup;
			children = (
				2DC38FD720D9425200A3DC90 /* NSTimer_NSProxy */,
				2DC38FD620D9425200A3DC90 /* Products */,
			);
			sourceTree = "<group>";
		};
		2DC38FD620D9425200A3DC90 /* Products */ = {
			isa = PBXGroup;
			children = (
				2DC38FD520D9425200A3DC90 /* NSTimer_NSProxy.app */,
			);
			name = Products;
			sourceTree = "<group>";
		};
		2DC38FD720D9425200A3DC90 /* NSTimer_NSProxy */ = {
			isa = PBXGroup;
			children = (
				2DC38FD820D9425200A3DC90 /* AppDelegate.h */,
				2DC38FD920D9425200A3DC90 /* AppDelegate.m */,
				2DC38FDB20D9425200A3DC90 /* ViewController.h */,
				2DC38FDC20D9425200A3DC90 /* ViewController.m */,
				2DC38FEE20D947DE00A3DC90 /* XZProxy1.h */,
				2DC38FEF20D947DE00A3DC90 /* XZProxy1.m */,
				2DC38FDE20D9425200A3DC90 /* Main.storyboard */,
				2DC38FE120D9425300A3DC90 /* Assets.xcassets */,
				2DC38FE320D9425300A3DC90 /* LaunchScreen.storyboard */,
				2DC38FE620D9425300A3DC90 /* Info.plist */,
				2DC38FE720D9425300A3DC90 /* main.m */,
				2DC38FF120D94ABE00A3DC90 /* XZProxy.h */,
				2DC38FF220D94ABE00A3DC90 /* XZProxy.m */,
			);
			path = NSTimer_NSProxy;
			sourceTree = "<group>";
		};
/* End PBXGroup section */

/* Begin PBXNativeTarget section */
		2DC38FD420D9425200A3DC90 /* NSTimer_NSProxy */ = {
			isa = PBXNativeTarget;
			buildConfigurationList = 2DC38FEB20D9425300A3DC90 /* Build configuration list for PBXNativeTarget "NSTimer_NSProxy" */;
			buildPhases = (
				2DC38FD120D9425200A3DC90 /* Sources */,
				2DC38FD220D9425200A3DC90 /* Frameworks */,
				2DC38FD320D9425200A3DC90 /* Resources */,
			);
			buildRules = (
			);
			dependencies = (
			);
			name = NSTimer_NSProxy;
			productName = "Interview03-定时器";
			productReference = 2DC38FD520D9425200A3DC90 /* NSTimer_NSProxy.app */;
			productType = "com.apple.product-type.application";
		};
/* End PBXNativeTarget section */

/* Begin PBXProject section */
		2DC38FCD20D9425200A3DC90 /* Project object */ = {
			isa = PBXProject;
			attributes = {
				LastUpgradeCheck = 0930;
				ORGANIZATIONNAME = xyj;
				TargetAttributes = {
					2DC38FD420D9425200A3DC90 = {
						CreatedOnToolsVersion = 9.3.1;
					};
				};
			};
			buildConfigurationList = 2DC38FD020D9425200A3DC90 /* Build configuration list for PBXProject "NSTimer_NSProxy" */;
			compatibilityVersion = "Xcode 9.3";
			developmentRegion = en;
			hasScannedForEncodings = 0;
			knownRegions = (
				en,
				Base,
			);
			mainGroup = 2DC38FCC20D9425200A3DC90;
			productRefGroup = 2DC38FD620D9425200A3DC90 /* Products */;
			projectDirPath = "";
			projectRoot = "";
			targets = (
				2DC38FD420D9425200A3DC90 /* NSTimer_NSProxy */,
			);
		};
/* End PBXProject section */

/* Begin PBXResourcesBuildPhase section */
		2DC38FD320D9425200A3DC90 /* Resources */ = {
			isa = PBXResourcesBuildPhase;
			buildActionMask = 2147483647;
			files = (
				2DC38FE520D9425300A3DC90 /* LaunchScreen.storyboard in Resources */,
				2DC38FE220D9425300A3DC90 /* Assets.xcassets in Resources */,
				2DC38FE020D9425200A3DC90 /* Main.storyboard in Resources */,
			);
			runOnlyForDeploymentPostprocessing = 0;
		};
/* End PBXResourcesBuildPhase section */

/* Begin PBXSourcesBuildPhase section */
		2DC38FD120D9425200A3DC90 /* Sources */ = {
			isa = PBXSourcesBuildPhase;
			buildActionMask = 2147483647;
			files = (
				2DC38FDD20D9425200A3DC90 /* ViewController.m in Sources */,
				2DC38FF020D947DE00A3DC90 /* XZProxy1.m in Sources */,
				2DC38FF320D94ABE00A3DC90 /* XZProxy.m in Sources */,
				2DC38FE820D9425300A3DC90 /* main.m in Sources */,
				2DC38FDA20D9425200A3DC90 /* AppDelegate.m in Sources */,
			);
			runOnlyForDeploymentPostprocessing = 0;
		};
/* End PBXSourcesBuildPhase section */

/* Begin PBXVariantGroup section */
		2DC38FDE20D9425200A3DC90 /* Main.storyboard */ = {
			isa = PBXVariantGroup;
			children = (
				2DC38FDF20D9425200A3DC90 /* Base */,
			);
			name = Main.storyboard;
			sourceTree = "<group>";
		};
		2DC38FE320D9425300A3DC90 /* LaunchScreen.storyboard */ = {
			isa = PBXVariantGroup;
			children = (
				2DC38FE420D9425300A3DC90 /* Base */,
			);
			name = LaunchScreen.storyboard;
			sourceTree = "<group>";
		};
/* End PBXVariantGroup section */

/* Begin XCBuildConfiguration section */
		2DC38FE920D9425300A3DC90 /* Debug */ = {
			isa = XCBuildConfiguration;
			buildSettings = {
				ALWAYS_SEARCH_USER_PATHS = NO;
				CLANG_ANALYZER_NONNULL = YES;
				CLANG_ANALYZER_NUMBER_OBJECT_CONVERSION = YES_AGGRESSIVE;
				CLANG_CXX_LANGUAGE_STANDARD = "gnu++14";
				CLANG_CXX_LIBRARY = "libc++";
				CLANG_ENABLE_MODULES = YES;
				CLANG_ENABLE_OBJC_ARC = YES;
				CLANG_ENABLE_OBJC_WEAK = YES;
				CLANG_WARN_BLOCK_CAPTURE_AUTORELEASING = YES;
				CLANG_WARN_BOOL_CONVERSION = YES;
				CLANG_WARN_COMMA = YES;
				CLANG_WARN_CONSTANT_CONVERSION = YES;
				CLANG_WARN_DEPRECATED_OBJC_IMPLEMENTATIONS = YES;
				CLANG_WARN_DIRECT_OBJC_ISA_USAGE = YES_ERROR;
				CLANG_WARN_DOCUMENTATION_COMMENTS = YES;
				CLANG_WARN_EMPTY_BODY = YES;
				CLANG_WARN_ENUM_CONVERSION = YES;
				CLANG_WARN_INFINITE_RECURSION = YES;
				CLANG_WARN_INT_CONVERSION = YES;
				CLANG_WARN_NON_LITERAL_NULL_CONVERSION = YES;
				CLANG_WARN_OBJC_IMPLICIT_RETAIN_SELF = YES;
				CLANG_WARN_OBJC_LITERAL_CONVERSION = YES;
				CLANG_WARN_OBJC_ROOT_CLASS = YES_ERROR;
				CLANG_WARN_RANGE_LOOP_ANALYSIS = YES;
				CLANG_WARN_STRICT_PROTOTYPES = YES;
				CLANG_WARN_SUSPICIOUS_MOVE = YES;
				CLANG_WARN_UNGUARDED_AVAILABILITY = YES_AGGRESSIVE;
				CLANG_WARN_UNREACHABLE_CODE = YES;
				CLANG_WARN__DUPLICATE_METHOD_MATCH = YES;
				CODE_SIGN_IDENTITY = "iPhone Developer";
				COPY_PHASE_STRIP = NO;
				DEBUG_INFORMATION_FORMAT = dwarf;
				ENABLE_STRICT_OBJC_MSGSEND = YES;
				ENABLE_TESTABILITY = YES;
				GCC_C_LANGUAGE_STANDARD = gnu11;
				GCC_DYNAMIC_NO_PIC = NO;
				GCC_NO_COMMON_BLOCKS = YES;
				GCC_OPTIMIZATION_LEVEL = 0;
				GCC_PREPROCESSOR_DEFINITIONS = (
					"DEBUG=1",
					"$(inherited)",
				);
				GCC_WARN_64_TO_32_BIT_CONVERSION = YES;
				GCC_WARN_ABOUT_RETURN_TYPE = YES_ERROR;
				GCC_WARN_UNDECLARED_SELECTOR = YES;
				GCC_WARN_UNINITIALIZED_AUTOS = YES_AGGRESSIVE;
				GCC_WARN_UNUSED_FUNCTION = YES;
				GCC_WARN_UNUSED_VARIABLE = YES;
				IPHONEOS_DEPLOYMENT_TARGET = 11.3;
				MTL_ENABLE_DEBUG_INFO = YES;
				ONLY_ACTIVE_ARCH = YES;
				SDKROOT = iphoneos;
			};
			name = Debug;
		};
		2DC38FEA20D9425300A3DC90 /* Release */ = {
			isa = XCBuildConfiguration;
			buildSettings = {
				ALWAYS_SEARCH_USER_PATHS = NO;
				CLANG_ANALYZER_NONNULL = YES;
				CLANG_ANALYZER_NUMBER_OBJECT_CONVERSION = YES_AGGRESSIVE;
				CLANG_CXX_LANGUAGE_STANDARD = "gnu++14";
				CLANG_CXX_LIBRARY = "libc++";
				CLANG_ENABLE_MODULES = YES;
				CLANG_ENABLE_OBJC_ARC = YES;
				CLANG_ENABLE_OBJC_WEAK = YES;
				CLANG_WARN_BLOCK_CAPTURE_AUTORELEASING = YES;
				CLANG_WARN_BOOL_CONVERSION = YES;
				CLANG_WARN_COMMA = YES;
				CLANG_WARN_CONSTANT_CONVERSION = YES;
				CLANG_WARN_DEPRECATED_OBJC_IMPLEMENTATIONS = YES;
				CLANG_WARN_DIRECT_OBJC_ISA_USAGE = YES_ERROR;
				CLANG_WARN_DOCUMENTATION_COMMENTS = YES;
				CLANG_WARN_EMPTY_BODY = YES;
				CLANG_WARN_ENUM_CONVERSION = YES;
				CLANG_WARN_INFINITE_RECURSION = YES;
				CLANG_WARN_INT_CONVERSION = YES;
				CLANG_WARN_NON_LITERAL_NULL_CONVERSION = YES;
				CLANG_WARN_OBJC_IMPLICIT_RETAIN_SELF = YES;
				CLANG_WARN_OBJC_LITERAL_CONVERSION = YES;
				CLANG_WARN_OBJC_ROOT_CLASS = YES_ERROR;
				CLANG_WARN_RANGE_LOOP_ANALYSIS = YES;
				CLANG_WARN_STRICT_PROTOTYPES = YES;
				CLANG_WARN_SUSPICIOUS_MOVE = YES;
				CLANG_WARN_UNGUARDED_AVAILABILITY = YES_AGGRESSIVE;
				CLANG_WARN_UNREACHABLE_CODE = YES;
				CLANG_WARN__DUPLICATE_METHOD_MATCH = YES;
				CODE_SIGN_IDENTITY = "iPhone Developer";
				COPY_PHASE_STRIP = NO;
				DEBUG_INFORMATION_FORMAT = "dwarf-with-dsym";
				ENABLE_NS_ASSERTIONS = NO;
				ENABLE_STRICT_OBJC_MSGSEND = YES;
				GCC_C_LANGUAGE_STANDARD = gnu11;
				GCC_NO_COMMON_BLOCKS = YES;
				GCC_WARN_64_TO_32_BIT_CONVERSION = YES;
				GCC_WARN_ABOUT_RETURN_TYPE = YES_ERROR;
				GCC_WARN_UNDECLARED_SELECTOR = YES;
				GCC_WARN_UNINITIALIZED_AUTOS = YES_AGGRESSIVE;
				GCC_WARN_UNUSED_FUNCTION = YES;
				GCC_WARN_UNUSED_VARIABLE = YES;
				IPHONEOS_DEPLOYMENT_TARGET = 11.3;
				MTL_ENABLE_DEBUG_INFO = NO;
				SDKROOT = iphoneos;
				VALIDATE_PRODUCT = YES;
			};
			name = Release;
		};
		2DC38FEC20D9425300A3DC90 /* Debug */ = {
			isa = XCBuildConfiguration;
			buildSettings = {
				ASSETCATALOG_COMPILER_APPICON_NAME = AppIcon;
				CODE_SIGN_STYLE = Automatic;
				INFOPLIST_FILE = NSTimer_NSProxy/Info.plist;
				LD_RUNPATH_SEARCH_PATHS = (
					"$(inherited)",
					"@executable_path/Frameworks",
				);
				PRODUCT_BUNDLE_IDENTIFIER = com.xyj.xxx;
				PRODUCT_NAME = "$(TARGET_NAME)";
				TARGETED_DEVICE_FAMILY = "1,2";
			};
			name = Debug;
		};
		2DC38FED20D9425300A3DC90 /* Release */ = {
			isa = XCBuildConfiguration;
			buildSettings = {
				ASSETCATALOG_COMPILER_APPICON_NAME = AppIcon;
				CODE_SIGN_STYLE = Automatic;
				INFOPLIST_FILE = NSTimer_NSProxy/Info.plist;
				LD_RUNPATH_SEARCH_PATHS = (
					"$(inherited)",
					"@executable_path/Frameworks",
				);
				PRODUCT_BUNDLE_IDENTIFIER = com.xyj.xxx;
				PRODUCT_NAME = "$(TARGET_NAME)";
				TARGETED_DEVICE_FAMILY = "1,2";
			};
			name = Release;
		};
/* End XCBuildConfiguration section */

/* Begin XCConfigurationList section */
		2DC38FD020D9425200A3DC90 /* Build configuration list for PBXProject "NSTimer_NSProxy" */ = {
			isa = XCConfigurationList;
			buildConfigurations = (
				2DC38FE920D9425300A3DC90 /* Debug */,
				2DC38FEA20D9425300A3DC90 /* Release */,
			);
			defaultConfigurationIsVisible = 0;
			defaultConfigurationName = Release;
		};
		2DC38FEB20D9425300A3DC90 /* Build configuration list for PBXNativeTarget "NSTimer_NSProxy" */ = {
			isa = XCConfigurationList;
			buildConfigurations = (
				2DC38FEC20D9425300A3DC90 /* Debug */,
				2DC38FED20D9425300A3DC90 /* Release */,
			);
			defaultConfigurationIsVisible = 0;
			defaultConfigurationName = Release;
		};
/* End XCConfigurationList section */
	};
	rootObject = 2DC38FCD20D9425200A3DC90 /* Project object */;
}
