// !$*UTF8*$!
{
	archiveVersion = 1;
	classes = {
	};
	objectVersion = 50;
	objects = {

/* Begin PBXBuildFile section */
		5485585425B5C5C30029BAF3 /* WeakSymbol.h in Headers */ = {isa = PBXBuildFile; fileRef = 548868C625B1602E00E86D13 /* WeakSymbol.h */; };
		5485585825B5CACA0029BAF3 /* SwiftSymbol.swift in Headers */ = {isa = PBXBuildFile; fileRef = 549B19F325B46B0F001DC898 /* SwiftSymbol.swift */; };
		5485585E25B5CEB20029BAF3 /* XZOneObject.m in Sources */ = {isa = PBXBuildFile; fileRef = 549B19EE25B46A20001DC898 /* XZOneObject.m */; };
		548868CB25B1602E00E86D13 /* main.m in Sources */ = {isa = PBXBuildFile; fileRef = 548868C425B1602E00E86D13 /* main.m */; };
		549B1ADA25B48146001DC898 /* XZOneObject.h in Headers */ = {isa = PBXBuildFile; fileRef = 549B19EF25B46A21001DC898 /* XZOneObject.h */; settings = {ATTRIBUTES = (Public, ); }; };
/* End PBXBuildFile section */

/* Begin PBXCopyFilesBuildPhase section */
		5428E62625AD7CD300A3D116 /* CopyFiles */ = {
			isa = PBXCopyFilesBuildPhase;
			buildActionMask = 2147483647;
			dstPath = /usr/share/man/man1/;
			dstSubfolderSpec = 0;
			files = (
			);
			runOnlyForDeploymentPostprocessing = 1;
		};
/* End PBXCopyFilesBuildPhase section */

/* Begin PBXFileReference section */
		5428E62825AD7CD300A3D116 /* MachOAndSymbol */ = {isa = PBXFileReference; explicitFileType = "compiled.mach-o.executable"; includeInIndex = 0; path = MachOAndSymbol; sourceTree = BUILT_PRODUCTS_DIR; };
		548868C325B1602E00E86D13 /* WeakImportSymbol.m */ = {isa = PBXFileReference; fileEncoding = 4; lastKnownFileType = sourcecode.c.objc; path = WeakImportSymbol.m; sourceTree = "<group>"; };
		548868C425B1602E00E86D13 /* main.m */ = {isa = PBXFileReference; fileEncoding = 4; lastKnownFileType = sourcecode.c.objc; path = main.m; sourceTree = "<group>"; };
		548868C525B1602E00E86D13 /* WeakImportSymbol.h */ = {isa = PBXFileReference; fileEncoding = 4; lastKnownFileType = sourcecode.c.h; path = WeakImportSymbol.h; sourceTree = "<group>"; };
		548868C625B1602E00E86D13 /* WeakSymbol.h */ = {isa = PBXFileReference; fileEncoding = 4; lastKnownFileType = sourcecode.c.h; path = WeakSymbol.h; sourceTree = "<group>"; };
		548868C725B1602E00E86D13 /* VisibilitySymbol.h */ = {isa = PBXFileReference; fileEncoding = 4; lastKnownFileType = sourcecode.c.h; path = VisibilitySymbol.h; sourceTree = "<group>"; };
		548868C825B1602E00E86D13 /* WeakSymbol.m */ = {isa = PBXFileReference; fileEncoding = 4; lastKnownFileType = sourcecode.c.objc; path = WeakSymbol.m; sourceTree = "<group>"; };
		548868C925B1602E00E86D13 /* VisibilitySymbol.m */ = {isa = PBXFileReference; fileEncoding = 4; lastKnownFileType = sourcecode.c.objc; path = VisibilitySymbol.m; sourceTree = "<group>"; };
		5488699625B1D42D00E86D13 /* MachOAndSymbol.RunCMD.xcconfig */ = {isa = PBXFileReference; lastKnownFileType = text.xcconfig; path = MachOAndSymbol.RunCMD.xcconfig; sourceTree = "<group>"; };
		54886CE125B2A91E00E86D13 /* MachOAndSymbol.Debug.xcconfig */ = {isa = PBXFileReference; lastKnownFileType = text.xcconfig; path = MachOAndSymbol.Debug.xcconfig; sourceTree = "<group>"; };
		549B19EE25B46A20001DC898 /* XZOneObject.m */ = {isa = PBXFileReference; fileEncoding = 4; lastKnownFileType = sourcecode.c.objc; path = XZOneObject.m; sourceTree = "<group>"; };
		549B19EF25B46A21001DC898 /* XZOneObject.h */ = {isa = PBXFileReference; fileEncoding = 4; lastKnownFileType = sourcecode.c.h; path = XZOneObject.h; sourceTree = "<group>"; };
		549B19F225B46B0F001DC898 /* MachOAndSymbol-Bridging-Header.h */ = {isa = PBXFileReference; lastKnownFileType = sourcecode.c.h; path = "MachOAndSymbol-Bridging-Header.h"; sourceTree = "<group>"; };
		549B19F325B46B0F001DC898 /* SwiftSymbol.swift */ = {isa = PBXFileReference; lastKnownFileType = sourcecode.swift; path = SwiftSymbol.swift; sourceTree = "<group>"; };
/* End PBXFileReference section */

/* Begin PBXFrameworksBuildPhase section */
		5428E62525AD7CD300A3D116 /* Frameworks */ = {
			isa = PBXFrameworksBuildPhase;
			buildActionMask = 2147483647;
			files = (
			);
			runOnlyForDeploymentPostprocessing = 0;
		};
/* End PBXFrameworksBuildPhase section */

/* Begin PBXGroup section */
		5428E61F25AD7CD300A3D116 = {
			isa = PBXGroup;
			children = (
				5428E62A25AD7CD300A3D116 /* Source */,
				548868C425B1602E00E86D13 /* main.m */,
				548868C725B1602E00E86D13 /* VisibilitySymbol.h */,
				548868C925B1602E00E86D13 /* VisibilitySymbol.m */,
				548868C525B1602E00E86D13 /* WeakImportSymbol.h */,
				548868C325B1602E00E86D13 /* WeakImportSymbol.m */,
				548868C625B1602E00E86D13 /* WeakSymbol.h */,
				548868C825B1602E00E86D13 /* WeakSymbol.m */,
				549B19EF25B46A21001DC898 /* XZOneObject.h */,
				549B19EE25B46A20001DC898 /* XZOneObject.m */,
				549B19F325B46B0F001DC898 /* SwiftSymbol.swift */,
				549B19F225B46B0F001DC898 /* MachOAndSymbol-Bridging-Header.h */,
				5428E62925AD7CD300A3D116 /* Products */,
			);
			sourceTree = "<group>";
			wrapsLines = 0;
		};
		5428E62925AD7CD300A3D116 /* Products */ = {
			isa = PBXGroup;
			children = (
				5428E62825AD7CD300A3D116 /* MachOAndSymbol */,
			);
			name = Products;
			sourceTree = "<group>";
		};
		5428E62A25AD7CD300A3D116 /* Source */ = {
			isa = PBXGroup;
			children = (
				5488699625B1D42D00E86D13 /* MachOAndSymbol.RunCMD.xcconfig */,
				54886CE125B2A91E00E86D13 /* MachOAndSymbol.Debug.xcconfig */,
			);
			path = Source;
			sourceTree = "<group>";
		};
/* End PBXGroup section */

/* Begin PBXHeadersBuildPhase section */
		549B1AD925B4813B001DC898 /* Headers */ = {
			isa = PBXHeadersBuildPhase;
			buildActionMask = 2147483647;
			files = (
				549B1ADA25B48146001DC898 /* XZOneObject.h in Headers */,
				5485585825B5CACA0029BAF3 /* SwiftSymbol.swift in Headers */,
				5485585425B5C5C30029BAF3 /* WeakSymbol.h in Headers */,
			);
			runOnlyForDeploymentPostprocessing = 0;
		};
/* End PBXHeadersBuildPhase section */

/* Begin PBXNativeTarget section */
		5428E62725AD7CD300A3D116 /* MachOAndSymbol */ = {
			isa = PBXNativeTarget;
			buildConfigurationList = 5428E62F25AD7CD300A3D116 /* Build configuration list for PBXNativeTarget "MachOAndSymbol" */;
			buildPhases = (
				549B1AD925B4813B001DC898 /* Headers */,
				5428E62425AD7CD300A3D116 /* Sources */,
				5428E62525AD7CD300A3D116 /* Frameworks */,
				5428E62625AD7CD300A3D116 /* CopyFiles */,
				5428E65625AD8FE700A3D116 /* Run Script */,
			);
			buildRules = (
			);
			dependencies = (
			);
			name = MachOAndSymbol;
			productName = MachOAndSymbol;
			productReference = 5428E62825AD7CD300A3D116 /* MachOAndSymbol */;
			productType = "com.apple.product-type.tool";
		};
/* End PBXNativeTarget section */

/* Begin PBXProject section */
		5428E62025AD7CD300A3D116 /* Project object */ = {
			isa = PBXProject;
			attributes = {
				LastUpgradeCheck = 1230;
				TargetAttributes = {
					5428E62725AD7CD300A3D116 = {
						CreatedOnToolsVersion = 12.3;
						LastSwiftMigration = 1230;
					};
				};
			};
			buildConfigurationList = 5428E62325AD7CD300A3D116 /* Build configuration list for PBXProject "MachOAndSymbol" */;
			compatibilityVersion = "Xcode 9.3";
			developmentRegion = en;
			hasScannedForEncodings = 0;
			knownRegions = (
				en,
				Base,
			);
			mainGroup = 5428E61F25AD7CD300A3D116;
			productRefGroup = 5428E62925AD7CD300A3D116 /* Products */;
			projectDirPath = "";
			projectRoot = "";
			targets = (
				5428E62725AD7CD300A3D116 /* MachOAndSymbol */,
			);
		};
/* End PBXProject section */

/* Begin PBXShellScriptBuildPhase section */
		5428E65625AD8FE700A3D116 /* Run Script */ = {
			isa = PBXShellScriptBuildPhase;
			buildActionMask = 2147483647;
			files = (
			);
			inputFileListPaths = (
			);
			inputPaths = (
			);
			name = "Run Script";
			outputFileListPaths = (
			);
			outputPaths = (
			);
			runOnlyForDeploymentPostprocessing = 0;
			shellPath = /bin/sh;
			shellScript = "/bin/sh \"$SRCROOT/xcode_run_cmd.sh\"\n";
		};
/* End PBXShellScriptBuildPhase section */

/* Begin PBXSourcesBuildPhase section */
		5428E62425AD7CD300A3D116 /* Sources */ = {
			isa = PBXSourcesBuildPhase;
			buildActionMask = 2147483647;
			files = (
				5485585E25B5CEB20029BAF3 /* XZOneObject.m in Sources */,
				548868CB25B1602E00E86D13 /* main.m in Sources */,
			);
			runOnlyForDeploymentPostprocessing = 0;
		};
/* End PBXSourcesBuildPhase section */

/* Begin XCBuildConfiguration section */
		5428E62D25AD7CD300A3D116 /* Debug */ = {
			isa = XCBuildConfiguration;
			buildSettings = {
				ALWAYS_SEARCH_USER_PATHS = NO;
				CLANG_ANALYZER_NONNULL = YES;
				CLANG_ANALYZER_NUMBER_OBJECT_CONVERSION = YES_AGGRESSIVE;
				CLANG_CXX_LANGUAGE_STANDARD = "gnu++14";
				CLANG_CXX_LIBRARY = "libc++";
				CLANG_ENABLE_MODULES = YES;
				CLANG_ENABLE_OBJC_ARC = YES;
				CLANG_ENABLE_OBJC_WEAK = YES;
				CLANG_WARN_BLOCK_CAPTURE_AUTORELEASING = YES;
				CLANG_WARN_BOOL_CONVERSION = YES;
				CLANG_WARN_COMMA = YES;
				CLANG_WARN_CONSTANT_CONVERSION = YES;
				CLANG_WARN_DEPRECATED_OBJC_IMPLEMENTATIONS = YES;
				CLANG_WARN_DIRECT_OBJC_ISA_USAGE = YES_ERROR;
				CLANG_WARN_DOCUMENTATION_COMMENTS = YES;
				CLANG_WARN_EMPTY_BODY = YES;
				CLANG_WARN_ENUM_CONVERSION = YES;
				CLANG_WARN_INFINITE_RECURSION = YES;
				CLANG_WARN_INT_CONVERSION = YES;
				CLANG_WARN_NON_LITERAL_NULL_CONVERSION = YES;
				CLANG_WARN_OBJC_IMPLICIT_RETAIN_SELF = YES;
				CLANG_WARN_OBJC_LITERAL_CONVERSION = YES;
				CLANG_WARN_OBJC_ROOT_CLASS = YES_ERROR;
				CLANG_WARN_QUOTED_INCLUDE_IN_FRAMEWORK_HEADER = YES;
				CLANG_WARN_RANGE_LOOP_ANALYSIS = YES;
				CLANG_WARN_STRICT_PROTOTYPES = YES;
				CLANG_WARN_SUSPICIOUS_MOVE = YES;
				CLANG_WARN_UNGUARDED_AVAILABILITY = YES_AGGRESSIVE;
				CLANG_WARN_UNREACHABLE_CODE = YES;
				CLANG_WARN__DUPLICATE_METHOD_MATCH = YES;
				COPY_PHASE_STRIP = NO;
				DEBUG_INFORMATION_FORMAT = dwarf;
				ENABLE_STRICT_OBJC_MSGSEND = YES;
				ENABLE_TESTABILITY = YES;
				GCC_C_LANGUAGE_STANDARD = gnu11;
				GCC_DYNAMIC_NO_PIC = NO;
				GCC_NO_COMMON_BLOCKS = YES;
				GCC_OPTIMIZATION_LEVEL = 0;
				GCC_PREPROCESSOR_DEFINITIONS = (
					"DEBUG=1",
					"$(inherited)",
				);
				GCC_WARN_64_TO_32_BIT_CONVERSION = YES;
				GCC_WARN_ABOUT_RETURN_TYPE = YES_ERROR;
				GCC_WARN_UNDECLARED_SELECTOR = YES;
				GCC_WARN_UNINITIALIZED_AUTOS = YES_AGGRESSIVE;
				GCC_WARN_UNUSED_FUNCTION = YES;
				GCC_WARN_UNUSED_VARIABLE = YES;
				MACOSX_DEPLOYMENT_TARGET = 11.1;
				MTL_ENABLE_DEBUG_INFO = INCLUDE_SOURCE;
				MTL_FAST_MATH = YES;
				ONLY_ACTIVE_ARCH = YES;
				OTHER_LDFLAGS = "";
				SDKROOT = macosx;
			};
			name = Debug;
		};
		5428E62E25AD7CD300A3D116 /* Release */ = {
			isa = XCBuildConfiguration;
			buildSettings = {
				ALWAYS_SEARCH_USER_PATHS = NO;
				CLANG_ANALYZER_NONNULL = YES;
				CLANG_ANALYZER_NUMBER_OBJECT_CONVERSION = YES_AGGRESSIVE;
				CLANG_CXX_LANGUAGE_STANDARD = "gnu++14";
				CLANG_CXX_LIBRARY = "libc++";
				CLANG_ENABLE_MODULES = YES;
				CLANG_ENABLE_OBJC_ARC = YES;
				CLANG_ENABLE_OBJC_WEAK = YES;
				CLANG_WARN_BLOCK_CAPTURE_AUTORELEASING = YES;
				CLANG_WARN_BOOL_CONVERSION = YES;
				CLANG_WARN_COMMA = YES;
				CLANG_WARN_CONSTANT_CONVERSION = YES;
				CLANG_WARN_DEPRECATED_OBJC_IMPLEMENTATIONS = YES;
				CLANG_WARN_DIRECT_OBJC_ISA_USAGE = YES_ERROR;
				CLANG_WARN_DOCUMENTATION_COMMENTS = YES;
				CLANG_WARN_EMPTY_BODY = YES;
				CLANG_WARN_ENUM_CONVERSION = YES;
				CLANG_WARN_INFINITE_RECURSION = YES;
				CLANG_WARN_INT_CONVERSION = YES;
				CLANG_WARN_NON_LITERAL_NULL_CONVERSION = YES;
				CLANG_WARN_OBJC_IMPLICIT_RETAIN_SELF = YES;
				CLANG_WARN_OBJC_LITERAL_CONVERSION = YES;
				CLANG_WARN_OBJC_ROOT_CLASS = YES_ERROR;
				CLANG_WARN_QUOTED_INCLUDE_IN_FRAMEWORK_HEADER = YES;
				CLANG_WARN_RANGE_LOOP_ANALYSIS = YES;
				CLANG_WARN_STRICT_PROTOTYPES = YES;
				CLANG_WARN_SUSPICIOUS_MOVE = YES;
				CLANG_WARN_UNGUARDED_AVAILABILITY = YES_AGGRESSIVE;
				CLANG_WARN_UNREACHABLE_CODE = YES;
				CLANG_WARN__DUPLICATE_METHOD_MATCH = YES;
				COPY_PHASE_STRIP = NO;
				DEBUG_INFORMATION_FORMAT = "dwarf-with-dsym";
				ENABLE_NS_ASSERTIONS = NO;
				ENABLE_STRICT_OBJC_MSGSEND = YES;
				GCC_C_LANGUAGE_STANDARD = gnu11;
				GCC_NO_COMMON_BLOCKS = YES;
				GCC_WARN_64_TO_32_BIT_CONVERSION = YES;
				GCC_WARN_ABOUT_RETURN_TYPE = YES_ERROR;
				GCC_WARN_UNDECLARED_SELECTOR = YES;
				GCC_WARN_UNINITIALIZED_AUTOS = YES_AGGRESSIVE;
				GCC_WARN_UNUSED_FUNCTION = YES;
				GCC_WARN_UNUSED_VARIABLE = YES;
				MACOSX_DEPLOYMENT_TARGET = 11.1;
				MTL_ENABLE_DEBUG_INFO = NO;
				MTL_FAST_MATH = YES;
				OTHER_LDFLAGS = "";
				SDKROOT = macosx;
			};
			name = Release;
		};
		5428E63025AD7CD300A3D116 /* Debug */ = {
			isa = XCBuildConfiguration;
			baseConfigurationReference = 54886CE125B2A91E00E86D13 /* MachOAndSymbol.Debug.xcconfig */;
			buildSettings = {
				CLANG_ENABLE_MODULES = YES;
				CODE_SIGN_STYLE = Automatic;
				DEAD_CODE_STRIPPING = YES;
				DEBUG_INFORMATION_FORMAT = "dwarf-with-dsym";
				DEPLOYMENT_POSTPROCESSING = NO;
				LD_RUNPATH_SEARCH_PATHS = (
					"$(inherited)",
					"@executable_path/../Frameworks",
					"@loader_path/../Frameworks",
				);
				MACH_O_TYPE = mh_execute;
				PRODUCT_NAME = "$(TARGET_NAME)";
				STRIP_STYLE = all;
				STRIP_SWIFT_SYMBOLS = NO;
				SWIFT_OBJC_BRIDGING_HEADER = "MachOAndSymbol-Bridging-Header.h";
				SWIFT_OPTIMIZATION_LEVEL = "-Onone";
				SWIFT_VERSION = 5.0;
			};
			name = Debug;
		};
		5428E63125AD7CD300A3D116 /* Release */ = {
			isa = XCBuildConfiguration;
			buildSettings = {
				CLANG_ENABLE_MODULES = YES;
				CODE_SIGN_STYLE = Automatic;
				DEPLOYMENT_POSTPROCESSING = NO;
				LD_RUNPATH_SEARCH_PATHS = (
					"$(inherited)",
					"@executable_path/../Frameworks",
					"@loader_path/../Frameworks",
				);
				MACH_O_TYPE = mh_execute;
				PRODUCT_NAME = "$(TARGET_NAME)";
				STRIP_STYLE = all;
				STRIP_SWIFT_SYMBOLS = NO;
				SWIFT_OBJC_BRIDGING_HEADER = "MachOAndSymbol-Bridging-Header.h";
				SWIFT_VERSION = 5.0;
			};
			name = Release;
		};
/* End XCBuildConfiguration section */

/* Begin XCConfigurationList section */
		5428E62325AD7CD300A3D116 /* Build configuration list for PBXProject "MachOAndSymbol" */ = {
			isa = XCConfigurationList;
			buildConfigurations = (
				5428E62D25AD7CD300A3D116 /* Debug */,
				5428E62E25AD7CD300A3D116 /* Release */,
			);
			defaultConfigurationIsVisible = 0;
			defaultConfigurationName = Release;
		};
		5428E62F25AD7CD300A3D116 /* Build configuration list for PBXNativeTarget "MachOAndSymbol" */ = {
			isa = XCConfigurationList;
			buildConfigurations = (
				5428E63025AD7CD300A3D116 /* Debug */,
				5428E63125AD7CD300A3D116 /* Release */,
			);
			defaultConfigurationIsVisible = 0;
			defaultConfigurationName = Release;
		};
/* End XCConfigurationList section */
	};
	rootObject = 5428E62025AD7CD300A3D116 /* Project object */;
}
