// !$*UTF8*$!
{
	archiveVersion = 1;
	classes = {
	};
	objectVersion = 56;
	objects = {

/* Begin PBXBuildFile section */
		302A1C992931C3EA0000372D /* RS_斐波那契数列.swift in Sources */ = {isa = PBXBuildFile; fileRef = 302A1C982931C3EA0000372D /* RS_斐波那契数列.swift */; };
		302A1C9B2931F7CB0000372D /* RS_汉诺塔.swift in Sources */ = {isa = PBXBuildFile; fileRef = 302A1C9A2931F7CB0000372D /* RS_汉诺塔.swift */; };
		302A1C9E2933A20A0000372D /* Queens.swift in Sources */ = {isa = PBXBuildFile; fileRef = 302A1C9D2933A20A0000372D /* Queens.swift */; };
		302A1CA12936082E0000372D /* Knapsack.swift in Sources */ = {isa = PBXBuildFile; fileRef = 302A1CA02936082E0000372D /* Knapsack.swift */; };
		30D06E0129289DF80030C65E /* main.swift in Sources */ = {isa = PBXBuildFile; fileRef = 30D06E0029289DF80030C65E /* main.swift */; };
		30D06E082928AB520030C65E /* ArrayPrint.swift in Sources */ = {isa = PBXBuildFile; fileRef = 30D06E072928AB520030C65E /* ArrayPrint.swift */; };
		30D06E0A2928AB7F0030C65E /* ArraySort.swift in Sources */ = {isa = PBXBuildFile; fileRef = 30D06E092928AB7F0030C65E /* ArraySort.swift */; };
		30D06E0E2929D26D0030C65E /* BublleSort.swift in Sources */ = {isa = PBXBuildFile; fileRef = 30D06E0D2929D26D0030C65E /* BublleSort.swift */; };
		30D06E102929D28B0030C65E /* SelectionSort.swift in Sources */ = {isa = PBXBuildFile; fileRef = 30D06E0F2929D28B0030C65E /* SelectionSort.swift */; };
		30D06E122929D2A30030C65E /* HeapSort.swift in Sources */ = {isa = PBXBuildFile; fileRef = 30D06E112929D2A30030C65E /* HeapSort.swift */; };
		30D06E15292B2F090030C65E /* InsertionSort.swift in Sources */ = {isa = PBXBuildFile; fileRef = 30D06E14292B2F090030C65E /* InsertionSort.swift */; };
		30D06E17292B541C0030C65E /* MergeSort.swift in Sources */ = {isa = PBXBuildFile; fileRef = 30D06E16292B541C0030C65E /* MergeSort.swift */; };
		30D06E1A292B6CCD0030C65E /* LC_88_合并两个有序数组.swift in Sources */ = {isa = PBXBuildFile; fileRef = 30D06E19292B6CCD0030C65E /* LC_88_合并两个有序数组.swift */; };
		30D06E1C292B77C60030C65E /* LC_21_合并两个有序链表.swift in Sources */ = {isa = PBXBuildFile; fileRef = 30D06E1B292B77C60030C65E /* LC_21_合并两个有序链表.swift */; };
		30D06E1F292B78480030C65E /* ListNode.swift in Sources */ = {isa = PBXBuildFile; fileRef = 30D06E1E292B78480030C65E /* ListNode.swift */; };
		30D06E21292B9E4E0030C65E /* LC_23_合并K个升序链表.swift in Sources */ = {isa = PBXBuildFile; fileRef = 30D06E20292B9E4E0030C65E /* LC_23_合并K个升序链表.swift */; };
		30D06E2D292D19690030C65E /* QuickSort.swift in Sources */ = {isa = PBXBuildFile; fileRef = 30D06E2C292D19690030C65E /* QuickSort.swift */; };
		30D06E2F292F103C0030C65E /* ShellSort.swift in Sources */ = {isa = PBXBuildFile; fileRef = 30D06E2E292F103C0030C65E /* ShellSort.swift */; };
		30D06E31292F6E290030C65E /* CountSort.swift in Sources */ = {isa = PBXBuildFile; fileRef = 30D06E30292F6E290030C65E /* CountSort.swift */; };
		30D06E33292F7A2A0030C65E /* RadixSort.swift in Sources */ = {isa = PBXBuildFile; fileRef = 30D06E32292F7A2A0030C65E /* RadixSort.swift */; };
		30D06E35292F9C520030C65E /* BucketSort.swift in Sources */ = {isa = PBXBuildFile; fileRef = 30D06E34292F9C520030C65E /* BucketSort.swift */; };
/* End PBXBuildFile section */

/* Begin PBXCopyFilesBuildPhase section */
		30D06DFB29289DF80030C65E /* CopyFiles */ = {
			isa = PBXCopyFilesBuildPhase;
			buildActionMask = 2147483647;
			dstPath = /usr/share/man/man1/;
			dstSubfolderSpec = 0;
			files = (
			);
			runOnlyForDeploymentPostprocessing = 1;
		};
/* End PBXCopyFilesBuildPhase section */

/* Begin PBXFileReference section */
		302A1C982931C3EA0000372D /* RS_斐波那契数列.swift */ = {isa = PBXFileReference; lastKnownFileType = sourcecode.swift; path = "RS_斐波那契数列.swift"; sourceTree = "<group>"; };
		302A1C9A2931F7CB0000372D /* RS_汉诺塔.swift */ = {isa = PBXFileReference; lastKnownFileType = sourcecode.swift; path = "RS_汉诺塔.swift"; sourceTree = "<group>"; };
		302A1C9D2933A20A0000372D /* Queens.swift */ = {isa = PBXFileReference; lastKnownFileType = sourcecode.swift; path = Queens.swift; sourceTree = "<group>"; };
		302A1CA02936082E0000372D /* Knapsack.swift */ = {isa = PBXFileReference; lastKnownFileType = sourcecode.swift; path = Knapsack.swift; sourceTree = "<group>"; };
		30D06DFD29289DF80030C65E /* Algorithm */ = {isa = PBXFileReference; explicitFileType = "compiled.mach-o.executable"; includeInIndex = 0; path = Algorithm; sourceTree = BUILT_PRODUCTS_DIR; };
		30D06E0029289DF80030C65E /* main.swift */ = {isa = PBXFileReference; lastKnownFileType = sourcecode.swift; path = main.swift; sourceTree = "<group>"; };
		30D06E072928AB520030C65E /* ArrayPrint.swift */ = {isa = PBXFileReference; lastKnownFileType = sourcecode.swift; path = ArrayPrint.swift; sourceTree = "<group>"; };
		30D06E092928AB7F0030C65E /* ArraySort.swift */ = {isa = PBXFileReference; lastKnownFileType = sourcecode.swift; path = ArraySort.swift; sourceTree = "<group>"; };
		30D06E0D2929D26D0030C65E /* BublleSort.swift */ = {isa = PBXFileReference; lastKnownFileType = sourcecode.swift; path = BublleSort.swift; sourceTree = "<group>"; };
		30D06E0F2929D28B0030C65E /* SelectionSort.swift */ = {isa = PBXFileReference; lastKnownFileType = sourcecode.swift; path = SelectionSort.swift; sourceTree = "<group>"; };
		30D06E112929D2A30030C65E /* HeapSort.swift */ = {isa = PBXFileReference; lastKnownFileType = sourcecode.swift; path = HeapSort.swift; sourceTree = "<group>"; };
		30D06E14292B2F090030C65E /* InsertionSort.swift */ = {isa = PBXFileReference; lastKnownFileType = sourcecode.swift; path = InsertionSort.swift; sourceTree = "<group>"; };
		30D06E16292B541C0030C65E /* MergeSort.swift */ = {isa = PBXFileReference; lastKnownFileType = sourcecode.swift; path = MergeSort.swift; sourceTree = "<group>"; };
		30D06E19292B6CCD0030C65E /* LC_88_合并两个有序数组.swift */ = {isa = PBXFileReference; lastKnownFileType = sourcecode.swift; path = "LC_88_合并两个有序数组.swift"; sourceTree = "<group>"; };
		30D06E1B292B77C60030C65E /* LC_21_合并两个有序链表.swift */ = {isa = PBXFileReference; lastKnownFileType = sourcecode.swift; path = "LC_21_合并两个有序链表.swift"; sourceTree = "<group>"; };
		30D06E1E292B78480030C65E /* ListNode.swift */ = {isa = PBXFileReference; lastKnownFileType = sourcecode.swift; path = ListNode.swift; sourceTree = "<group>"; };
		30D06E20292B9E4E0030C65E /* LC_23_合并K个升序链表.swift */ = {isa = PBXFileReference; lastKnownFileType = sourcecode.swift; path = "LC_23_合并K个升序链表.swift"; sourceTree = "<group>"; };
		30D06E2C292D19690030C65E /* QuickSort.swift */ = {isa = PBXFileReference; lastKnownFileType = sourcecode.swift; path = QuickSort.swift; sourceTree = "<group>"; };
		30D06E2E292F103C0030C65E /* ShellSort.swift */ = {isa = PBXFileReference; lastKnownFileType = sourcecode.swift; path = ShellSort.swift; sourceTree = "<group>"; };
		30D06E30292F6E290030C65E /* CountSort.swift */ = {isa = PBXFileReference; lastKnownFileType = sourcecode.swift; path = CountSort.swift; sourceTree = "<group>"; };
		30D06E32292F7A2A0030C65E /* RadixSort.swift */ = {isa = PBXFileReference; lastKnownFileType = sourcecode.swift; path = RadixSort.swift; sourceTree = "<group>"; };
		30D06E34292F9C520030C65E /* BucketSort.swift */ = {isa = PBXFileReference; lastKnownFileType = sourcecode.swift; path = BucketSort.swift; sourceTree = "<group>"; };
/* End PBXFileReference section */

/* Begin PBXFrameworksBuildPhase section */
		30D06DFA29289DF80030C65E /* Frameworks */ = {
			isa = PBXFrameworksBuildPhase;
			buildActionMask = 2147483647;
			files = (
			);
			runOnlyForDeploymentPostprocessing = 0;
		};
/* End PBXFrameworksBuildPhase section */

/* Begin PBXGroup section */
		302A1C972931C3BA0000372D /* Recursion */ = {
			isa = PBXGroup;
			children = (
				302A1C982931C3EA0000372D /* RS_斐波那契数列.swift */,
				302A1C9A2931F7CB0000372D /* RS_汉诺塔.swift */,
			);
			path = Recursion;
			sourceTree = "<group>";
		};
		302A1C9C29339FE30000372D /* BackTracking */ = {
			isa = PBXGroup;
			children = (
				302A1C9D2933A20A0000372D /* Queens.swift */,
			);
			path = BackTracking;
			sourceTree = "<group>";
		};
		302A1C9F293607EC0000372D /* Greedy */ = {
			isa = PBXGroup;
			children = (
				302A1CA02936082E0000372D /* Knapsack.swift */,
			);
			path = Greedy;
			sourceTree = "<group>";
		};
		30D06DF429289DF80030C65E = {
			isa = PBXGroup;
			children = (
				30D06DFF29289DF80030C65E /* Algorithm */,
				30D06DFE29289DF80030C65E /* Products */,
			);
			sourceTree = "<group>";
		};
		30D06DFE29289DF80030C65E /* Products */ = {
			isa = PBXGroup;
			children = (
				30D06DFD29289DF80030C65E /* Algorithm */,
			);
			name = Products;
			sourceTree = "<group>";
		};
		30D06DFF29289DF80030C65E /* Algorithm */ = {
			isa = PBXGroup;
			children = (
				302A1C9F293607EC0000372D /* Greedy */,
				302A1C9C29339FE30000372D /* BackTracking */,
				302A1C972931C3BA0000372D /* Recursion */,
				30D06E18292B6C8E0030C65E /* LeetCode */,
				30D06E132929D2E10030C65E /* sort */,
				30D06E0029289DF80030C65E /* main.swift */,
				30D06E072928AB520030C65E /* ArrayPrint.swift */,
				30D06E092928AB7F0030C65E /* ArraySort.swift */,
				30D06E1E292B78480030C65E /* ListNode.swift */,
			);
			path = Algorithm;
			sourceTree = "<group>";
		};
		30D06E132929D2E10030C65E /* sort */ = {
			isa = PBXGroup;
			children = (
				30D06E0D2929D26D0030C65E /* BublleSort.swift */,
				30D06E0F2929D28B0030C65E /* SelectionSort.swift */,
				30D06E112929D2A30030C65E /* HeapSort.swift */,
				30D06E14292B2F090030C65E /* InsertionSort.swift */,
				30D06E16292B541C0030C65E /* MergeSort.swift */,
				30D06E2C292D19690030C65E /* QuickSort.swift */,
				30D06E2E292F103C0030C65E /* ShellSort.swift */,
				30D06E30292F6E290030C65E /* CountSort.swift */,
				30D06E32292F7A2A0030C65E /* RadixSort.swift */,
				30D06E34292F9C520030C65E /* BucketSort.swift */,
			);
			path = sort;
			sourceTree = "<group>";
		};
		30D06E18292B6C8E0030C65E /* LeetCode */ = {
			isa = PBXGroup;
			children = (
				30D06E19292B6CCD0030C65E /* LC_88_合并两个有序数组.swift */,
				30D06E1B292B77C60030C65E /* LC_21_合并两个有序链表.swift */,
				30D06E20292B9E4E0030C65E /* LC_23_合并K个升序链表.swift */,
			);
			path = LeetCode;
			sourceTree = "<group>";
		};
/* End PBXGroup section */

/* Begin PBXNativeTarget section */
		30D06DFC29289DF80030C65E /* Algorithm */ = {
			isa = PBXNativeTarget;
			buildConfigurationList = 30D06E0429289DF80030C65E /* Build configuration list for PBXNativeTarget "Algorithm" */;
			buildPhases = (
				30D06DF929289DF80030C65E /* Sources */,
				30D06DFA29289DF80030C65E /* Frameworks */,
				30D06DFB29289DF80030C65E /* CopyFiles */,
			);
			buildRules = (
			);
			dependencies = (
			);
			name = Algorithm;
			productName = Algorithm;
			productReference = 30D06DFD29289DF80030C65E /* Algorithm */;
			productType = "com.apple.product-type.tool";
		};
/* End PBXNativeTarget section */

/* Begin PBXProject section */
		30D06DF529289DF80030C65E /* Project object */ = {
			isa = PBXProject;
			attributes = {
				BuildIndependentTargetsInParallel = 1;
				LastSwiftUpdateCheck = 1410;
				LastUpgradeCheck = 1410;
				TargetAttributes = {
					30D06DFC29289DF80030C65E = {
						CreatedOnToolsVersion = 14.1;
					};
				};
			};
			buildConfigurationList = 30D06DF829289DF80030C65E /* Build configuration list for PBXProject "Algorithm" */;
			compatibilityVersion = "Xcode 14.0";
			developmentRegion = en;
			hasScannedForEncodings = 0;
			knownRegions = (
				en,
				Base,
			);
			mainGroup = 30D06DF429289DF80030C65E;
			productRefGroup = 30D06DFE29289DF80030C65E /* Products */;
			projectDirPath = "";
			projectRoot = "";
			targets = (
				30D06DFC29289DF80030C65E /* Algorithm */,
			);
		};
/* End PBXProject section */

/* Begin PBXSourcesBuildPhase section */
		30D06DF929289DF80030C65E /* Sources */ = {
			isa = PBXSourcesBuildPhase;
			buildActionMask = 2147483647;
			files = (
				30D06E21292B9E4E0030C65E /* LC_23_合并K个升序链表.swift in Sources */,
				302A1C992931C3EA0000372D /* RS_斐波那契数列.swift in Sources */,
				302A1CA12936082E0000372D /* Knapsack.swift in Sources */,
				30D06E0129289DF80030C65E /* main.swift in Sources */,
				30D06E122929D2A30030C65E /* HeapSort.swift in Sources */,
				30D06E17292B541C0030C65E /* MergeSort.swift in Sources */,
				30D06E2F292F103C0030C65E /* ShellSort.swift in Sources */,
				30D06E2D292D19690030C65E /* QuickSort.swift in Sources */,
				30D06E35292F9C520030C65E /* BucketSort.swift in Sources */,
				30D06E0E2929D26D0030C65E /* BublleSort.swift in Sources */,
				30D06E1A292B6CCD0030C65E /* LC_88_合并两个有序数组.swift in Sources */,
				30D06E1C292B77C60030C65E /* LC_21_合并两个有序链表.swift in Sources */,
				30D06E15292B2F090030C65E /* InsertionSort.swift in Sources */,
				30D06E33292F7A2A0030C65E /* RadixSort.swift in Sources */,
				30D06E31292F6E290030C65E /* CountSort.swift in Sources */,
				30D06E0A2928AB7F0030C65E /* ArraySort.swift in Sources */,
				302A1C9B2931F7CB0000372D /* RS_汉诺塔.swift in Sources */,
				302A1C9E2933A20A0000372D /* Queens.swift in Sources */,
				30D06E082928AB520030C65E /* ArrayPrint.swift in Sources */,
				30D06E102929D28B0030C65E /* SelectionSort.swift in Sources */,
				30D06E1F292B78480030C65E /* ListNode.swift in Sources */,
			);
			runOnlyForDeploymentPostprocessing = 0;
		};
/* End PBXSourcesBuildPhase section */

/* Begin XCBuildConfiguration section */
		30D06E0229289DF80030C65E /* Debug */ = {
			isa = XCBuildConfiguration;
			buildSettings = {
				ALWAYS_SEARCH_USER_PATHS = NO;
				CLANG_ANALYZER_NONNULL = YES;
				CLANG_ANALYZER_NUMBER_OBJECT_CONVERSION = YES_AGGRESSIVE;
				CLANG_CXX_LANGUAGE_STANDARD = "gnu++20";
				CLANG_ENABLE_MODULES = YES;
				CLANG_ENABLE_OBJC_ARC = YES;
				CLANG_ENABLE_OBJC_WEAK = YES;
				CLANG_WARN_BLOCK_CAPTURE_AUTORELEASING = YES;
				CLANG_WARN_BOOL_CONVERSION = YES;
				CLANG_WARN_COMMA = YES;
				CLANG_WARN_CONSTANT_CONVERSION = YES;
				CLANG_WARN_DEPRECATED_OBJC_IMPLEMENTATIONS = YES;
				CLANG_WARN_DIRECT_OBJC_ISA_USAGE = YES_ERROR;
				CLANG_WARN_DOCUMENTATION_COMMENTS = YES;
				CLANG_WARN_EMPTY_BODY = YES;
				CLANG_WARN_ENUM_CONVERSION = YES;
				CLANG_WARN_INFINITE_RECURSION = YES;
				CLANG_WARN_INT_CONVERSION = YES;
				CLANG_WARN_NON_LITERAL_NULL_CONVERSION = YES;
				CLANG_WARN_OBJC_IMPLICIT_RETAIN_SELF = YES;
				CLANG_WARN_OBJC_LITERAL_CONVERSION = YES;
				CLANG_WARN_OBJC_ROOT_CLASS = YES_ERROR;
				CLANG_WARN_QUOTED_INCLUDE_IN_FRAMEWORK_HEADER = YES;
				CLANG_WARN_RANGE_LOOP_ANALYSIS = YES;
				CLANG_WARN_STRICT_PROTOTYPES = YES;
				CLANG_WARN_SUSPICIOUS_MOVE = YES;
				CLANG_WARN_UNGUARDED_AVAILABILITY = YES_AGGRESSIVE;
				CLANG_WARN_UNREACHABLE_CODE = YES;
				CLANG_WARN__DUPLICATE_METHOD_MATCH = YES;
				COPY_PHASE_STRIP = NO;
				DEBUG_INFORMATION_FORMAT = dwarf;
				ENABLE_STRICT_OBJC_MSGSEND = YES;
				ENABLE_TESTABILITY = YES;
				GCC_C_LANGUAGE_STANDARD = gnu11;
				GCC_DYNAMIC_NO_PIC = NO;
				GCC_NO_COMMON_BLOCKS = YES;
				GCC_OPTIMIZATION_LEVEL = 0;
				GCC_PREPROCESSOR_DEFINITIONS = (
					"DEBUG=1",
					"$(inherited)",
				);
				GCC_WARN_64_TO_32_BIT_CONVERSION = YES;
				GCC_WARN_ABOUT_RETURN_TYPE = YES_ERROR;
				GCC_WARN_UNDECLARED_SELECTOR = YES;
				GCC_WARN_UNINITIALIZED_AUTOS = YES_AGGRESSIVE;
				GCC_WARN_UNUSED_FUNCTION = YES;
				GCC_WARN_UNUSED_VARIABLE = YES;
				MACOSX_DEPLOYMENT_TARGET = 13.0;
				MTL_ENABLE_DEBUG_INFO = INCLUDE_SOURCE;
				MTL_FAST_MATH = YES;
				ONLY_ACTIVE_ARCH = YES;
				SDKROOT = macosx;
				SWIFT_ACTIVE_COMPILATION_CONDITIONS = DEBUG;
				SWIFT_OPTIMIZATION_LEVEL = "-Onone";
			};
			name = Debug;
		};
		30D06E0329289DF80030C65E /* Release */ = {
			isa = XCBuildConfiguration;
			buildSettings = {
				ALWAYS_SEARCH_USER_PATHS = NO;
				CLANG_ANALYZER_NONNULL = YES;
				CLANG_ANALYZER_NUMBER_OBJECT_CONVERSION = YES_AGGRESSIVE;
				CLANG_CXX_LANGUAGE_STANDARD = "gnu++20";
				CLANG_ENABLE_MODULES = YES;
				CLANG_ENABLE_OBJC_ARC = YES;
				CLANG_ENABLE_OBJC_WEAK = YES;
				CLANG_WARN_BLOCK_CAPTURE_AUTORELEASING = YES;
				CLANG_WARN_BOOL_CONVERSION = YES;
				CLANG_WARN_COMMA = YES;
				CLANG_WARN_CONSTANT_CONVERSION = YES;
				CLANG_WARN_DEPRECATED_OBJC_IMPLEMENTATIONS = YES;
				CLANG_WARN_DIRECT_OBJC_ISA_USAGE = YES_ERROR;
				CLANG_WARN_DOCUMENTATION_COMMENTS = YES;
				CLANG_WARN_EMPTY_BODY = YES;
				CLANG_WARN_ENUM_CONVERSION = YES;
				CLANG_WARN_INFINITE_RECURSION = YES;
				CLANG_WARN_INT_CONVERSION = YES;
				CLANG_WARN_NON_LITERAL_NULL_CONVERSION = YES;
				CLANG_WARN_OBJC_IMPLICIT_RETAIN_SELF = YES;
				CLANG_WARN_OBJC_LITERAL_CONVERSION = YES;
				CLANG_WARN_OBJC_ROOT_CLASS = YES_ERROR;
				CLANG_WARN_QUOTED_INCLUDE_IN_FRAMEWORK_HEADER = YES;
				CLANG_WARN_RANGE_LOOP_ANALYSIS = YES;
				CLANG_WARN_STRICT_PROTOTYPES = YES;
				CLANG_WARN_SUSPICIOUS_MOVE = YES;
				CLANG_WARN_UNGUARDED_AVAILABILITY = YES_AGGRESSIVE;
				CLANG_WARN_UNREACHABLE_CODE = YES;
				CLANG_WARN__DUPLICATE_METHOD_MATCH = YES;
				COPY_PHASE_STRIP = NO;
				DEBUG_INFORMATION_FORMAT = "dwarf-with-dsym";
				ENABLE_NS_ASSERTIONS = NO;
				ENABLE_STRICT_OBJC_MSGSEND = YES;
				GCC_C_LANGUAGE_STANDARD = gnu11;
				GCC_NO_COMMON_BLOCKS = YES;
				GCC_WARN_64_TO_32_BIT_CONVERSION = YES;
				GCC_WARN_ABOUT_RETURN_TYPE = YES_ERROR;
				GCC_WARN_UNDECLARED_SELECTOR = YES;
				GCC_WARN_UNINITIALIZED_AUTOS = YES_AGGRESSIVE;
				GCC_WARN_UNUSED_FUNCTION = YES;
				GCC_WARN_UNUSED_VARIABLE = YES;
				MACOSX_DEPLOYMENT_TARGET = 13.0;
				MTL_ENABLE_DEBUG_INFO = NO;
				MTL_FAST_MATH = YES;
				SDKROOT = macosx;
				SWIFT_COMPILATION_MODE = wholemodule;
				SWIFT_OPTIMIZATION_LEVEL = "-O";
			};
			name = Release;
		};
		30D06E0529289DF80030C65E /* Debug */ = {
			isa = XCBuildConfiguration;
			buildSettings = {
				CODE_SIGN_STYLE = Automatic;
				DEVELOPMENT_TEAM = H6FNQWD7A9;
				ENABLE_HARDENED_RUNTIME = YES;
				PRODUCT_NAME = "$(TARGET_NAME)";
				SWIFT_VERSION = 5.0;
			};
			name = Debug;
		};
		30D06E0629289DF80030C65E /* Release */ = {
			isa = XCBuildConfiguration;
			buildSettings = {
				CODE_SIGN_STYLE = Automatic;
				DEVELOPMENT_TEAM = H6FNQWD7A9;
				ENABLE_HARDENED_RUNTIME = YES;
				PRODUCT_NAME = "$(TARGET_NAME)";
				SWIFT_VERSION = 5.0;
			};
			name = Release;
		};
/* End XCBuildConfiguration section */

/* Begin XCConfigurationList section */
		30D06DF829289DF80030C65E /* Build configuration list for PBXProject "Algorithm" */ = {
			isa = XCConfigurationList;
			buildConfigurations = (
				30D06E0229289DF80030C65E /* Debug */,
				30D06E0329289DF80030C65E /* Release */,
			);
			defaultConfigurationIsVisible = 0;
			defaultConfigurationName = Release;
		};
		30D06E0429289DF80030C65E /* Build configuration list for PBXNativeTarget "Algorithm" */ = {
			isa = XCConfigurationList;
			buildConfigurations = (
				30D06E0529289DF80030C65E /* Debug */,
				30D06E0629289DF80030C65E /* Release */,
			);
			defaultConfigurationIsVisible = 0;
			defaultConfigurationName = Release;
		};
/* End XCConfigurationList section */
	};
	rootObject = 30D06DF529289DF80030C65E /* Project object */;
}
