// !$*UTF8*$!
{
	archiveVersion = 1;
	classes = {
	};
	objectVersion = 55;
	objects = {

/* Begin PBXBuildFile section */
		301313A32876D2E700B25911 /* Assets.xcassets in Resources */ = {isa = PBXBuildFile; fileRef = 301313A22876D2E700B25911 /* Assets.xcassets */; };
		301313A62876D2E700B25911 /* Main.storyboard in Resources */ = {isa = PBXBuildFile; fileRef = 301313A42876D2E700B25911 /* Main.storyboard */; };
		301313B32876D2E700B25911 /* OpenGLDemoTests.m in Sources */ = {isa = PBXBuildFile; fileRef = 301313B22876D2E700B25911 /* OpenGLDemoTests.m */; };
		301313BD2876D2E700B25911 /* OpenGLDemoUITests.m in Sources */ = {isa = PBXBuildFile; fileRef = 301313BC2876D2E700B25911 /* OpenGLDemoUITests.m */; };
		301313BF2876D2E700B25911 /* OpenGLDemoUITestsLaunchTests.m in Sources */ = {isa = PBXBuildFile; fileRef = 301313BE2876D2E700B25911 /* OpenGLDemoUITestsLaunchTests.m */; };
		301313CD2876D50E00B25911 /* OpenGL.framework in Frameworks */ = {isa = PBXBuildFile; fileRef = 301313CC2876D50E00B25911 /* OpenGL.framework */; };
		301313CF2876D51800B25911 /* GLUT.framework in Frameworks */ = {isa = PBXBuildFile; fileRef = 301313CE2876D51800B25911 /* GLUT.framework */; };
		301313E62876DB0100B25911 /* main.cpp in Sources */ = {isa = PBXBuildFile; fileRef = 301313E52876DB0100B25911 /* main.cpp */; };
		301313E82876DCB300B25911 /* libGLTools.a in Frameworks */ = {isa = PBXBuildFile; fileRef = 301313E72876DCB300B25911 /* libGLTools.a */; };
/* End PBXBuildFile section */

/* Begin PBXContainerItemProxy section */
		301313AF2876D2E700B25911 /* PBXContainerItemProxy */ = {
			isa = PBXContainerItemProxy;
			containerPortal = 301313912876D2E600B25911 /* Project object */;
			proxyType = 1;
			remoteGlobalIDString = 301313982876D2E600B25911;
			remoteInfo = OpenGLDemo;
		};
		301313B92876D2E700B25911 /* PBXContainerItemProxy */ = {
			isa = PBXContainerItemProxy;
			containerPortal = 301313912876D2E600B25911 /* Project object */;
			proxyType = 1;
			remoteGlobalIDString = 301313982876D2E600B25911;
			remoteInfo = OpenGLDemo;
		};
/* End PBXContainerItemProxy section */

/* Begin PBXFileReference section */
		301313992876D2E600B25911 /* OpenGLDemo.app */ = {isa = PBXFileReference; explicitFileType = wrapper.application; includeInIndex = 0; path = OpenGLDemo.app; sourceTree = BUILT_PRODUCTS_DIR; };
		301313A22876D2E700B25911 /* Assets.xcassets */ = {isa = PBXFileReference; lastKnownFileType = folder.assetcatalog; path = Assets.xcassets; sourceTree = "<group>"; };
		301313A52876D2E700B25911 /* Base */ = {isa = PBXFileReference; lastKnownFileType = file.storyboard; name = Base; path = Base.lproj/Main.storyboard; sourceTree = "<group>"; };
		301313A92876D2E700B25911 /* OpenGLDemo.entitlements */ = {isa = PBXFileReference; lastKnownFileType = text.plist.entitlements; path = OpenGLDemo.entitlements; sourceTree = "<group>"; };
		301313AE2876D2E700B25911 /* OpenGLDemoTests.xctest */ = {isa = PBXFileReference; explicitFileType = wrapper.cfbundle; includeInIndex = 0; path = OpenGLDemoTests.xctest; sourceTree = BUILT_PRODUCTS_DIR; };
		301313B22876D2E700B25911 /* OpenGLDemoTests.m */ = {isa = PBXFileReference; lastKnownFileType = sourcecode.c.objc; path = OpenGLDemoTests.m; sourceTree = "<group>"; };
		301313B82876D2E700B25911 /* OpenGLDemoUITests.xctest */ = {isa = PBXFileReference; explicitFileType = wrapper.cfbundle; includeInIndex = 0; path = OpenGLDemoUITests.xctest; sourceTree = BUILT_PRODUCTS_DIR; };
		301313BC2876D2E700B25911 /* OpenGLDemoUITests.m */ = {isa = PBXFileReference; lastKnownFileType = sourcecode.c.objc; path = OpenGLDemoUITests.m; sourceTree = "<group>"; };
		301313BE2876D2E700B25911 /* OpenGLDemoUITestsLaunchTests.m */ = {isa = PBXFileReference; lastKnownFileType = sourcecode.c.objc; path = OpenGLDemoUITestsLaunchTests.m; sourceTree = "<group>"; };
		301313CC2876D50E00B25911 /* OpenGL.framework */ = {isa = PBXFileReference; lastKnownFileType = wrapper.framework; name = OpenGL.framework; path = System/Library/Frameworks/OpenGL.framework; sourceTree = SDKROOT; };
		301313CE2876D51800B25911 /* GLUT.framework */ = {isa = PBXFileReference; lastKnownFileType = wrapper.framework; name = GLUT.framework; path = System/Library/Frameworks/GLUT.framework; sourceTree = SDKROOT; };
		301313D62876D6BD00B25911 /* GLBatchBase.h */ = {isa = PBXFileReference; fileEncoding = 4; lastKnownFileType = sourcecode.c.h; path = GLBatchBase.h; sourceTree = "<group>"; };
		301313D72876D6BD00B25911 /* math3d.h */ = {isa = PBXFileReference; fileEncoding = 4; lastKnownFileType = sourcecode.c.h; path = math3d.h; sourceTree = "<group>"; };
		301313D82876D6BD00B25911 /* GLTriangleBatch.h */ = {isa = PBXFileReference; fileEncoding = 4; lastKnownFileType = sourcecode.c.h; path = GLTriangleBatch.h; sourceTree = "<group>"; };
		301313D92876D6BD00B25911 /* GLBatch.h */ = {isa = PBXFileReference; fileEncoding = 4; lastKnownFileType = sourcecode.c.h; path = GLBatch.h; sourceTree = "<group>"; };
		301313DA2876D6BD00B25911 /* GLMatrixStack.h */ = {isa = PBXFileReference; fileEncoding = 4; lastKnownFileType = sourcecode.c.h; path = GLMatrixStack.h; sourceTree = "<group>"; };
		301313DB2876D6BD00B25911 /* GLFrame.h */ = {isa = PBXFileReference; fileEncoding = 4; lastKnownFileType = sourcecode.c.h; path = GLFrame.h; sourceTree = "<group>"; };
		301313DC2876D6BD00B25911 /* GLFrustum.h */ = {isa = PBXFileReference; fileEncoding = 4; lastKnownFileType = sourcecode.c.h; path = GLFrustum.h; sourceTree = "<group>"; };
		301313DD2876D6BD00B25911 /* GLGeometryTransform.h */ = {isa = PBXFileReference; fileEncoding = 4; lastKnownFileType = sourcecode.c.h; path = GLGeometryTransform.h; sourceTree = "<group>"; };
		301313DE2876D6BD00B25911 /* GLShaderManager.h */ = {isa = PBXFileReference; fileEncoding = 4; lastKnownFileType = sourcecode.c.h; path = GLShaderManager.h; sourceTree = "<group>"; };
		301313DF2876D6BD00B25911 /* StopWatch.h */ = {isa = PBXFileReference; fileEncoding = 4; lastKnownFileType = sourcecode.c.h; path = StopWatch.h; sourceTree = "<group>"; };
		301313E12876D6BD00B25911 /* glxew.h */ = {isa = PBXFileReference; fileEncoding = 4; lastKnownFileType = sourcecode.c.h; path = glxew.h; sourceTree = "<group>"; };
		301313E22876D6BD00B25911 /* wglew.h */ = {isa = PBXFileReference; fileEncoding = 4; lastKnownFileType = sourcecode.c.h; path = wglew.h; sourceTree = "<group>"; };
		301313E32876D6BD00B25911 /* glew.h */ = {isa = PBXFileReference; fileEncoding = 4; lastKnownFileType = sourcecode.c.h; path = glew.h; sourceTree = "<group>"; };
		301313E42876D6BD00B25911 /* GLTools.h */ = {isa = PBXFileReference; fileEncoding = 4; lastKnownFileType = sourcecode.c.h; path = GLTools.h; sourceTree = "<group>"; };
		301313E52876DB0100B25911 /* main.cpp */ = {isa = PBXFileReference; lastKnownFileType = sourcecode.cpp.cpp; path = main.cpp; sourceTree = "<group>"; };
		301313E72876DCB300B25911 /* libGLTools.a */ = {isa = PBXFileReference; lastKnownFileType = archive.ar; path = libGLTools.a; sourceTree = "<group>"; };
/* End PBXFileReference section */

/* Begin PBXFrameworksBuildPhase section */
		301313962876D2E600B25911 /* Frameworks */ = {
			isa = PBXFrameworksBuildPhase;
			buildActionMask = 2147483647;
			files = (
				301313E82876DCB300B25911 /* libGLTools.a in Frameworks */,
				301313CF2876D51800B25911 /* GLUT.framework in Frameworks */,
				301313CD2876D50E00B25911 /* OpenGL.framework in Frameworks */,
			);
			runOnlyForDeploymentPostprocessing = 0;
		};
		301313AB2876D2E700B25911 /* Frameworks */ = {
			isa = PBXFrameworksBuildPhase;
			buildActionMask = 2147483647;
			files = (
			);
			runOnlyForDeploymentPostprocessing = 0;
		};
		301313B52876D2E700B25911 /* Frameworks */ = {
			isa = PBXFrameworksBuildPhase;
			buildActionMask = 2147483647;
			files = (
			);
			runOnlyForDeploymentPostprocessing = 0;
		};
/* End PBXFrameworksBuildPhase section */

/* Begin PBXGroup section */
		301313902876D2E600B25911 = {
			isa = PBXGroup;
			children = (
				3013139B2876D2E600B25911 /* OpenGLDemo */,
				301313B12876D2E700B25911 /* OpenGLDemoTests */,
				301313BB2876D2E700B25911 /* OpenGLDemoUITests */,
				3013139A2876D2E600B25911 /* Products */,
				301313CB2876D50E00B25911 /* Frameworks */,
			);
			sourceTree = "<group>";
		};
		3013139A2876D2E600B25911 /* Products */ = {
			isa = PBXGroup;
			children = (
				301313992876D2E600B25911 /* OpenGLDemo.app */,
				301313AE2876D2E700B25911 /* OpenGLDemoTests.xctest */,
				301313B82876D2E700B25911 /* OpenGLDemoUITests.xctest */,
			);
			name = Products;
			sourceTree = "<group>";
		};
		3013139B2876D2E600B25911 /* OpenGLDemo */ = {
			isa = PBXGroup;
			children = (
				301313D52876D6BD00B25911 /* include */,
				301313A22876D2E700B25911 /* Assets.xcassets */,
				301313A42876D2E700B25911 /* Main.storyboard */,
				301313A92876D2E700B25911 /* OpenGLDemo.entitlements */,
				301313E52876DB0100B25911 /* main.cpp */,
			);
			path = OpenGLDemo;
			sourceTree = "<group>";
		};
		301313B12876D2E700B25911 /* OpenGLDemoTests */ = {
			isa = PBXGroup;
			children = (
				301313B22876D2E700B25911 /* OpenGLDemoTests.m */,
			);
			path = OpenGLDemoTests;
			sourceTree = "<group>";
		};
		301313BB2876D2E700B25911 /* OpenGLDemoUITests */ = {
			isa = PBXGroup;
			children = (
				301313BC2876D2E700B25911 /* OpenGLDemoUITests.m */,
				301313BE2876D2E700B25911 /* OpenGLDemoUITestsLaunchTests.m */,
			);
			path = OpenGLDemoUITests;
			sourceTree = "<group>";
		};
		301313CB2876D50E00B25911 /* Frameworks */ = {
			isa = PBXGroup;
			children = (
				301313E72876DCB300B25911 /* libGLTools.a */,
				301313CE2876D51800B25911 /* GLUT.framework */,
				301313CC2876D50E00B25911 /* OpenGL.framework */,
			);
			name = Frameworks;
			sourceTree = "<group>";
		};
		301313D52876D6BD00B25911 /* include */ = {
			isa = PBXGroup;
			children = (
				301313D62876D6BD00B25911 /* GLBatchBase.h */,
				301313D72876D6BD00B25911 /* math3d.h */,
				301313D82876D6BD00B25911 /* GLTriangleBatch.h */,
				301313D92876D6BD00B25911 /* GLBatch.h */,
				301313DA2876D6BD00B25911 /* GLMatrixStack.h */,
				301313DB2876D6BD00B25911 /* GLFrame.h */,
				301313DC2876D6BD00B25911 /* GLFrustum.h */,
				301313DD2876D6BD00B25911 /* GLGeometryTransform.h */,
				301313DE2876D6BD00B25911 /* GLShaderManager.h */,
				301313DF2876D6BD00B25911 /* StopWatch.h */,
				301313E02876D6BD00B25911 /* GL */,
				301313E42876D6BD00B25911 /* GLTools.h */,
			);
			path = include;
			sourceTree = "<group>";
		};
		301313E02876D6BD00B25911 /* GL */ = {
			isa = PBXGroup;
			children = (
				301313E12876D6BD00B25911 /* glxew.h */,
				301313E22876D6BD00B25911 /* wglew.h */,
				301313E32876D6BD00B25911 /* glew.h */,
			);
			path = GL;
			sourceTree = "<group>";
		};
/* End PBXGroup section */

/* Begin PBXNativeTarget section */
		301313982876D2E600B25911 /* OpenGLDemo */ = {
			isa = PBXNativeTarget;
			buildConfigurationList = 301313C22876D2E700B25911 /* Build configuration list for PBXNativeTarget "OpenGLDemo" */;
			buildPhases = (
				301313952876D2E600B25911 /* Sources */,
				301313962876D2E600B25911 /* Frameworks */,
				301313972876D2E600B25911 /* Resources */,
			);
			buildRules = (
			);
			dependencies = (
			);
			name = OpenGLDemo;
			productName = OpenGLDemo;
			productReference = 301313992876D2E600B25911 /* OpenGLDemo.app */;
			productType = "com.apple.product-type.application";
		};
		301313AD2876D2E700B25911 /* OpenGLDemoTests */ = {
			isa = PBXNativeTarget;
			buildConfigurationList = 301313C52876D2E700B25911 /* Build configuration list for PBXNativeTarget "OpenGLDemoTests" */;
			buildPhases = (
				301313AA2876D2E700B25911 /* Sources */,
				301313AB2876D2E700B25911 /* Frameworks */,
				301313AC2876D2E700B25911 /* Resources */,
			);
			buildRules = (
			);
			dependencies = (
				301313B02876D2E700B25911 /* PBXTargetDependency */,
			);
			name = OpenGLDemoTests;
			productName = OpenGLDemoTests;
			productReference = 301313AE2876D2E700B25911 /* OpenGLDemoTests.xctest */;
			productType = "com.apple.product-type.bundle.unit-test";
		};
		301313B72876D2E700B25911 /* OpenGLDemoUITests */ = {
			isa = PBXNativeTarget;
			buildConfigurationList = 301313C82876D2E700B25911 /* Build configuration list for PBXNativeTarget "OpenGLDemoUITests" */;
			buildPhases = (
				301313B42876D2E700B25911 /* Sources */,
				301313B52876D2E700B25911 /* Frameworks */,
				301313B62876D2E700B25911 /* Resources */,
			);
			buildRules = (
			);
			dependencies = (
				301313BA2876D2E700B25911 /* PBXTargetDependency */,
			);
			name = OpenGLDemoUITests;
			productName = OpenGLDemoUITests;
			productReference = 301313B82876D2E700B25911 /* OpenGLDemoUITests.xctest */;
			productType = "com.apple.product-type.bundle.ui-testing";
		};
/* End PBXNativeTarget section */

/* Begin PBXProject section */
		301313912876D2E600B25911 /* Project object */ = {
			isa = PBXProject;
			attributes = {
				BuildIndependentTargetsInParallel = 1;
				LastUpgradeCheck = 1340;
				TargetAttributes = {
					301313982876D2E600B25911 = {
						CreatedOnToolsVersion = 13.4.1;
					};
					301313AD2876D2E700B25911 = {
						CreatedOnToolsVersion = 13.4.1;
						TestTargetID = 301313982876D2E600B25911;
					};
					301313B72876D2E700B25911 = {
						CreatedOnToolsVersion = 13.4.1;
						TestTargetID = 301313982876D2E600B25911;
					};
				};
			};
			buildConfigurationList = 301313942876D2E600B25911 /* Build configuration list for PBXProject "OpenGLDemo" */;
			compatibilityVersion = "Xcode 13.0";
			developmentRegion = en;
			hasScannedForEncodings = 0;
			knownRegions = (
				en,
				Base,
			);
			mainGroup = 301313902876D2E600B25911;
			productRefGroup = 3013139A2876D2E600B25911 /* Products */;
			projectDirPath = "";
			projectRoot = "";
			targets = (
				301313982876D2E600B25911 /* OpenGLDemo */,
				301313AD2876D2E700B25911 /* OpenGLDemoTests */,
				301313B72876D2E700B25911 /* OpenGLDemoUITests */,
			);
		};
/* End PBXProject section */

/* Begin PBXResourcesBuildPhase section */
		301313972876D2E600B25911 /* Resources */ = {
			isa = PBXResourcesBuildPhase;
			buildActionMask = 2147483647;
			files = (
				301313A32876D2E700B25911 /* Assets.xcassets in Resources */,
				301313A62876D2E700B25911 /* Main.storyboard in Resources */,
			);
			runOnlyForDeploymentPostprocessing = 0;
		};
		301313AC2876D2E700B25911 /* Resources */ = {
			isa = PBXResourcesBuildPhase;
			buildActionMask = 2147483647;
			files = (
			);
			runOnlyForDeploymentPostprocessing = 0;
		};
		301313B62876D2E700B25911 /* Resources */ = {
			isa = PBXResourcesBuildPhase;
			buildActionMask = 2147483647;
			files = (
			);
			runOnlyForDeploymentPostprocessing = 0;
		};
/* End PBXResourcesBuildPhase section */

/* Begin PBXSourcesBuildPhase section */
		301313952876D2E600B25911 /* Sources */ = {
			isa = PBXSourcesBuildPhase;
			buildActionMask = 2147483647;
			files = (
				301313E62876DB0100B25911 /* main.cpp in Sources */,
			);
			runOnlyForDeploymentPostprocessing = 0;
		};
		301313AA2876D2E700B25911 /* Sources */ = {
			isa = PBXSourcesBuildPhase;
			buildActionMask = 2147483647;
			files = (
				301313B32876D2E700B25911 /* OpenGLDemoTests.m in Sources */,
			);
			runOnlyForDeploymentPostprocessing = 0;
		};
		301313B42876D2E700B25911 /* Sources */ = {
			isa = PBXSourcesBuildPhase;
			buildActionMask = 2147483647;
			files = (
				301313BF2876D2E700B25911 /* OpenGLDemoUITestsLaunchTests.m in Sources */,
				301313BD2876D2E700B25911 /* OpenGLDemoUITests.m in Sources */,
			);
			runOnlyForDeploymentPostprocessing = 0;
		};
/* End PBXSourcesBuildPhase section */

/* Begin PBXTargetDependency section */
		301313B02876D2E700B25911 /* PBXTargetDependency */ = {
			isa = PBXTargetDependency;
			target = 301313982876D2E600B25911 /* OpenGLDemo */;
			targetProxy = 301313AF2876D2E700B25911 /* PBXContainerItemProxy */;
		};
		301313BA2876D2E700B25911 /* PBXTargetDependency */ = {
			isa = PBXTargetDependency;
			target = 301313982876D2E600B25911 /* OpenGLDemo */;
			targetProxy = 301313B92876D2E700B25911 /* PBXContainerItemProxy */;
		};
/* End PBXTargetDependency section */

/* Begin PBXVariantGroup section */
		301313A42876D2E700B25911 /* Main.storyboard */ = {
			isa = PBXVariantGroup;
			children = (
				301313A52876D2E700B25911 /* Base */,
			);
			name = Main.storyboard;
			sourceTree = "<group>";
		};
/* End PBXVariantGroup section */

/* Begin XCBuildConfiguration section */
		301313C02876D2E700B25911 /* Debug */ = {
			isa = XCBuildConfiguration;
			buildSettings = {
				ALWAYS_SEARCH_USER_PATHS = NO;
				CLANG_ANALYZER_NONNULL = YES;
				CLANG_ANALYZER_NUMBER_OBJECT_CONVERSION = YES_AGGRESSIVE;
				CLANG_CXX_LANGUAGE_STANDARD = "gnu++17";
				CLANG_ENABLE_MODULES = YES;
				CLANG_ENABLE_OBJC_ARC = YES;
				CLANG_ENABLE_OBJC_WEAK = YES;
				CLANG_WARN_BLOCK_CAPTURE_AUTORELEASING = YES;
				CLANG_WARN_BOOL_CONVERSION = YES;
				CLANG_WARN_COMMA = YES;
				CLANG_WARN_CONSTANT_CONVERSION = YES;
				CLANG_WARN_DEPRECATED_OBJC_IMPLEMENTATIONS = YES;
				CLANG_WARN_DIRECT_OBJC_ISA_USAGE = YES_ERROR;
				CLANG_WARN_DOCUMENTATION_COMMENTS = YES;
				CLANG_WARN_EMPTY_BODY = YES;
				CLANG_WARN_ENUM_CONVERSION = YES;
				CLANG_WARN_INFINITE_RECURSION = YES;
				CLANG_WARN_INT_CONVERSION = YES;
				CLANG_WARN_NON_LITERAL_NULL_CONVERSION = YES;
				CLANG_WARN_OBJC_IMPLICIT_RETAIN_SELF = YES;
				CLANG_WARN_OBJC_LITERAL_CONVERSION = YES;
				CLANG_WARN_OBJC_ROOT_CLASS = YES_ERROR;
				CLANG_WARN_QUOTED_INCLUDE_IN_FRAMEWORK_HEADER = YES;
				CLANG_WARN_RANGE_LOOP_ANALYSIS = YES;
				CLANG_WARN_STRICT_PROTOTYPES = YES;
				CLANG_WARN_SUSPICIOUS_MOVE = YES;
				CLANG_WARN_UNGUARDED_AVAILABILITY = YES_AGGRESSIVE;
				CLANG_WARN_UNREACHABLE_CODE = YES;
				CLANG_WARN__DUPLICATE_METHOD_MATCH = YES;
				COPY_PHASE_STRIP = NO;
				DEBUG_INFORMATION_FORMAT = dwarf;
				ENABLE_STRICT_OBJC_MSGSEND = YES;
				ENABLE_TESTABILITY = YES;
				GCC_C_LANGUAGE_STANDARD = gnu11;
				GCC_DYNAMIC_NO_PIC = NO;
				GCC_NO_COMMON_BLOCKS = YES;
				GCC_OPTIMIZATION_LEVEL = 0;
				GCC_PREPROCESSOR_DEFINITIONS = (
					"DEBUG=1",
					"$(inherited)",
				);
				GCC_WARN_64_TO_32_BIT_CONVERSION = YES;
				GCC_WARN_ABOUT_RETURN_TYPE = YES_ERROR;
				GCC_WARN_UNDECLARED_SELECTOR = YES;
				GCC_WARN_UNINITIALIZED_AUTOS = YES_AGGRESSIVE;
				GCC_WARN_UNUSED_FUNCTION = YES;
				GCC_WARN_UNUSED_VARIABLE = YES;
				MACOSX_DEPLOYMENT_TARGET = 12.3;
				MTL_ENABLE_DEBUG_INFO = INCLUDE_SOURCE;
				MTL_FAST_MATH = YES;
				ONLY_ACTIVE_ARCH = YES;
				SDKROOT = macosx;
			};
			name = Debug;
		};
		301313C12876D2E700B25911 /* Release */ = {
			isa = XCBuildConfiguration;
			buildSettings = {
				ALWAYS_SEARCH_USER_PATHS = NO;
				CLANG_ANALYZER_NONNULL = YES;
				CLANG_ANALYZER_NUMBER_OBJECT_CONVERSION = YES_AGGRESSIVE;
				CLANG_CXX_LANGUAGE_STANDARD = "gnu++17";
				CLANG_ENABLE_MODULES = YES;
				CLANG_ENABLE_OBJC_ARC = YES;
				CLANG_ENABLE_OBJC_WEAK = YES;
				CLANG_WARN_BLOCK_CAPTURE_AUTORELEASING = YES;
				CLANG_WARN_BOOL_CONVERSION = YES;
				CLANG_WARN_COMMA = YES;
				CLANG_WARN_CONSTANT_CONVERSION = YES;
				CLANG_WARN_DEPRECATED_OBJC_IMPLEMENTATIONS = YES;
				CLANG_WARN_DIRECT_OBJC_ISA_USAGE = YES_ERROR;
				CLANG_WARN_DOCUMENTATION_COMMENTS = YES;
				CLANG_WARN_EMPTY_BODY = YES;
				CLANG_WARN_ENUM_CONVERSION = YES;
				CLANG_WARN_INFINITE_RECURSION = YES;
				CLANG_WARN_INT_CONVERSION = YES;
				CLANG_WARN_NON_LITERAL_NULL_CONVERSION = YES;
				CLANG_WARN_OBJC_IMPLICIT_RETAIN_SELF = YES;
				CLANG_WARN_OBJC_LITERAL_CONVERSION = YES;
				CLANG_WARN_OBJC_ROOT_CLASS = YES_ERROR;
				CLANG_WARN_QUOTED_INCLUDE_IN_FRAMEWORK_HEADER = YES;
				CLANG_WARN_RANGE_LOOP_ANALYSIS = YES;
				CLANG_WARN_STRICT_PROTOTYPES = YES;
				CLANG_WARN_SUSPICIOUS_MOVE = YES;
				CLANG_WARN_UNGUARDED_AVAILABILITY = YES_AGGRESSIVE;
				CLANG_WARN_UNREACHABLE_CODE = YES;
				CLANG_WARN__DUPLICATE_METHOD_MATCH = YES;
				COPY_PHASE_STRIP = NO;
				DEBUG_INFORMATION_FORMAT = "dwarf-with-dsym";
				ENABLE_NS_ASSERTIONS = NO;
				ENABLE_STRICT_OBJC_MSGSEND = YES;
				GCC_C_LANGUAGE_STANDARD = gnu11;
				GCC_NO_COMMON_BLOCKS = YES;
				GCC_WARN_64_TO_32_BIT_CONVERSION = YES;
				GCC_WARN_ABOUT_RETURN_TYPE = YES_ERROR;
				GCC_WARN_UNDECLARED_SELECTOR = YES;
				GCC_WARN_UNINITIALIZED_AUTOS = YES_AGGRESSIVE;
				GCC_WARN_UNUSED_FUNCTION = YES;
				GCC_WARN_UNUSED_VARIABLE = YES;
				MACOSX_DEPLOYMENT_TARGET = 12.3;
				MTL_ENABLE_DEBUG_INFO = NO;
				MTL_FAST_MATH = YES;
				SDKROOT = macosx;
			};
			name = Release;
		};
		301313C32876D2E700B25911 /* Debug */ = {
			isa = XCBuildConfiguration;
			buildSettings = {
				ASSETCATALOG_COMPILER_APPICON_NAME = AppIcon;
				ASSETCATALOG_COMPILER_GLOBAL_ACCENT_COLOR_NAME = AccentColor;
				CODE_SIGN_ENTITLEMENTS = OpenGLDemo/OpenGLDemo.entitlements;
				CODE_SIGN_STYLE = Automatic;
				COMBINE_HIDPI_IMAGES = YES;
				CURRENT_PROJECT_VERSION = 1;
				DEVELOPMENT_TEAM = HCD5QY8Z43;
				ENABLE_HARDENED_RUNTIME = YES;
				EXCLUDED_ARCHS = "";
				GENERATE_INFOPLIST_FILE = YES;
				HEADER_SEARCH_PATHS = (
					"\"$(SRCROOT)/OpenGLDemo/include/GLTools.h\"",
					"\"$(SRCROOT)/OpenGLDemo/include/GL/glew.h\"",
				);
				INFOPLIST_KEY_NSHumanReadableCopyright = "";
				INFOPLIST_KEY_NSMainStoryboardFile = Main;
				INFOPLIST_KEY_NSPrincipalClass = NSApplication;
				LD_RUNPATH_SEARCH_PATHS = (
					"$(inherited)",
					"@executable_path/../Frameworks",
				);
				LIBRARY_SEARCH_PATHS = (
					"$(inherited)",
					"$(PROJECT_DIR)",
				);
				MARKETING_VERSION = 1.0;
				PRODUCT_BUNDLE_IDENTIFIER = com.xyj..OpenGLDemo;
				PRODUCT_NAME = "$(TARGET_NAME)";
				SWIFT_EMIT_LOC_STRINGS = YES;
			};
			name = Debug;
		};
		301313C42876D2E700B25911 /* Release */ = {
			isa = XCBuildConfiguration;
			buildSettings = {
				ASSETCATALOG_COMPILER_APPICON_NAME = AppIcon;
				ASSETCATALOG_COMPILER_GLOBAL_ACCENT_COLOR_NAME = AccentColor;
				CODE_SIGN_ENTITLEMENTS = OpenGLDemo/OpenGLDemo.entitlements;
				CODE_SIGN_STYLE = Automatic;
				COMBINE_HIDPI_IMAGES = YES;
				CURRENT_PROJECT_VERSION = 1;
				DEVELOPMENT_TEAM = HCD5QY8Z43;
				ENABLE_HARDENED_RUNTIME = YES;
				EXCLUDED_ARCHS = "";
				GENERATE_INFOPLIST_FILE = YES;
				HEADER_SEARCH_PATHS = (
					"\"$(SRCROOT)/OpenGLDemo/include/GLTools.h\"",
					"\"$(SRCROOT)/OpenGLDemo/include/GL/glew.h\"",
				);
				INFOPLIST_KEY_NSHumanReadableCopyright = "";
				INFOPLIST_KEY_NSMainStoryboardFile = Main;
				INFOPLIST_KEY_NSPrincipalClass = NSApplication;
				LD_RUNPATH_SEARCH_PATHS = (
					"$(inherited)",
					"@executable_path/../Frameworks",
				);
				LIBRARY_SEARCH_PATHS = (
					"$(inherited)",
					"$(PROJECT_DIR)",
				);
				MARKETING_VERSION = 1.0;
				PRODUCT_BUNDLE_IDENTIFIER = com.xyj..OpenGLDemo;
				PRODUCT_NAME = "$(TARGET_NAME)";
				SWIFT_EMIT_LOC_STRINGS = YES;
			};
			name = Release;
		};
		301313C62876D2E700B25911 /* Debug */ = {
			isa = XCBuildConfiguration;
			buildSettings = {
				BUNDLE_LOADER = "$(TEST_HOST)";
				CODE_SIGN_STYLE = Automatic;
				CURRENT_PROJECT_VERSION = 1;
				DEVELOPMENT_TEAM = HCD5QY8Z43;
				GENERATE_INFOPLIST_FILE = YES;
				MACOSX_DEPLOYMENT_TARGET = 12.3;
				MARKETING_VERSION = 1.0;
				PRODUCT_BUNDLE_IDENTIFIER = com.xyj..OpenGLDemoTests;
				PRODUCT_NAME = "$(TARGET_NAME)";
				SWIFT_EMIT_LOC_STRINGS = NO;
				TEST_HOST = "$(BUILT_PRODUCTS_DIR)/OpenGLDemo.app/Contents/MacOS/OpenGLDemo";
			};
			name = Debug;
		};
		301313C72876D2E700B25911 /* Release */ = {
			isa = XCBuildConfiguration;
			buildSettings = {
				BUNDLE_LOADER = "$(TEST_HOST)";
				CODE_SIGN_STYLE = Automatic;
				CURRENT_PROJECT_VERSION = 1;
				DEVELOPMENT_TEAM = HCD5QY8Z43;
				GENERATE_INFOPLIST_FILE = YES;
				MACOSX_DEPLOYMENT_TARGET = 12.3;
				MARKETING_VERSION = 1.0;
				PRODUCT_BUNDLE_IDENTIFIER = com.xyj..OpenGLDemoTests;
				PRODUCT_NAME = "$(TARGET_NAME)";
				SWIFT_EMIT_LOC_STRINGS = NO;
				TEST_HOST = "$(BUILT_PRODUCTS_DIR)/OpenGLDemo.app/Contents/MacOS/OpenGLDemo";
			};
			name = Release;
		};
		301313C92876D2E700B25911 /* Debug */ = {
			isa = XCBuildConfiguration;
			buildSettings = {
				CODE_SIGN_STYLE = Automatic;
				CURRENT_PROJECT_VERSION = 1;
				DEVELOPMENT_TEAM = HCD5QY8Z43;
				GENERATE_INFOPLIST_FILE = YES;
				MARKETING_VERSION = 1.0;
				PRODUCT_BUNDLE_IDENTIFIER = com.xyj..OpenGLDemoUITests;
				PRODUCT_NAME = "$(TARGET_NAME)";
				SWIFT_EMIT_LOC_STRINGS = NO;
				TEST_TARGET_NAME = OpenGLDemo;
			};
			name = Debug;
		};
		301313CA2876D2E700B25911 /* Release */ = {
			isa = XCBuildConfiguration;
			buildSettings = {
				CODE_SIGN_STYLE = Automatic;
				CURRENT_PROJECT_VERSION = 1;
				DEVELOPMENT_TEAM = HCD5QY8Z43;
				GENERATE_INFOPLIST_FILE = YES;
				MARKETING_VERSION = 1.0;
				PRODUCT_BUNDLE_IDENTIFIER = com.xyj..OpenGLDemoUITests;
				PRODUCT_NAME = "$(TARGET_NAME)";
				SWIFT_EMIT_LOC_STRINGS = NO;
				TEST_TARGET_NAME = OpenGLDemo;
			};
			name = Release;
		};
/* End XCBuildConfiguration section */

/* Begin XCConfigurationList section */
		301313942876D2E600B25911 /* Build configuration list for PBXProject "OpenGLDemo" */ = {
			isa = XCConfigurationList;
			buildConfigurations = (
				301313C02876D2E700B25911 /* Debug */,
				301313C12876D2E700B25911 /* Release */,
			);
			defaultConfigurationIsVisible = 0;
			defaultConfigurationName = Release;
		};
		301313C22876D2E700B25911 /* Build configuration list for PBXNativeTarget "OpenGLDemo" */ = {
			isa = XCConfigurationList;
			buildConfigurations = (
				301313C32876D2E700B25911 /* Debug */,
				301313C42876D2E700B25911 /* Release */,
			);
			defaultConfigurationIsVisible = 0;
			defaultConfigurationName = Release;
		};
		301313C52876D2E700B25911 /* Build configuration list for PBXNativeTarget "OpenGLDemoTests" */ = {
			isa = XCConfigurationList;
			buildConfigurations = (
				301313C62876D2E700B25911 /* Debug */,
				301313C72876D2E700B25911 /* Release */,
			);
			defaultConfigurationIsVisible = 0;
			defaultConfigurationName = Release;
		};
		301313C82876D2E700B25911 /* Build configuration list for PBXNativeTarget "OpenGLDemoUITests" */ = {
			isa = XCConfigurationList;
			buildConfigurations = (
				301313C92876D2E700B25911 /* Debug */,
				301313CA2876D2E700B25911 /* Release */,
			);
			defaultConfigurationIsVisible = 0;
			defaultConfigurationName = Release;
		};
/* End XCConfigurationList section */
	};
	rootObject = 301313912876D2E600B25911 /* Project object */;
}
