// !$*UTF8*$!
{
	archiveVersion = 1;
	classes = {
	};
	objectVersion = 55;
	objects = {

/* Begin PBXBuildFile section */
		3037A14E290AB333007D02A4 /* AppDelegate.m in Sources */ = {isa = PBXBuildFile; fileRef = 3037A14D290AB333007D02A4 /* AppDelegate.m */; };
		3037A151290AB333007D02A4 /* SceneDelegate.m in Sources */ = {isa = PBXBuildFile; fileRef = 3037A150290AB333007D02A4 /* SceneDelegate.m */; };
		3037A154290AB333007D02A4 /* ViewController.m in Sources */ = {isa = PBXBuildFile; fileRef = 3037A153290AB333007D02A4 /* ViewController.m */; };
		3037A157290AB333007D02A4 /* Main.storyboard in Resources */ = {isa = PBXBuildFile; fileRef = 3037A155290AB333007D02A4 /* Main.storyboard */; };
		3037A159290AB334007D02A4 /* Assets.xcassets in Resources */ = {isa = PBXBuildFile; fileRef = 3037A158290AB334007D02A4 /* Assets.xcassets */; };
		3037A15C290AB334007D02A4 /* LaunchScreen.storyboard in Resources */ = {isa = PBXBuildFile; fileRef = 3037A15A290AB334007D02A4 /* LaunchScreen.storyboard */; };
		3037A15F290AB334007D02A4 /* main.m in Sources */ = {isa = PBXBuildFile; fileRef = 3037A15E290AB334007D02A4 /* main.m */; };
		70437953A2A9603138FE5427 /* libPods-NativeDemo.a in Frameworks */ = {isa = PBXBuildFile; fileRef = 5ACBAF1F1757773527D569F3 /* libPods-NativeDemo.a */; };
/* End PBXBuildFile section */

/* Begin PBXFileReference section */
		3037A149290AB333007D02A4 /* NativeDemo.app */ = {isa = PBXFileReference; explicitFileType = wrapper.application; includeInIndex = 0; path = NativeDemo.app; sourceTree = BUILT_PRODUCTS_DIR; };
		3037A14C290AB333007D02A4 /* AppDelegate.h */ = {isa = PBXFileReference; lastKnownFileType = sourcecode.c.h; path = AppDelegate.h; sourceTree = "<group>"; };
		3037A14D290AB333007D02A4 /* AppDelegate.m */ = {isa = PBXFileReference; lastKnownFileType = sourcecode.c.objc; path = AppDelegate.m; sourceTree = "<group>"; };
		3037A14F290AB333007D02A4 /* SceneDelegate.h */ = {isa = PBXFileReference; lastKnownFileType = sourcecode.c.h; path = SceneDelegate.h; sourceTree = "<group>"; };
		3037A150290AB333007D02A4 /* SceneDelegate.m */ = {isa = PBXFileReference; lastKnownFileType = sourcecode.c.objc; path = SceneDelegate.m; sourceTree = "<group>"; };
		3037A152290AB333007D02A4 /* ViewController.h */ = {isa = PBXFileReference; lastKnownFileType = sourcecode.c.h; path = ViewController.h; sourceTree = "<group>"; };
		3037A153290AB333007D02A4 /* ViewController.m */ = {isa = PBXFileReference; lastKnownFileType = sourcecode.c.objc; path = ViewController.m; sourceTree = "<group>"; };
		3037A156290AB333007D02A4 /* Base */ = {isa = PBXFileReference; lastKnownFileType = file.storyboard; name = Base; path = Base.lproj/Main.storyboard; sourceTree = "<group>"; };
		3037A158290AB334007D02A4 /* Assets.xcassets */ = {isa = PBXFileReference; lastKnownFileType = folder.assetcatalog; path = Assets.xcassets; sourceTree = "<group>"; };
		3037A15B290AB334007D02A4 /* Base */ = {isa = PBXFileReference; lastKnownFileType = file.storyboard; name = Base; path = Base.lproj/LaunchScreen.storyboard; sourceTree = "<group>"; };
		3037A15D290AB334007D02A4 /* Info.plist */ = {isa = PBXFileReference; lastKnownFileType = text.plist.xml; path = Info.plist; sourceTree = "<group>"; };
		3037A15E290AB334007D02A4 /* main.m */ = {isa = PBXFileReference; lastKnownFileType = sourcecode.c.objc; path = main.m; sourceTree = "<group>"; };
		5ACBAF1F1757773527D569F3 /* libPods-NativeDemo.a */ = {isa = PBXFileReference; explicitFileType = archive.ar; includeInIndex = 0; path = "libPods-NativeDemo.a"; sourceTree = BUILT_PRODUCTS_DIR; };
		AF98188549437E2F64433072 /* Pods-NativeDemo.release.xcconfig */ = {isa = PBXFileReference; includeInIndex = 1; lastKnownFileType = text.xcconfig; name = "Pods-NativeDemo.release.xcconfig"; path = "Target Support Files/Pods-NativeDemo/Pods-NativeDemo.release.xcconfig"; sourceTree = "<group>"; };
		DECE99951CF6EC1AF008DCBD /* Pods-NativeDemo.debug.xcconfig */ = {isa = PBXFileReference; includeInIndex = 1; lastKnownFileType = text.xcconfig; name = "Pods-NativeDemo.debug.xcconfig"; path = "Target Support Files/Pods-NativeDemo/Pods-NativeDemo.debug.xcconfig"; sourceTree = "<group>"; };
/* End PBXFileReference section */

/* Begin PBXFrameworksBuildPhase section */
		3037A146290AB333007D02A4 /* Frameworks */ = {
			isa = PBXFrameworksBuildPhase;
			buildActionMask = 2147483647;
			files = (
				70437953A2A9603138FE5427 /* libPods-NativeDemo.a in Frameworks */,
			);
			runOnlyForDeploymentPostprocessing = 0;
		};
/* End PBXFrameworksBuildPhase section */

/* Begin PBXGroup section */
		3037A140290AB333007D02A4 = {
			isa = PBXGroup;
			children = (
				3037A14B290AB333007D02A4 /* NativeDemo */,
				3037A14A290AB333007D02A4 /* Products */,
				D3C8B15CAC5A68DE3BE61FE8 /* Pods */,
				A8F8A53E6AC9C97A069EC133 /* Frameworks */,
			);
			sourceTree = "<group>";
		};
		3037A14A290AB333007D02A4 /* Products */ = {
			isa = PBXGroup;
			children = (
				3037A149290AB333007D02A4 /* NativeDemo.app */,
			);
			name = Products;
			sourceTree = "<group>";
		};
		3037A14B290AB333007D02A4 /* NativeDemo */ = {
			isa = PBXGroup;
			children = (
				3037A14C290AB333007D02A4 /* AppDelegate.h */,
				3037A14D290AB333007D02A4 /* AppDelegate.m */,
				3037A14F290AB333007D02A4 /* SceneDelegate.h */,
				3037A150290AB333007D02A4 /* SceneDelegate.m */,
				3037A152290AB333007D02A4 /* ViewController.h */,
				3037A153290AB333007D02A4 /* ViewController.m */,
				3037A155290AB333007D02A4 /* Main.storyboard */,
				3037A158290AB334007D02A4 /* Assets.xcassets */,
				3037A15A290AB334007D02A4 /* LaunchScreen.storyboard */,
				3037A15D290AB334007D02A4 /* Info.plist */,
				3037A15E290AB334007D02A4 /* main.m */,
			);
			path = NativeDemo;
			sourceTree = "<group>";
		};
		A8F8A53E6AC9C97A069EC133 /* Frameworks */ = {
			isa = PBXGroup;
			children = (
				5ACBAF1F1757773527D569F3 /* libPods-NativeDemo.a */,
			);
			name = Frameworks;
			sourceTree = "<group>";
		};
		D3C8B15CAC5A68DE3BE61FE8 /* Pods */ = {
			isa = PBXGroup;
			children = (
				DECE99951CF6EC1AF008DCBD /* Pods-NativeDemo.debug.xcconfig */,
				AF98188549437E2F64433072 /* Pods-NativeDemo.release.xcconfig */,
			);
			name = Pods;
			path = Pods;
			sourceTree = "<group>";
		};
/* End PBXGroup section */

/* Begin PBXNativeTarget section */
		3037A148290AB333007D02A4 /* NativeDemo */ = {
			isa = PBXNativeTarget;
			buildConfigurationList = 3037A162290AB334007D02A4 /* Build configuration list for PBXNativeTarget "NativeDemo" */;
			buildPhases = (
				161E49119C1DD7B4C5792821 /* [CP] Check Pods Manifest.lock */,
				5D6201D96B51DE8D0E71960E /* [CP-User] Run Flutter Build flutter_module Script */,
				3037A145290AB333007D02A4 /* Sources */,
				3037A146290AB333007D02A4 /* Frameworks */,
				3037A147290AB333007D02A4 /* Resources */,
				CCFC56FC4D1DFADE0A834CB4 /* [CP-User] Embed Flutter Build flutter_module Script */,
			);
			buildRules = (
			);
			dependencies = (
			);
			name = NativeDemo;
			productName = NativeDemo;
			productReference = 3037A149290AB333007D02A4 /* NativeDemo.app */;
			productType = "com.apple.product-type.application";
		};
/* End PBXNativeTarget section */

/* Begin PBXProject section */
		3037A141290AB333007D02A4 /* Project object */ = {
			isa = PBXProject;
			attributes = {
				BuildIndependentTargetsInParallel = 1;
				LastUpgradeCheck = 1400;
				TargetAttributes = {
					3037A148290AB333007D02A4 = {
						CreatedOnToolsVersion = 14.0.1;
					};
				};
			};
			buildConfigurationList = 3037A144290AB333007D02A4 /* Build configuration list for PBXProject "NativeDemo" */;
			compatibilityVersion = "Xcode 13.0";
			developmentRegion = en;
			hasScannedForEncodings = 0;
			knownRegions = (
				en,
				Base,
			);
			mainGroup = 3037A140290AB333007D02A4;
			productRefGroup = 3037A14A290AB333007D02A4 /* Products */;
			projectDirPath = "";
			projectRoot = "";
			targets = (
				3037A148290AB333007D02A4 /* NativeDemo */,
			);
		};
/* End PBXProject section */

/* Begin PBXResourcesBuildPhase section */
		3037A147290AB333007D02A4 /* Resources */ = {
			isa = PBXResourcesBuildPhase;
			buildActionMask = 2147483647;
			files = (
				3037A15C290AB334007D02A4 /* LaunchScreen.storyboard in Resources */,
				3037A159290AB334007D02A4 /* Assets.xcassets in Resources */,
				3037A157290AB333007D02A4 /* Main.storyboard in Resources */,
			);
			runOnlyForDeploymentPostprocessing = 0;
		};
/* End PBXResourcesBuildPhase section */

/* Begin PBXShellScriptBuildPhase section */
		161E49119C1DD7B4C5792821 /* [CP] Check Pods Manifest.lock */ = {
			isa = PBXShellScriptBuildPhase;
			buildActionMask = 2147483647;
			files = (
			);
			inputFileListPaths = (
			);
			inputPaths = (
				"${PODS_PODFILE_DIR_PATH}/Podfile.lock",
				"${PODS_ROOT}/Manifest.lock",
			);
			name = "[CP] Check Pods Manifest.lock";
			outputFileListPaths = (
			);
			outputPaths = (
				"$(DERIVED_FILE_DIR)/Pods-NativeDemo-checkManifestLockResult.txt",
			);
			runOnlyForDeploymentPostprocessing = 0;
			shellPath = /bin/sh;
			shellScript = "diff \"${PODS_PODFILE_DIR_PATH}/Podfile.lock\" \"${PODS_ROOT}/Manifest.lock\" > /dev/null\nif [ $? != 0 ] ; then\n    # print error to STDERR\n    echo \"error: The sandbox is not in sync with the Podfile.lock. Run 'pod install' or update your CocoaPods installation.\" >&2\n    exit 1\nfi\n# This output is used by Xcode 'outputs' to avoid re-running this script phase.\necho \"SUCCESS\" > \"${SCRIPT_OUTPUT_FILE_0}\"\n";
			showEnvVarsInLog = 0;
		};
		5D6201D96B51DE8D0E71960E /* [CP-User] Run Flutter Build flutter_module Script */ = {
			isa = PBXShellScriptBuildPhase;
			buildActionMask = 2147483647;
			files = (
			);
			name = "[CP-User] Run Flutter Build flutter_module Script";
			runOnlyForDeploymentPostprocessing = 0;
			shellPath = /bin/sh;
			shellScript = "set -e\nset -u\nsource \"${SRCROOT}/../flutter_module/.ios/Flutter/flutter_export_environment.sh\"\nexport VERBOSE_SCRIPT_LOGGING=1 && \"$FLUTTER_ROOT\"/packages/flutter_tools/bin/xcode_backend.sh build";
		};
		CCFC56FC4D1DFADE0A834CB4 /* [CP-User] Embed Flutter Build flutter_module Script */ = {
			isa = PBXShellScriptBuildPhase;
			buildActionMask = 2147483647;
			files = (
			);
			name = "[CP-User] Embed Flutter Build flutter_module Script";
			runOnlyForDeploymentPostprocessing = 0;
			shellPath = /bin/sh;
			shellScript = "set -e\nset -u\nsource \"${SRCROOT}/../flutter_module/.ios/Flutter/flutter_export_environment.sh\"\nexport VERBOSE_SCRIPT_LOGGING=1 && \"$FLUTTER_ROOT\"/packages/flutter_tools/bin/xcode_backend.sh embed_and_thin";
		};
/* End PBXShellScriptBuildPhase section */

/* Begin PBXSourcesBuildPhase section */
		3037A145290AB333007D02A4 /* Sources */ = {
			isa = PBXSourcesBuildPhase;
			buildActionMask = 2147483647;
			files = (
				3037A154290AB333007D02A4 /* ViewController.m in Sources */,
				3037A14E290AB333007D02A4 /* AppDelegate.m in Sources */,
				3037A15F290AB334007D02A4 /* main.m in Sources */,
				3037A151290AB333007D02A4 /* SceneDelegate.m in Sources */,
			);
			runOnlyForDeploymentPostprocessing = 0;
		};
/* End PBXSourcesBuildPhase section */

/* Begin PBXVariantGroup section */
		3037A155290AB333007D02A4 /* Main.storyboard */ = {
			isa = PBXVariantGroup;
			children = (
				3037A156290AB333007D02A4 /* Base */,
			);
			name = Main.storyboard;
			sourceTree = "<group>";
		};
		3037A15A290AB334007D02A4 /* LaunchScreen.storyboard */ = {
			isa = PBXVariantGroup;
			children = (
				3037A15B290AB334007D02A4 /* Base */,
			);
			name = LaunchScreen.storyboard;
			sourceTree = "<group>";
		};
/* End PBXVariantGroup section */

/* Begin XCBuildConfiguration section */
		3037A160290AB334007D02A4 /* Debug */ = {
			isa = XCBuildConfiguration;
			buildSettings = {
				ALWAYS_SEARCH_USER_PATHS = NO;
				CLANG_ANALYZER_NONNULL = YES;
				CLANG_ANALYZER_NUMBER_OBJECT_CONVERSION = YES_AGGRESSIVE;
				CLANG_CXX_LANGUAGE_STANDARD = "gnu++20";
				CLANG_ENABLE_MODULES = YES;
				CLANG_ENABLE_OBJC_ARC = YES;
				CLANG_ENABLE_OBJC_WEAK = YES;
				CLANG_WARN_BLOCK_CAPTURE_AUTORELEASING = YES;
				CLANG_WARN_BOOL_CONVERSION = YES;
				CLANG_WARN_COMMA = YES;
				CLANG_WARN_CONSTANT_CONVERSION = YES;
				CLANG_WARN_DEPRECATED_OBJC_IMPLEMENTATIONS = YES;
				CLANG_WARN_DIRECT_OBJC_ISA_USAGE = YES_ERROR;
				CLANG_WARN_DOCUMENTATION_COMMENTS = YES;
				CLANG_WARN_EMPTY_BODY = YES;
				CLANG_WARN_ENUM_CONVERSION = YES;
				CLANG_WARN_INFINITE_RECURSION = YES;
				CLANG_WARN_INT_CONVERSION = YES;
				CLANG_WARN_NON_LITERAL_NULL_CONVERSION = YES;
				CLANG_WARN_OBJC_IMPLICIT_RETAIN_SELF = YES;
				CLANG_WARN_OBJC_LITERAL_CONVERSION = YES;
				CLANG_WARN_OBJC_ROOT_CLASS = YES_ERROR;
				CLANG_WARN_QUOTED_INCLUDE_IN_FRAMEWORK_HEADER = YES;
				CLANG_WARN_RANGE_LOOP_ANALYSIS = YES;
				CLANG_WARN_STRICT_PROTOTYPES = YES;
				CLANG_WARN_SUSPICIOUS_MOVE = YES;
				CLANG_WARN_UNGUARDED_AVAILABILITY = YES_AGGRESSIVE;
				CLANG_WARN_UNREACHABLE_CODE = YES;
				CLANG_WARN__DUPLICATE_METHOD_MATCH = YES;
				COPY_PHASE_STRIP = NO;
				DEBUG_INFORMATION_FORMAT = dwarf;
				ENABLE_STRICT_OBJC_MSGSEND = YES;
				ENABLE_TESTABILITY = YES;
				GCC_C_LANGUAGE_STANDARD = gnu11;
				GCC_DYNAMIC_NO_PIC = NO;
				GCC_NO_COMMON_BLOCKS = YES;
				GCC_OPTIMIZATION_LEVEL = 0;
				GCC_PREPROCESSOR_DEFINITIONS = (
					"DEBUG=1",
					"$(inherited)",
				);
				GCC_WARN_64_TO_32_BIT_CONVERSION = YES;
				GCC_WARN_ABOUT_RETURN_TYPE = YES_ERROR;
				GCC_WARN_UNDECLARED_SELECTOR = YES;
				GCC_WARN_UNINITIALIZED_AUTOS = YES_AGGRESSIVE;
				GCC_WARN_UNUSED_FUNCTION = YES;
				GCC_WARN_UNUSED_VARIABLE = YES;
				IPHONEOS_DEPLOYMENT_TARGET = 16.0;
				MTL_ENABLE_DEBUG_INFO = INCLUDE_SOURCE;
				MTL_FAST_MATH = YES;
				ONLY_ACTIVE_ARCH = YES;
				SDKROOT = iphoneos;
			};
			name = Debug;
		};
		3037A161290AB334007D02A4 /* Release */ = {
			isa = XCBuildConfiguration;
			buildSettings = {
				ALWAYS_SEARCH_USER_PATHS = NO;
				CLANG_ANALYZER_NONNULL = YES;
				CLANG_ANALYZER_NUMBER_OBJECT_CONVERSION = YES_AGGRESSIVE;
				CLANG_CXX_LANGUAGE_STANDARD = "gnu++20";
				CLANG_ENABLE_MODULES = YES;
				CLANG_ENABLE_OBJC_ARC = YES;
				CLANG_ENABLE_OBJC_WEAK = YES;
				CLANG_WARN_BLOCK_CAPTURE_AUTORELEASING = YES;
				CLANG_WARN_BOOL_CONVERSION = YES;
				CLANG_WARN_COMMA = YES;
				CLANG_WARN_CONSTANT_CONVERSION = YES;
				CLANG_WARN_DEPRECATED_OBJC_IMPLEMENTATIONS = YES;
				CLANG_WARN_DIRECT_OBJC_ISA_USAGE = YES_ERROR;
				CLANG_WARN_DOCUMENTATION_COMMENTS = YES;
				CLANG_WARN_EMPTY_BODY = YES;
				CLANG_WARN_ENUM_CONVERSION = YES;
				CLANG_WARN_INFINITE_RECURSION = YES;
				CLANG_WARN_INT_CONVERSION = YES;
				CLANG_WARN_NON_LITERAL_NULL_CONVERSION = YES;
				CLANG_WARN_OBJC_IMPLICIT_RETAIN_SELF = YES;
				CLANG_WARN_OBJC_LITERAL_CONVERSION = YES;
				CLANG_WARN_OBJC_ROOT_CLASS = YES_ERROR;
				CLANG_WARN_QUOTED_INCLUDE_IN_FRAMEWORK_HEADER = YES;
				CLANG_WARN_RANGE_LOOP_ANALYSIS = YES;
				CLANG_WARN_STRICT_PROTOTYPES = YES;
				CLANG_WARN_SUSPICIOUS_MOVE = YES;
				CLANG_WARN_UNGUARDED_AVAILABILITY = YES_AGGRESSIVE;
				CLANG_WARN_UNREACHABLE_CODE = YES;
				CLANG_WARN__DUPLICATE_METHOD_MATCH = YES;
				COPY_PHASE_STRIP = NO;
				DEBUG_INFORMATION_FORMAT = "dwarf-with-dsym";
				ENABLE_NS_ASSERTIONS = NO;
				ENABLE_STRICT_OBJC_MSGSEND = YES;
				GCC_C_LANGUAGE_STANDARD = gnu11;
				GCC_NO_COMMON_BLOCKS = YES;
				GCC_WARN_64_TO_32_BIT_CONVERSION = YES;
				GCC_WARN_ABOUT_RETURN_TYPE = YES_ERROR;
				GCC_WARN_UNDECLARED_SELECTOR = YES;
				GCC_WARN_UNINITIALIZED_AUTOS = YES_AGGRESSIVE;
				GCC_WARN_UNUSED_FUNCTION = YES;
				GCC_WARN_UNUSED_VARIABLE = YES;
				IPHONEOS_DEPLOYMENT_TARGET = 16.0;
				MTL_ENABLE_DEBUG_INFO = NO;
				MTL_FAST_MATH = YES;
				SDKROOT = iphoneos;
				VALIDATE_PRODUCT = YES;
			};
			name = Release;
		};
		3037A163290AB334007D02A4 /* Debug */ = {
			isa = XCBuildConfiguration;
			baseConfigurationReference = DECE99951CF6EC1AF008DCBD /* Pods-NativeDemo.debug.xcconfig */;
			buildSettings = {
				ASSETCATALOG_COMPILER_APPICON_NAME = AppIcon;
				ASSETCATALOG_COMPILER_GLOBAL_ACCENT_COLOR_NAME = AccentColor;
				CODE_SIGN_STYLE = Automatic;
				CURRENT_PROJECT_VERSION = 1;
				DEVELOPMENT_TEAM = H6FNQWD7A9;
				GENERATE_INFOPLIST_FILE = YES;
				INFOPLIST_FILE = NativeDemo/Info.plist;
				INFOPLIST_KEY_UIApplicationSupportsIndirectInputEvents = YES;
				INFOPLIST_KEY_UILaunchStoryboardName = LaunchScreen;
				INFOPLIST_KEY_UIMainStoryboardFile = Main;
				INFOPLIST_KEY_UISupportedInterfaceOrientations_iPad = "UIInterfaceOrientationPortrait UIInterfaceOrientationPortraitUpsideDown UIInterfaceOrientationLandscapeLeft UIInterfaceOrientationLandscapeRight";
				INFOPLIST_KEY_UISupportedInterfaceOrientations_iPhone = "UIInterfaceOrientationPortrait UIInterfaceOrientationLandscapeLeft UIInterfaceOrientationLandscapeRight";
				LD_RUNPATH_SEARCH_PATHS = (
					"$(inherited)",
					"@executable_path/Frameworks",
				);
				MARKETING_VERSION = 1.0;
				PRODUCT_BUNDLE_IDENTIFIER = com.cnabc.flutter.NativeDemo;
				PRODUCT_NAME = "$(TARGET_NAME)";
				SWIFT_EMIT_LOC_STRINGS = YES;
				TARGETED_DEVICE_FAMILY = "1,2";
			};
			name = Debug;
		};
		3037A164290AB334007D02A4 /* Release */ = {
			isa = XCBuildConfiguration;
			baseConfigurationReference = AF98188549437E2F64433072 /* Pods-NativeDemo.release.xcconfig */;
			buildSettings = {
				ASSETCATALOG_COMPILER_APPICON_NAME = AppIcon;
				ASSETCATALOG_COMPILER_GLOBAL_ACCENT_COLOR_NAME = AccentColor;
				CODE_SIGN_STYLE = Automatic;
				CURRENT_PROJECT_VERSION = 1;
				DEVELOPMENT_TEAM = H6FNQWD7A9;
				GENERATE_INFOPLIST_FILE = YES;
				INFOPLIST_FILE = NativeDemo/Info.plist;
				INFOPLIST_KEY_UIApplicationSupportsIndirectInputEvents = YES;
				INFOPLIST_KEY_UILaunchStoryboardName = LaunchScreen;
				INFOPLIST_KEY_UIMainStoryboardFile = Main;
				INFOPLIST_KEY_UISupportedInterfaceOrientations_iPad = "UIInterfaceOrientationPortrait UIInterfaceOrientationPortraitUpsideDown UIInterfaceOrientationLandscapeLeft UIInterfaceOrientationLandscapeRight";
				INFOPLIST_KEY_UISupportedInterfaceOrientations_iPhone = "UIInterfaceOrientationPortrait UIInterfaceOrientationLandscapeLeft UIInterfaceOrientationLandscapeRight";
				LD_RUNPATH_SEARCH_PATHS = (
					"$(inherited)",
					"@executable_path/Frameworks",
				);
				MARKETING_VERSION = 1.0;
				PRODUCT_BUNDLE_IDENTIFIER = com.cnabc.flutter.NativeDemo;
				PRODUCT_NAME = "$(TARGET_NAME)";
				SWIFT_EMIT_LOC_STRINGS = YES;
				TARGETED_DEVICE_FAMILY = "1,2";
			};
			name = Release;
		};
/* End XCBuildConfiguration section */

/* Begin XCConfigurationList section */
		3037A144290AB333007D02A4 /* Build configuration list for PBXProject "NativeDemo" */ = {
			isa = XCConfigurationList;
			buildConfigurations = (
				3037A160290AB334007D02A4 /* Debug */,
				3037A161290AB334007D02A4 /* Release */,
			);
			defaultConfigurationIsVisible = 0;
			defaultConfigurationName = Release;
		};
		3037A162290AB334007D02A4 /* Build configuration list for PBXNativeTarget "NativeDemo" */ = {
			isa = XCConfigurationList;
			buildConfigurations = (
				3037A163290AB334007D02A4 /* Debug */,
				3037A164290AB334007D02A4 /* Release */,
			);
			defaultConfigurationIsVisible = 0;
			defaultConfigurationName = Release;
		};
/* End XCConfigurationList section */
	};
	rootObject = 3037A141290AB333007D02A4 /* Project object */;
}
